Microsoft Visual Studio Solution File, Format Version 12.00
# Visual Studio 2013
VisualStudioVersion = 12.0.21005.1
MinimumVisualStudioVersion = 10.0.40219.1
Project("{FAE04EC0-301F-11D3-BF4B-00C04F79EFBC}") = "Microsoft.WindowsAzure.Mobile.JS", "src\Microsoft.WindowsAzure.Mobile.JS.csproj", "{0D39CF6F-4884-4D43-8744-2CEB723629C8}"
EndProject
Project("{2150E333-8FDC-42A3-9474-1A3956D46DE8}") = "src", "src", "{2BDD39FE-2E9F-4B97-8173-02037CF765AA}"
EndProject
Project("{2150E333-8FDC-42A3-9474-1A3956D46DE8}") = "test", "test", "{F52A1420-8C01-42ED-8EF2-71F83EE49A87}"
EndProject
Project("{262852C6-CD72-467D-83FE-5EEB1973A190}") = "Microsoft.WindowsAzure.Mobile.WinJS.Test", "test\winJS\Microsoft.WindowsAzure.Mobile.WinJS.Test.jsproj", "{96B18D27-DFF3-47A2-835B-EF1E6AF1A39C}"
	ProjectSection(ProjectDependencies) = postProject
		{0D39CF6F-4884-4D43-8744-2CEB723629C8} = {0D39CF6F-4884-4D43-8744-2CEB723629C8}
	EndProjectSection
EndProject
Project("{FAE04EC0-301F-11D3-BF4B-00C04F79EFBC}") = "Microsoft.WindowsAzure.Mobile.WinJS.TestFramework", "test\framework\Microsoft.WindowsAzure.Mobile.WinJS.TestFramework.csproj", "{6445515D-9E58-4812-BAD6-BC81DAF1C0EE}"
EndProject
Project("{2150E333-8FDC-42A3-9474-1A3956D46DE8}") = "tools", "tools", "{8F22488F-603B-4BA2-9AA0-DBC7D4487978}"
EndProject
Project("{FAE04EC0-301F-11D3-BF4B-00C04F79EFBC}") = "Microsoft.Azure.Zumo.Web.Test", "test\web\Microsoft.Azure.Zumo.Web.Test.csproj", "{5AA504E2-10A2-4179-9645-47E5CF857DDF}"
	ProjectSection(ProjectDependencies) = postProject
		{0D39CF6F-4884-4D43-8744-2CEB723629C8} = {0D39CF6F-4884-4D43-8744-2CEB723629C8}
	EndProjectSection
EndProject
Project("{2150E333-8FDC-42A3-9474-1A3956D46DE8}") = "Solution Items", "Solution Items", "{B7E1D498-5891-43F0-80A6-6DE18515433C}"
	ProjectSection(SolutionItems) = preProject
		gruntfile.js = gruntfile.js
		package.json = package.json
	EndProjectSection
EndProject
Global
	GlobalSection(SolutionConfigurationPlatforms) = preSolution
		BuildTools|Any CPU = BuildTools|Any CPU
		BuildTools|ARM = BuildTools|ARM
		BuildTools|x64 = BuildTools|x64
		BuildTools|x86 = BuildTools|x86
		Debug|Any CPU = Debug|Any CPU
		Debug|ARM = Debug|ARM
		Debug|x64 = Debug|x64
		Debug|x86 = Debug|x86
		Release|Any CPU = Release|Any CPU
		Release|ARM = Release|ARM
		Release|x64 = Release|x64
		Release|x86 = Release|x86
		Signed|Any CPU = Signed|Any CPU
		Signed|ARM = Signed|ARM
		Signed|x64 = Signed|x64
		Signed|x86 = Signed|x86
	EndGlobalSection
	GlobalSection(ProjectConfigurationPlatforms) = postSolution
		{0D39CF6F-4884-4D43-8744-2CEB723629C8}.BuildTools|Any CPU.ActiveCfg = BuildTools|Any CPU
		{0D39CF6F-4884-4D43-8744-2CEB723629C8}.BuildTools|ARM.ActiveCfg = BuildTools|ARM
		{0D39CF6F-4884-4D43-8744-2CEB723629C8}.BuildTools|ARM.Build.0 = BuildTools|ARM
		{0D39CF6F-4884-4D43-8744-2CEB723629C8}.BuildTools|x64.ActiveCfg = BuildTools|x64
		{0D39CF6F-4884-4D43-8744-2CEB723629C8}.BuildTools|x64.Build.0 = BuildTools|x64
		{0D39CF6F-4884-4D43-8744-2CEB723629C8}.BuildTools|x86.ActiveCfg = BuildTools|x86
		{0D39CF6F-4884-4D43-8744-2CEB723629C8}.BuildTools|x86.Build.0 = BuildTools|x86
		{0D39CF6F-4884-4D43-8744-2CEB723629C8}.Debug|Any CPU.ActiveCfg = Debug|Any CPU
		{0D39CF6F-4884-4D43-8744-2CEB723629C8}.Debug|Any CPU.Build.0 = Debug|Any CPU
		{0D39CF6F-4884-4D43-8744-2CEB723629C8}.Debug|ARM.ActiveCfg = Debug|ARM
		{0D39CF6F-4884-4D43-8744-2CEB723629C8}.Debug|ARM.Build.0 = Debug|ARM
		{0D39CF6F-4884-4D43-8744-2CEB723629C8}.Debug|x64.ActiveCfg = Debug|x64
		{0D39CF6F-4884-4D43-8744-2CEB723629C8}.Debug|x64.Build.0 = Debug|x64
		{0D39CF6F-4884-4D43-8744-2CEB723629C8}.Debug|x86.ActiveCfg = Debug|x86
		{0D39CF6F-4884-4D43-8744-2CEB723629C8}.Debug|x86.Build.0 = Debug|x86
		{0D39CF6F-4884-4D43-8744-2CEB723629C8}.Release|Any CPU.ActiveCfg = Release|Any CPU
		{0D39CF6F-4884-4D43-8744-2CEB723629C8}.Release|Any CPU.Build.0 = Release|Any CPU
		{0D39CF6F-4884-4D43-8744-2CEB723629C8}.Release|ARM.ActiveCfg = Release|ARM
		{0D39CF6F-4884-4D43-8744-2CEB723629C8}.Release|ARM.Build.0 = Release|ARM
		{0D39CF6F-4884-4D43-8744-2CEB723629C8}.Release|x64.ActiveCfg = Release|x64
		{0D39CF6F-4884-4D43-8744-2CEB723629C8}.Release|x64.Build.0 = Release|x64
		{0D39CF6F-4884-4D43-8744-2CEB723629C8}.Release|x86.ActiveCfg = Release|x86
		{0D39CF6F-4884-4D43-8744-2CEB723629C8}.Release|x86.Build.0 = Release|x86
		{0D39CF6F-4884-4D43-8744-2CEB723629C8}.Signed|Any CPU.ActiveCfg = Release|Any CPU
		{0D39CF6F-4884-4D43-8744-2CEB723629C8}.Signed|Any CPU.Build.0 = Release|Any CPU
		{0D39CF6F-4884-4D43-8744-2CEB723629C8}.Signed|ARM.ActiveCfg = Release|ARM
		{0D39CF6F-4884-4D43-8744-2CEB723629C8}.Signed|ARM.Build.0 = Release|ARM
		{0D39CF6F-4884-4D43-8744-2CEB723629C8}.Signed|x64.ActiveCfg = Release|x64
		{0D39CF6F-4884-4D43-8744-2CEB723629C8}.Signed|x64.Build.0 = Release|x64
		{0D39CF6F-4884-4D43-8744-2CEB723629C8}.Signed|x86.ActiveCfg = Release|x86
		{0D39CF6F-4884-4D43-8744-2CEB723629C8}.Signed|x86.Build.0 = Release|x86
		{96B18D27-DFF3-47A2-835B-EF1E6AF1A39C}.BuildTools|Any CPU.ActiveCfg = BuildTools|Any CPU
		{96B18D27-DFF3-47A2-835B-EF1E6AF1A39C}.BuildTools|ARM.ActiveCfg = BuildTools|ARM
		{96B18D27-DFF3-47A2-835B-EF1E6AF1A39C}.BuildTools|ARM.Build.0 = BuildTools|ARM
		{96B18D27-DFF3-47A2-835B-EF1E6AF1A39C}.BuildTools|ARM.Deploy.0 = BuildTools|ARM
		{96B18D27-DFF3-47A2-835B-EF1E6AF1A39C}.BuildTools|x64.ActiveCfg = BuildTools|x64
		{96B18D27-DFF3-47A2-835B-EF1E6AF1A39C}.BuildTools|x64.Build.0 = BuildTools|x64
		{96B18D27-DFF3-47A2-835B-EF1E6AF1A39C}.BuildTools|x64.Deploy.0 = BuildTools|x64
		{96B18D27-DFF3-47A2-835B-EF1E6AF1A39C}.BuildTools|x86.ActiveCfg = BuildTools|x86
		{96B18D27-DFF3-47A2-835B-EF1E6AF1A39C}.BuildTools|x86.Build.0 = BuildTools|x86
		{96B18D27-DFF3-47A2-835B-EF1E6AF1A39C}.BuildTools|x86.Deploy.0 = BuildTools|x86
		{96B18D27-DFF3-47A2-835B-EF1E6AF1A39C}.Debug|Any CPU.ActiveCfg = Debug|Any CPU
		{96B18D27-DFF3-47A2-835B-EF1E6AF1A39C}.Debug|Any CPU.Build.0 = Debug|Any CPU
		{96B18D27-DFF3-47A2-835B-EF1E6AF1A39C}.Debug|Any CPU.Deploy.0 = Debug|Any CPU
		{96B18D27-DFF3-47A2-835B-EF1E6AF1A39C}.Debug|ARM.ActiveCfg = Debug|ARM
		{96B18D27-DFF3-47A2-835B-EF1E6AF1A39C}.Debug|ARM.Build.0 = Debug|ARM
		{96B18D27-DFF3-47A2-835B-EF1E6AF1A39C}.Debug|ARM.Deploy.0 = Debug|ARM
		{96B18D27-DFF3-47A2-835B-EF1E6AF1A39C}.Debug|x64.ActiveCfg = Debug|x64
		{96B18D27-DFF3-47A2-835B-EF1E6AF1A39C}.Debug|x64.Build.0 = Debug|x64
		{96B18D27-DFF3-47A2-835B-EF1E6AF1A39C}.Debug|x64.Deploy.0 = Debug|x64
		{96B18D27-DFF3-47A2-835B-EF1E6AF1A39C}.Debug|x86.ActiveCfg = Debug|x86
		{96B18D27-DFF3-47A2-835B-EF1E6AF1A39C}.Debug|x86.Build.0 = Debug|x86
		{96B18D27-DFF3-47A2-835B-EF1E6AF1A39C}.Debug|x86.Deploy.0 = Debug|x86
		{96B18D27-DFF3-47A2-835B-EF1E6AF1A39C}.Release|Any CPU.ActiveCfg = Release|Any CPU
		{96B18D27-DFF3-47A2-835B-EF1E6AF1A39C}.Release|Any CPU.Build.0 = Release|Any CPU
		{96B18D27-DFF3-47A2-835B-EF1E6AF1A39C}.Release|Any CPU.Deploy.0 = Release|Any CPU
		{96B18D27-DFF3-47A2-835B-EF1E6AF1A39C}.Release|ARM.ActiveCfg = Release|ARM
		{96B18D27-DFF3-47A2-835B-EF1E6AF1A39C}.Release|ARM.Build.0 = Release|ARM
		{96B18D27-DFF3-47A2-835B-EF1E6AF1A39C}.Release|ARM.Deploy.0 = Release|ARM
		{96B18D27-DFF3-47A2-835B-EF1E6AF1A39C}.Release|x64.ActiveCfg = Release|x64
		{96B18D27-DFF3-47A2-835B-EF1E6AF1A39C}.Release|x64.Build.0 = Release|x64
		{96B18D27-DFF3-47A2-835B-EF1E6AF1A39C}.Release|x64.Deploy.0 = Release|x64
		{96B18D27-DFF3-47A2-835B-EF1E6AF1A39C}.Release|x86.ActiveCfg = Release|x86
		{96B18D27-DFF3-47A2-835B-EF1E6AF1A39C}.Release|x86.Build.0 = Release|x86
		{96B18D27-DFF3-47A2-835B-EF1E6AF1A39C}.Release|x86.Deploy.0 = Release|x86
		{96B18D27-DFF3-47A2-835B-EF1E6AF1A39C}.Signed|Any CPU.ActiveCfg = Debug|Any CPU
		{96B18D27-DFF3-47A2-835B-EF1E6AF1A39C}.Signed|Any CPU.Build.0 = Debug|Any CPU
		{96B18D27-DFF3-47A2-835B-EF1E6AF1A39C}.Signed|Any CPU.Deploy.0 = Debug|Any CPU
		{96B18D27-DFF3-47A2-835B-EF1E6AF1A39C}.Signed|ARM.ActiveCfg = Release|ARM
		{96B18D27-DFF3-47A2-835B-EF1E6AF1A39C}.Signed|ARM.Build.0 = Release|ARM
		{96B18D27-DFF3-47A2-835B-EF1E6AF1A39C}.Signed|ARM.Deploy.0 = Release|ARM
		{96B18D27-DFF3-47A2-835B-EF1E6AF1A39C}.Signed|x64.ActiveCfg = Release|x64
		{96B18D27-DFF3-47A2-835B-EF1E6AF1A39C}.Signed|x64.Build.0 = Release|x64
		{96B18D27-DFF3-47A2-835B-EF1E6AF1A39C}.Signed|x64.Deploy.0 = Release|x64
		{96B18D27-DFF3-47A2-835B-EF1E6AF1A39C}.Signed|x86.ActiveCfg = Release|x86
		{96B18D27-DFF3-47A2-835B-EF1E6AF1A39C}.Signed|x86.Build.0 = Release|x86
		{96B18D27-DFF3-47A2-835B-EF1E6AF1A39C}.Signed|x86.Deploy.0 = Release|x86
		{6445515D-9E58-4812-BAD6-BC81DAF1C0EE}.BuildTools|Any CPU.ActiveCfg = BuildTools|Any CPU
		{6445515D-9E58-4812-BAD6-BC81DAF1C0EE}.BuildTools|ARM.ActiveCfg = BuildTools|ARM
		{6445515D-9E58-4812-BAD6-BC81DAF1C0EE}.BuildTools|ARM.Build.0 = BuildTools|ARM
		{6445515D-9E58-4812-BAD6-BC81DAF1C0EE}.BuildTools|x64.ActiveCfg = BuildTools|x64
		{6445515D-9E58-4812-BAD6-BC81DAF1C0EE}.BuildTools|x64.Build.0 = BuildTools|x64
		{6445515D-9E58-4812-BAD6-BC81DAF1C0EE}.BuildTools|x86.ActiveCfg = BuildTools|x86
		{6445515D-9E58-4812-BAD6-BC81DAF1C0EE}.BuildTools|x86.Build.0 = BuildTools|x86
		{6445515D-9E58-4812-BAD6-BC81DAF1C0EE}.Debug|Any CPU.ActiveCfg = Debug|Any CPU
		{6445515D-9E58-4812-BAD6-BC81DAF1C0EE}.Debug|Any CPU.Build.0 = Debug|Any CPU
		{6445515D-9E58-4812-BAD6-BC81DAF1C0EE}.Debug|ARM.ActiveCfg = Debug|ARM
		{6445515D-9E58-4812-BAD6-BC81DAF1C0EE}.Debug|ARM.Build.0 = Debug|ARM
		{6445515D-9E58-4812-BAD6-BC81DAF1C0EE}.Debug|x64.ActiveCfg = Debug|x64
		{6445515D-9E58-4812-BAD6-BC81DAF1C0EE}.Debug|x64.Build.0 = Debug|x64
		{6445515D-9E58-4812-BAD6-BC81DAF1C0EE}.Debug|x86.ActiveCfg = Debug|x86
		{6445515D-9E58-4812-BAD6-BC81DAF1C0EE}.Debug|x86.Build.0 = Debug|x86
		{6445515D-9E58-4812-BAD6-BC81DAF1C0EE}.Release|Any CPU.ActiveCfg = Release|Any CPU
		{6445515D-9E58-4812-BAD6-BC81DAF1C0EE}.Release|Any CPU.Build.0 = Release|Any CPU
		{6445515D-9E58-4812-BAD6-BC81DAF1C0EE}.Release|ARM.ActiveCfg = Release|ARM
		{6445515D-9E58-4812-BAD6-BC81DAF1C0EE}.Release|ARM.Build.0 = Release|ARM
		{6445515D-9E58-4812-BAD6-BC81DAF1C0EE}.Release|x64.ActiveCfg = Release|x64
		{6445515D-9E58-4812-BAD6-BC81DAF1C0EE}.Release|x64.Build.0 = Release|x64
		{6445515D-9E58-4812-BAD6-BC81DAF1C0EE}.Release|x86.ActiveCfg = Release|x86
		{6445515D-9E58-4812-BAD6-BC81DAF1C0EE}.Release|x86.Build.0 = Release|x86
		{6445515D-9E58-4812-BAD6-BC81DAF1C0EE}.Signed|Any CPU.ActiveCfg = Signed|Any CPU
		{6445515D-9E58-4812-BAD6-BC81DAF1C0EE}.Signed|Any CPU.Build.0 = Signed|Any CPU
		{6445515D-9E58-4812-BAD6-BC81DAF1C0EE}.Signed|ARM.ActiveCfg = Signed|ARM
		{6445515D-9E58-4812-BAD6-BC81DAF1C0EE}.Signed|ARM.Build.0 = Signed|ARM
		{6445515D-9E58-4812-BAD6-BC81DAF1C0EE}.Signed|x64.ActiveCfg = Signed|x64
		{6445515D-9E58-4812-BAD6-BC81DAF1C0EE}.Signed|x64.Build.0 = Signed|x64
		{6445515D-9E58-4812-BAD6-BC81DAF1C0EE}.Signed|x86.ActiveCfg = Signed|x86
		{6445515D-9E58-4812-BAD6-BC81DAF1C0EE}.Signed|x86.Build.0 = Signed|x86
		{5AA504E2-10A2-4179-9645-47E5CF857DDF}.BuildTools|Any CPU.ActiveCfg = BuildTools|Any CPU
		{5AA504E2-10A2-4179-9645-47E5CF857DDF}.BuildTools|ARM.ActiveCfg = BuildTools|Any CPU
		{5AA504E2-10A2-4179-9645-47E5CF857DDF}.BuildTools|x64.ActiveCfg = BuildTools|Any CPU
		{5AA504E2-10A2-4179-9645-47E5CF857DDF}.BuildTools|x86.ActiveCfg = BuildTools|Any CPU
		{5AA504E2-10A2-4179-9645-47E5CF857DDF}.Debug|Any CPU.ActiveCfg = Debug|Any CPU
		{5AA504E2-10A2-4179-9645-47E5CF857DDF}.Debug|Any CPU.Build.0 = Debug|Any CPU
		{5AA504E2-10A2-4179-9645-47E5CF857DDF}.Debug|ARM.ActiveCfg = Debug|Any CPU
		{5AA504E2-10A2-4179-9645-47E5CF857DDF}.Debug|x64.ActiveCfg = Debug|Any CPU
		{5AA504E2-10A2-4179-9645-47E5CF857DDF}.Debug|x86.ActiveCfg = Debug|Any CPU
		{5AA504E2-10A2-4179-9645-47E5CF857DDF}.Release|Any CPU.ActiveCfg = Release|Any CPU
		{5AA504E2-10A2-4179-9645-47E5CF857DDF}.Release|Any CPU.Build.0 = Release|Any CPU
		{5AA504E2-10A2-4179-9645-47E5CF857DDF}.Release|ARM.ActiveCfg = Release|Any CPU
		{5AA504E2-10A2-4179-9645-47E5CF857DDF}.Release|x64.ActiveCfg = Release|Any CPU
		{5AA504E2-10A2-4179-9645-47E5CF857DDF}.Release|x86.ActiveCfg = Release|Any CPU
		{5AA504E2-10A2-4179-9645-47E5CF857DDF}.Signed|Any CPU.ActiveCfg = Release|Any CPU
		{5AA504E2-10A2-4179-9645-47E5CF857DDF}.Signed|Any CPU.Build.0 = Release|Any CPU
		{5AA504E2-10A2-4179-9645-47E5CF857DDF}.Signed|ARM.ActiveCfg = Release|Any CPU
		{5AA504E2-10A2-4179-9645-47E5CF857DDF}.Signed|x64.ActiveCfg = Release|Any CPU
		{5AA504E2-10A2-4179-9645-47E5CF857DDF}.Signed|x86.ActiveCfg = Release|Any CPU
	EndGlobalSection
	GlobalSection(SolutionProperties) = preSolution
		HideSolutionNode = FALSE
	EndGlobalSection
	GlobalSection(NestedProjects) = preSolution
		{0D39CF6F-4884-4D43-8744-2CEB723629C8} = {2BDD39FE-2E9F-4B97-8173-02037CF765AA}
		{96B18D27-DFF3-47A2-835B-EF1E6AF1A39C} = {F52A1420-8C01-42ED-8EF2-71F83EE49A87}
		{6445515D-9E58-4812-BAD6-BC81DAF1C0EE} = {F52A1420-8C01-42ED-8EF2-71F83EE49A87}
		{5AA504E2-10A2-4179-9645-47E5CF857DDF} = {F52A1420-8C01-42ED-8EF2-71F83EE49A87}
	EndGlobalSection
EndGlobal
