
Microsoft Visual Studio Solution File, Format Version 12.00
# Visual Studio 2013
VisualStudioVersion = 12.0.30723.0
MinimumVisualStudioVersion = 10.0.40219.1
Project("{FAE04EC0-301F-11D3-BF4B-00C04F79EFBC}") = "Microsoft.WindowsAzure.Mobile.SQLiteStore", "src\Microsoft.WindowsAzure.MobileServices.SQLiteStore\Microsoft.WindowsAzure.Mobile.SQLiteStore.csproj", "{4C20D49A-FE5E-4D9C-98B9-8125450074F5}"
EndProject
Project("{FAE04EC0-301F-11D3-BF4B-00C04F79EFBC}") = "Microsoft.WindowsAzure.Mobile", "src\Microsoft.WindowsAzure.MobileServices\Microsoft.WindowsAzure.Mobile.csproj", "{75557793-E36E-4190-8714-5BD2665859FB}"
EndProject
Project("{FAE04EC0-301F-11D3-BF4B-00C04F79EFBC}") = "Microsoft.WindowsAzure.Mobile.Ext.Win8", "src\Microsoft.WindowsAzure.MobileServices.WindowsStore\Microsoft.WindowsAzure.Mobile.Ext.Win8.csproj", "{41E0BBEA-091B-4C06-AE08-B7F50E2BEB8A}"
EndProject
Project("{FAE04EC0-301F-11D3-BF4B-00C04F79EFBC}") = "Microsoft.WindowsAzure.Mobile.TestFramework", "test\Microsoft.WindowsAzure.MobileServices.TestFramework\Microsoft.WindowsAzure.Mobile.TestFramework.csproj", "{A2500BD2-A9A2-4085-9978-DEE3675B02DD}"
EndProject
Project("{FAE04EC0-301F-11D3-BF4B-00C04F79EFBC}") = "Microsoft.WindowsAzure.Mobile.SQLiteStore.Win8.Test", "test\Microsoft.WindowsAzure.MobileServices.SQLiteStore.WindowsStore.Test\Microsoft.WindowsAzure.Mobile.SQLiteStore.Win8.Test.csproj", "{4864F1AA-A4B9-4F32-B319-A9BAC7D1B200}"
EndProject
Project("{FAE04EC0-301F-11D3-BF4B-00C04F79EFBC}") = "Microsoft.WindowsAzure.Mobile.SQLiteStore.Test.Unit", "test\Microsoft.WindowsAzure.MobileServices.SQLiteStore.Test.Unit\Microsoft.WindowsAzure.Mobile.SQLiteStore.Test.Unit.csproj", "{574B5567-FF51-4B0F-A9ED-CC9F711E9156}"
EndProject
Project("{FAE04EC0-301F-11D3-BF4B-00C04F79EFBC}") = "Microsoft.WindowsAzure.Mobile.Test", "test\Microsoft.WindowsAzure.MobileServices.Test\Microsoft.WindowsAzure.Mobile.Test.csproj", "{D8BBC92A-B213-463B-911D-3A106F91D5F9}"
EndProject
Project("{2150E333-8FDC-42A3-9474-1A3956D46DE8}") = "src", "src", "{1389B3C6-701D-4812-A32B-D6662195EEA9}"
EndProject
Project("{2150E333-8FDC-42A3-9474-1A3956D46DE8}") = "test", "test", "{C5440C41-582C-4372-B3D1-A7878A7C1CC9}"
EndProject
Project("{FAE04EC0-301F-11D3-BF4B-00C04F79EFBC}") = "Microsoft.WindowsAzure.Mobile.SQLiteStore.Test", "test\Microsoft.WindowsAzure.MobileServices.SQLiteStore.Test\Microsoft.WindowsAzure.Mobile.SQLiteStore.Test.csproj", "{CD5D8A3A-5631-41BF-8161-8A2A7F892B71}"
EndProject
Project("{FAE04EC0-301F-11D3-BF4B-00C04F79EFBC}") = "Microsoft.WindowsAzure.Mobile.SQLiteStore.Net45.Test", "test\Microsoft.WindowsAzure.MobileServices.SQLiteStore.Net45.Test\Microsoft.WindowsAzure.Mobile.SQLiteStore.Net45.Test.csproj", "{7C1A9BC1-3E60-4673-AC08-AC8399032D49}"
EndProject
Project("{FAE04EC0-301F-11D3-BF4B-00C04F79EFBC}") = "Microsoft.WindowsAzure.Mobile.SQLiteStore.WP8.Test", "test\Microsoft.WindowsAzure.MobileServices.SQLiteStore.WindowsPhone8.Test\Microsoft.WindowsAzure.Mobile.SQLiteStore.WP8.Test.csproj", "{46AE537A-1143-48A4-B9A4-4B2C7BD9AB1D}"
EndProject
Project("{FAE04EC0-301F-11D3-BF4B-00C04F79EFBC}") = "Microsoft.WindowsAzure.Mobile.Ext.Net45", "src\Microsoft.WindowsAzure.MobileServices.Net45\Microsoft.WindowsAzure.Mobile.Ext.Net45.csproj", "{8BE160B5-ADBF-4FE0-A0E2-A4A77A87E620}"
EndProject
Project("{FAE04EC0-301F-11D3-BF4B-00C04F79EFBC}") = "Microsoft.WindowsAzure.Mobile.Ext.WP8", "src\Microsoft.WindowsAzure.MobileServices.WindowsPhone8\Microsoft.WindowsAzure.Mobile.Ext.WP8.csproj", "{3114E433-7FC1-4056-8CF9-2406E32BB10D}"
EndProject
Project("{FAE04EC0-301F-11D3-BF4B-00C04F79EFBC}") = "Microsoft.WindowsAzure.Mobile.UI.WP8", "src\Microsoft.WindowsAzure.MobileServices.WindowsPhone8.UI\Microsoft.WindowsAzure.Mobile.UI.WP8.csproj", "{B1CCA4C2-DEDF-43AF-B54D-067C5AC6A391}"
EndProject
Project("{FAE04EC0-301F-11D3-BF4B-00C04F79EFBC}") = "Microsoft.WindowsAzure.Mobile.SQLiteStore.Android.Test", "test\Microsoft.WindowsAzure.MobileServices.SQLiteStore.Android.Test\Microsoft.WindowsAzure.Mobile.SQLiteStore.Android.Test.csproj", "{984C6927-3A86-4EBF-9754-73952C2623F8}"
EndProject
Project("{FAE04EC0-301F-11D3-BF4B-00C04F79EFBC}") = "Microsoft.WindowsAzure.Mobile.SQLiteStore.iOS.Test", "test\Microsoft.WindowsAzure.MobileServices.SQLiteStore.iOS.Test\Microsoft.WindowsAzure.Mobile.SQLiteStore.iOS.Test.csproj", "{8045853F-195D-44CE-B8CE-09F776E22902}"
EndProject
Project("{FAE04EC0-301F-11D3-BF4B-00C04F79EFBC}") = "Microsoft.WindowsAzure.Mobile.Ext.Android", "src\Microsoft.WindowsAzure.MobileServices.Android\Microsoft.WindowsAzure.Mobile.Ext.Android.csproj", "{0F77566D-014F-4D09-B783-D4E701627D15}"
EndProject
Project("{FAE04EC0-301F-11D3-BF4B-00C04F79EFBC}") = "Microsoft.WindowsAzure.Mobile.Ext.iOS", "src\Microsoft.WindowsAzure.MobileServices.iOS\Microsoft.WindowsAzure.Mobile.Ext.iOS.csproj", "{A871B137-83A8-4E9B-913D-30EE0288E161}"
EndProject
Project("{FAE04EC0-301F-11D3-BF4B-00C04F79EFBC}") = "Microsoft.WindowsAzure.Mobile.Ext.iOS-Classic", "src\Microsoft.WindowsAzure.MobileServices.iOS\Microsoft.WindowsAzure.Mobile.Ext.iOS-Classic.csproj", "{9D2109B6-F005-4419-B9DB-8FA2A4514D28}"
EndProject
Global
	GlobalSection(SolutionConfigurationPlatforms) = preSolution
		Debug|Any CPU = Debug|Any CPU
		Debug|ARM = Debug|ARM
		Debug|iPhone = Debug|iPhone
		Debug|iPhoneSimulator = Debug|iPhoneSimulator
		Debug|Mixed Platforms = Debug|Mixed Platforms
		Debug|x64 = Debug|x64
		Debug|x86 = Debug|x86
		Release|Any CPU = Release|Any CPU
		Release|ARM = Release|ARM
		Release|iPhone = Release|iPhone
		Release|iPhoneSimulator = Release|iPhoneSimulator
		Release|Mixed Platforms = Release|Mixed Platforms
		Release|x64 = Release|x64
		Release|x86 = Release|x86
	EndGlobalSection
	GlobalSection(ProjectConfigurationPlatforms) = postSolution
		{4C20D49A-FE5E-4D9C-98B9-8125450074F5}.Debug|Any CPU.ActiveCfg = Debug|Any CPU
		{4C20D49A-FE5E-4D9C-98B9-8125450074F5}.Debug|Any CPU.Build.0 = Debug|Any CPU
		{4C20D49A-FE5E-4D9C-98B9-8125450074F5}.Debug|ARM.ActiveCfg = Debug|Any CPU
		{4C20D49A-FE5E-4D9C-98B9-8125450074F5}.Debug|ARM.Build.0 = Debug|Any CPU
		{4C20D49A-FE5E-4D9C-98B9-8125450074F5}.Debug|iPhone.ActiveCfg = Debug|Any CPU
		{4C20D49A-FE5E-4D9C-98B9-8125450074F5}.Debug|iPhone.Build.0 = Debug|Any CPU
		{4C20D49A-FE5E-4D9C-98B9-8125450074F5}.Debug|iPhoneSimulator.ActiveCfg = Debug|Any CPU
		{4C20D49A-FE5E-4D9C-98B9-8125450074F5}.Debug|iPhoneSimulator.Build.0 = Debug|Any CPU
		{4C20D49A-FE5E-4D9C-98B9-8125450074F5}.Debug|Mixed Platforms.ActiveCfg = Debug|Any CPU
		{4C20D49A-FE5E-4D9C-98B9-8125450074F5}.Debug|Mixed Platforms.Build.0 = Debug|Any CPU
		{4C20D49A-FE5E-4D9C-98B9-8125450074F5}.Debug|x64.ActiveCfg = Debug|Any CPU
		{4C20D49A-FE5E-4D9C-98B9-8125450074F5}.Debug|x86.ActiveCfg = Debug|Any CPU
		{4C20D49A-FE5E-4D9C-98B9-8125450074F5}.Debug|x86.Build.0 = Debug|Any CPU
		{4C20D49A-FE5E-4D9C-98B9-8125450074F5}.Release|Any CPU.ActiveCfg = Release|Any CPU
		{4C20D49A-FE5E-4D9C-98B9-8125450074F5}.Release|Any CPU.Build.0 = Release|Any CPU
		{4C20D49A-FE5E-4D9C-98B9-8125450074F5}.Release|ARM.ActiveCfg = Release|Any CPU
		{4C20D49A-FE5E-4D9C-98B9-8125450074F5}.Release|iPhone.ActiveCfg = Release|Any CPU
		{4C20D49A-FE5E-4D9C-98B9-8125450074F5}.Release|iPhoneSimulator.ActiveCfg = Release|Any CPU
		{4C20D49A-FE5E-4D9C-98B9-8125450074F5}.Release|Mixed Platforms.ActiveCfg = Release|Any CPU
		{4C20D49A-FE5E-4D9C-98B9-8125450074F5}.Release|Mixed Platforms.Build.0 = Release|Any CPU
		{4C20D49A-FE5E-4D9C-98B9-8125450074F5}.Release|x64.ActiveCfg = Release|Any CPU
		{4C20D49A-FE5E-4D9C-98B9-8125450074F5}.Release|x86.ActiveCfg = Release|Any CPU
		{4C20D49A-FE5E-4D9C-98B9-8125450074F5}.Release|x86.Build.0 = Release|Any CPU
		{75557793-E36E-4190-8714-5BD2665859FB}.Debug|Any CPU.ActiveCfg = Debug|Any CPU
		{75557793-E36E-4190-8714-5BD2665859FB}.Debug|Any CPU.Build.0 = Debug|Any CPU
		{75557793-E36E-4190-8714-5BD2665859FB}.Debug|ARM.ActiveCfg = Debug|Any CPU
		{75557793-E36E-4190-8714-5BD2665859FB}.Debug|ARM.Build.0 = Debug|Any CPU
		{75557793-E36E-4190-8714-5BD2665859FB}.Debug|iPhone.ActiveCfg = Debug|Any CPU
		{75557793-E36E-4190-8714-5BD2665859FB}.Debug|iPhone.Build.0 = Debug|Any CPU
		{75557793-E36E-4190-8714-5BD2665859FB}.Debug|iPhoneSimulator.ActiveCfg = Debug|Any CPU
		{75557793-E36E-4190-8714-5BD2665859FB}.Debug|iPhoneSimulator.Build.0 = Debug|Any CPU
		{75557793-E36E-4190-8714-5BD2665859FB}.Debug|Mixed Platforms.ActiveCfg = Debug|Any CPU
		{75557793-E36E-4190-8714-5BD2665859FB}.Debug|Mixed Platforms.Build.0 = Debug|Any CPU
		{75557793-E36E-4190-8714-5BD2665859FB}.Debug|x64.ActiveCfg = Debug|Any CPU
		{75557793-E36E-4190-8714-5BD2665859FB}.Debug|x86.ActiveCfg = Debug|Any CPU
		{75557793-E36E-4190-8714-5BD2665859FB}.Debug|x86.Build.0 = Debug|Any CPU
		{75557793-E36E-4190-8714-5BD2665859FB}.Release|Any CPU.ActiveCfg = Release|Any CPU
		{75557793-E36E-4190-8714-5BD2665859FB}.Release|Any CPU.Build.0 = Release|Any CPU
		{75557793-E36E-4190-8714-5BD2665859FB}.Release|ARM.ActiveCfg = Release|Any CPU
		{75557793-E36E-4190-8714-5BD2665859FB}.Release|iPhone.ActiveCfg = Release|Any CPU
		{75557793-E36E-4190-8714-5BD2665859FB}.Release|iPhoneSimulator.ActiveCfg = Release|Any CPU
		{75557793-E36E-4190-8714-5BD2665859FB}.Release|Mixed Platforms.ActiveCfg = Release|Any CPU
		{75557793-E36E-4190-8714-5BD2665859FB}.Release|Mixed Platforms.Build.0 = Release|Any CPU
		{75557793-E36E-4190-8714-5BD2665859FB}.Release|x64.ActiveCfg = Release|Any CPU
		{75557793-E36E-4190-8714-5BD2665859FB}.Release|x86.ActiveCfg = Release|Any CPU
		{75557793-E36E-4190-8714-5BD2665859FB}.Release|x86.Build.0 = Release|Any CPU
		{41E0BBEA-091B-4C06-AE08-B7F50E2BEB8A}.Debug|Any CPU.ActiveCfg = Debug|Any CPU
		{41E0BBEA-091B-4C06-AE08-B7F50E2BEB8A}.Debug|Any CPU.Build.0 = Debug|Any CPU
		{41E0BBEA-091B-4C06-AE08-B7F50E2BEB8A}.Debug|ARM.ActiveCfg = Debug|Any CPU
		{41E0BBEA-091B-4C06-AE08-B7F50E2BEB8A}.Debug|iPhone.ActiveCfg = Debug|Any CPU
		{41E0BBEA-091B-4C06-AE08-B7F50E2BEB8A}.Debug|iPhoneSimulator.ActiveCfg = Debug|Any CPU
		{41E0BBEA-091B-4C06-AE08-B7F50E2BEB8A}.Debug|Mixed Platforms.ActiveCfg = Debug|Any CPU
		{41E0BBEA-091B-4C06-AE08-B7F50E2BEB8A}.Debug|Mixed Platforms.Build.0 = Debug|Any CPU
		{41E0BBEA-091B-4C06-AE08-B7F50E2BEB8A}.Debug|x64.ActiveCfg = Debug|Any CPU
		{41E0BBEA-091B-4C06-AE08-B7F50E2BEB8A}.Debug|x86.ActiveCfg = Debug|Any CPU
		{41E0BBEA-091B-4C06-AE08-B7F50E2BEB8A}.Debug|x86.Build.0 = Debug|Any CPU
		{41E0BBEA-091B-4C06-AE08-B7F50E2BEB8A}.Release|Any CPU.ActiveCfg = Release|Any CPU
		{41E0BBEA-091B-4C06-AE08-B7F50E2BEB8A}.Release|Any CPU.Build.0 = Release|Any CPU
		{41E0BBEA-091B-4C06-AE08-B7F50E2BEB8A}.Release|ARM.ActiveCfg = Release|Any CPU
		{41E0BBEA-091B-4C06-AE08-B7F50E2BEB8A}.Release|iPhone.ActiveCfg = Release|Any CPU
		{41E0BBEA-091B-4C06-AE08-B7F50E2BEB8A}.Release|iPhoneSimulator.ActiveCfg = Release|Any CPU
		{41E0BBEA-091B-4C06-AE08-B7F50E2BEB8A}.Release|Mixed Platforms.ActiveCfg = Release|Any CPU
		{41E0BBEA-091B-4C06-AE08-B7F50E2BEB8A}.Release|Mixed Platforms.Build.0 = Release|Any CPU
		{41E0BBEA-091B-4C06-AE08-B7F50E2BEB8A}.Release|x64.ActiveCfg = Release|Any CPU
		{41E0BBEA-091B-4C06-AE08-B7F50E2BEB8A}.Release|x86.ActiveCfg = Release|Any CPU
		{41E0BBEA-091B-4C06-AE08-B7F50E2BEB8A}.Release|x86.Build.0 = Release|Any CPU
		{A2500BD2-A9A2-4085-9978-DEE3675B02DD}.Debug|Any CPU.ActiveCfg = Debug|Any CPU
		{A2500BD2-A9A2-4085-9978-DEE3675B02DD}.Debug|Any CPU.Build.0 = Debug|Any CPU
		{A2500BD2-A9A2-4085-9978-DEE3675B02DD}.Debug|ARM.ActiveCfg = Debug|Any CPU
		{A2500BD2-A9A2-4085-9978-DEE3675B02DD}.Debug|ARM.Build.0 = Debug|Any CPU
		{A2500BD2-A9A2-4085-9978-DEE3675B02DD}.Debug|iPhone.ActiveCfg = Debug|Any CPU
		{A2500BD2-A9A2-4085-9978-DEE3675B02DD}.Debug|iPhone.Build.0 = Debug|Any CPU
		{A2500BD2-A9A2-4085-9978-DEE3675B02DD}.Debug|iPhoneSimulator.ActiveCfg = Debug|Any CPU
		{A2500BD2-A9A2-4085-9978-DEE3675B02DD}.Debug|iPhoneSimulator.Build.0 = Debug|Any CPU
		{A2500BD2-A9A2-4085-9978-DEE3675B02DD}.Debug|Mixed Platforms.ActiveCfg = Debug|Any CPU
		{A2500BD2-A9A2-4085-9978-DEE3675B02DD}.Debug|Mixed Platforms.Build.0 = Debug|Any CPU
		{A2500BD2-A9A2-4085-9978-DEE3675B02DD}.Debug|x64.ActiveCfg = Debug|Any CPU
		{A2500BD2-A9A2-4085-9978-DEE3675B02DD}.Debug|x86.ActiveCfg = Debug|Any CPU
		{A2500BD2-A9A2-4085-9978-DEE3675B02DD}.Debug|x86.Build.0 = Debug|Any CPU
		{A2500BD2-A9A2-4085-9978-DEE3675B02DD}.Release|Any CPU.ActiveCfg = Release|Any CPU
		{A2500BD2-A9A2-4085-9978-DEE3675B02DD}.Release|Any CPU.Build.0 = Release|Any CPU
		{A2500BD2-A9A2-4085-9978-DEE3675B02DD}.Release|ARM.ActiveCfg = Release|Any CPU
		{A2500BD2-A9A2-4085-9978-DEE3675B02DD}.Release|iPhone.ActiveCfg = Release|Any CPU
		{A2500BD2-A9A2-4085-9978-DEE3675B02DD}.Release|iPhoneSimulator.ActiveCfg = Release|Any CPU
		{A2500BD2-A9A2-4085-9978-DEE3675B02DD}.Release|Mixed Platforms.ActiveCfg = Release|Any CPU
		{A2500BD2-A9A2-4085-9978-DEE3675B02DD}.Release|Mixed Platforms.Build.0 = Release|Any CPU
		{A2500BD2-A9A2-4085-9978-DEE3675B02DD}.Release|x64.ActiveCfg = Release|Any CPU
		{A2500BD2-A9A2-4085-9978-DEE3675B02DD}.Release|x86.ActiveCfg = Release|Any CPU
		{A2500BD2-A9A2-4085-9978-DEE3675B02DD}.Release|x86.Build.0 = Release|Any CPU
		{4864F1AA-A4B9-4F32-B319-A9BAC7D1B200}.Debug|Any CPU.ActiveCfg = Debug|x86
		{4864F1AA-A4B9-4F32-B319-A9BAC7D1B200}.Debug|Any CPU.Build.0 = Debug|x86
		{4864F1AA-A4B9-4F32-B319-A9BAC7D1B200}.Debug|Any CPU.Deploy.0 = Debug|x86
		{4864F1AA-A4B9-4F32-B319-A9BAC7D1B200}.Debug|ARM.ActiveCfg = Debug|ARM
		{4864F1AA-A4B9-4F32-B319-A9BAC7D1B200}.Debug|ARM.Deploy.0 = Debug|ARM
		{4864F1AA-A4B9-4F32-B319-A9BAC7D1B200}.Debug|iPhone.ActiveCfg = Debug|Any CPU
		{4864F1AA-A4B9-4F32-B319-A9BAC7D1B200}.Debug|iPhoneSimulator.ActiveCfg = Debug|Any CPU
		{4864F1AA-A4B9-4F32-B319-A9BAC7D1B200}.Debug|Mixed Platforms.ActiveCfg = Debug|x86
		{4864F1AA-A4B9-4F32-B319-A9BAC7D1B200}.Debug|Mixed Platforms.Build.0 = Debug|x86
		{4864F1AA-A4B9-4F32-B319-A9BAC7D1B200}.Debug|Mixed Platforms.Deploy.0 = Debug|x86
		{4864F1AA-A4B9-4F32-B319-A9BAC7D1B200}.Debug|x64.ActiveCfg = Debug|x64
		{4864F1AA-A4B9-4F32-B319-A9BAC7D1B200}.Debug|x64.Build.0 = Debug|x64
		{4864F1AA-A4B9-4F32-B319-A9BAC7D1B200}.Debug|x64.Deploy.0 = Debug|x64
		{4864F1AA-A4B9-4F32-B319-A9BAC7D1B200}.Debug|x86.ActiveCfg = Debug|x86
		{4864F1AA-A4B9-4F32-B319-A9BAC7D1B200}.Debug|x86.Build.0 = Debug|x86
		{4864F1AA-A4B9-4F32-B319-A9BAC7D1B200}.Debug|x86.Deploy.0 = Debug|x86
		{4864F1AA-A4B9-4F32-B319-A9BAC7D1B200}.Release|Any CPU.ActiveCfg = Release|Any CPU
		{4864F1AA-A4B9-4F32-B319-A9BAC7D1B200}.Release|Any CPU.Build.0 = Release|Any CPU
		{4864F1AA-A4B9-4F32-B319-A9BAC7D1B200}.Release|Any CPU.Deploy.0 = Release|Any CPU
		{4864F1AA-A4B9-4F32-B319-A9BAC7D1B200}.Release|ARM.ActiveCfg = Release|ARM
		{4864F1AA-A4B9-4F32-B319-A9BAC7D1B200}.Release|ARM.Build.0 = Release|ARM
		{4864F1AA-A4B9-4F32-B319-A9BAC7D1B200}.Release|ARM.Deploy.0 = Release|ARM
		{4864F1AA-A4B9-4F32-B319-A9BAC7D1B200}.Release|iPhone.ActiveCfg = Release|Any CPU
		{4864F1AA-A4B9-4F32-B319-A9BAC7D1B200}.Release|iPhoneSimulator.ActiveCfg = Release|Any CPU
		{4864F1AA-A4B9-4F32-B319-A9BAC7D1B200}.Release|Mixed Platforms.ActiveCfg = Release|x86
		{4864F1AA-A4B9-4F32-B319-A9BAC7D1B200}.Release|Mixed Platforms.Build.0 = Release|x86
		{4864F1AA-A4B9-4F32-B319-A9BAC7D1B200}.Release|Mixed Platforms.Deploy.0 = Release|x86
		{4864F1AA-A4B9-4F32-B319-A9BAC7D1B200}.Release|x64.ActiveCfg = Release|x64
		{4864F1AA-A4B9-4F32-B319-A9BAC7D1B200}.Release|x64.Build.0 = Release|x64
		{4864F1AA-A4B9-4F32-B319-A9BAC7D1B200}.Release|x64.Deploy.0 = Release|x64
		{4864F1AA-A4B9-4F32-B319-A9BAC7D1B200}.Release|x86.ActiveCfg = Release|x86
		{4864F1AA-A4B9-4F32-B319-A9BAC7D1B200}.Release|x86.Build.0 = Release|x86
		{4864F1AA-A4B9-4F32-B319-A9BAC7D1B200}.Release|x86.Deploy.0 = Release|x86
		{574B5567-FF51-4B0F-A9ED-CC9F711E9156}.Debug|Any CPU.ActiveCfg = Debug|Any CPU
		{574B5567-FF51-4B0F-A9ED-CC9F711E9156}.Debug|Any CPU.Build.0 = Debug|Any CPU
		{574B5567-FF51-4B0F-A9ED-CC9F711E9156}.Debug|ARM.ActiveCfg = Debug|Any CPU
		{574B5567-FF51-4B0F-A9ED-CC9F711E9156}.Debug|iPhone.ActiveCfg = Debug|Any CPU
		{574B5567-FF51-4B0F-A9ED-CC9F711E9156}.Debug|iPhoneSimulator.ActiveCfg = Debug|Any CPU
		{574B5567-FF51-4B0F-A9ED-CC9F711E9156}.Debug|Mixed Platforms.ActiveCfg = Debug|Any CPU
		{574B5567-FF51-4B0F-A9ED-CC9F711E9156}.Debug|Mixed Platforms.Build.0 = Debug|Any CPU
		{574B5567-FF51-4B0F-A9ED-CC9F711E9156}.Debug|x64.ActiveCfg = Debug|Any CPU
		{574B5567-FF51-4B0F-A9ED-CC9F711E9156}.Debug|x86.ActiveCfg = Debug|Any CPU
		{574B5567-FF51-4B0F-A9ED-CC9F711E9156}.Debug|x86.Build.0 = Debug|Any CPU
		{574B5567-FF51-4B0F-A9ED-CC9F711E9156}.Release|Any CPU.ActiveCfg = Release|Any CPU
		{574B5567-FF51-4B0F-A9ED-CC9F711E9156}.Release|Any CPU.Build.0 = Release|Any CPU
		{574B5567-FF51-4B0F-A9ED-CC9F711E9156}.Release|ARM.ActiveCfg = Release|Any CPU
		{574B5567-FF51-4B0F-A9ED-CC9F711E9156}.Release|iPhone.ActiveCfg = Release|Any CPU
		{574B5567-FF51-4B0F-A9ED-CC9F711E9156}.Release|iPhoneSimulator.ActiveCfg = Release|Any CPU
		{574B5567-FF51-4B0F-A9ED-CC9F711E9156}.Release|Mixed Platforms.ActiveCfg = Release|Any CPU
		{574B5567-FF51-4B0F-A9ED-CC9F711E9156}.Release|Mixed Platforms.Build.0 = Release|Any CPU
		{574B5567-FF51-4B0F-A9ED-CC9F711E9156}.Release|x64.ActiveCfg = Release|Any CPU
		{574B5567-FF51-4B0F-A9ED-CC9F711E9156}.Release|x86.ActiveCfg = Release|Any CPU
		{574B5567-FF51-4B0F-A9ED-CC9F711E9156}.Release|x86.Build.0 = Release|Any CPU
		{D8BBC92A-B213-463B-911D-3A106F91D5F9}.Debug|Any CPU.ActiveCfg = Debug|Any CPU
		{D8BBC92A-B213-463B-911D-3A106F91D5F9}.Debug|Any CPU.Build.0 = Debug|Any CPU
		{D8BBC92A-B213-463B-911D-3A106F91D5F9}.Debug|ARM.ActiveCfg = Debug|Any CPU
		{D8BBC92A-B213-463B-911D-3A106F91D5F9}.Debug|ARM.Build.0 = Debug|Any CPU
		{D8BBC92A-B213-463B-911D-3A106F91D5F9}.Debug|iPhone.ActiveCfg = Debug|Any CPU
		{D8BBC92A-B213-463B-911D-3A106F91D5F9}.Debug|iPhone.Build.0 = Debug|Any CPU
		{D8BBC92A-B213-463B-911D-3A106F91D5F9}.Debug|iPhoneSimulator.ActiveCfg = Debug|Any CPU
		{D8BBC92A-B213-463B-911D-3A106F91D5F9}.Debug|iPhoneSimulator.Build.0 = Debug|Any CPU
		{D8BBC92A-B213-463B-911D-3A106F91D5F9}.Debug|Mixed Platforms.ActiveCfg = Debug|Any CPU
		{D8BBC92A-B213-463B-911D-3A106F91D5F9}.Debug|Mixed Platforms.Build.0 = Debug|Any CPU
		{D8BBC92A-B213-463B-911D-3A106F91D5F9}.Debug|x64.ActiveCfg = Debug|Any CPU
		{D8BBC92A-B213-463B-911D-3A106F91D5F9}.Debug|x86.ActiveCfg = Debug|Any CPU
		{D8BBC92A-B213-463B-911D-3A106F91D5F9}.Debug|x86.Build.0 = Debug|Any CPU
		{D8BBC92A-B213-463B-911D-3A106F91D5F9}.Release|Any CPU.ActiveCfg = Release|Any CPU
		{D8BBC92A-B213-463B-911D-3A106F91D5F9}.Release|Any CPU.Build.0 = Release|Any CPU
		{D8BBC92A-B213-463B-911D-3A106F91D5F9}.Release|ARM.ActiveCfg = Release|Any CPU
		{D8BBC92A-B213-463B-911D-3A106F91D5F9}.Release|iPhone.ActiveCfg = Release|Any CPU
		{D8BBC92A-B213-463B-911D-3A106F91D5F9}.Release|iPhoneSimulator.ActiveCfg = Release|Any CPU
		{D8BBC92A-B213-463B-911D-3A106F91D5F9}.Release|Mixed Platforms.ActiveCfg = Release|Any CPU
		{D8BBC92A-B213-463B-911D-3A106F91D5F9}.Release|Mixed Platforms.Build.0 = Release|Any CPU
		{D8BBC92A-B213-463B-911D-3A106F91D5F9}.Release|x64.ActiveCfg = Release|Any CPU
		{D8BBC92A-B213-463B-911D-3A106F91D5F9}.Release|x86.ActiveCfg = Release|Any CPU
		{D8BBC92A-B213-463B-911D-3A106F91D5F9}.Release|x86.Build.0 = Release|Any CPU
		{CD5D8A3A-5631-41BF-8161-8A2A7F892B71}.Debug|Any CPU.ActiveCfg = Debug|Any CPU
		{CD5D8A3A-5631-41BF-8161-8A2A7F892B71}.Debug|Any CPU.Build.0 = Debug|Any CPU
		{CD5D8A3A-5631-41BF-8161-8A2A7F892B71}.Debug|ARM.ActiveCfg = Debug|Any CPU
		{CD5D8A3A-5631-41BF-8161-8A2A7F892B71}.Debug|ARM.Build.0 = Debug|Any CPU
		{CD5D8A3A-5631-41BF-8161-8A2A7F892B71}.Debug|iPhone.ActiveCfg = Debug|Any CPU
		{CD5D8A3A-5631-41BF-8161-8A2A7F892B71}.Debug|iPhone.Build.0 = Debug|Any CPU
		{CD5D8A3A-5631-41BF-8161-8A2A7F892B71}.Debug|iPhoneSimulator.ActiveCfg = Debug|Any CPU
		{CD5D8A3A-5631-41BF-8161-8A2A7F892B71}.Debug|iPhoneSimulator.Build.0 = Debug|Any CPU
		{CD5D8A3A-5631-41BF-8161-8A2A7F892B71}.Debug|Mixed Platforms.ActiveCfg = Debug|Any CPU
		{CD5D8A3A-5631-41BF-8161-8A2A7F892B71}.Debug|Mixed Platforms.Build.0 = Debug|Any CPU
		{CD5D8A3A-5631-41BF-8161-8A2A7F892B71}.Debug|x64.ActiveCfg = Debug|Any CPU
		{CD5D8A3A-5631-41BF-8161-8A2A7F892B71}.Debug|x86.ActiveCfg = Debug|Any CPU
		{CD5D8A3A-5631-41BF-8161-8A2A7F892B71}.Debug|x86.Build.0 = Debug|Any CPU
		{CD5D8A3A-5631-41BF-8161-8A2A7F892B71}.Release|Any CPU.ActiveCfg = Release|Any CPU
		{CD5D8A3A-5631-41BF-8161-8A2A7F892B71}.Release|Any CPU.Build.0 = Release|Any CPU
		{CD5D8A3A-5631-41BF-8161-8A2A7F892B71}.Release|ARM.ActiveCfg = Release|Any CPU
		{CD5D8A3A-5631-41BF-8161-8A2A7F892B71}.Release|iPhone.ActiveCfg = Release|Any CPU
		{CD5D8A3A-5631-41BF-8161-8A2A7F892B71}.Release|iPhoneSimulator.ActiveCfg = Release|Any CPU
		{CD5D8A3A-5631-41BF-8161-8A2A7F892B71}.Release|Mixed Platforms.ActiveCfg = Release|Any CPU
		{CD5D8A3A-5631-41BF-8161-8A2A7F892B71}.Release|Mixed Platforms.Build.0 = Release|Any CPU
		{CD5D8A3A-5631-41BF-8161-8A2A7F892B71}.Release|x64.ActiveCfg = Release|Any CPU
		{CD5D8A3A-5631-41BF-8161-8A2A7F892B71}.Release|x86.ActiveCfg = Release|Any CPU
		{CD5D8A3A-5631-41BF-8161-8A2A7F892B71}.Release|x86.Build.0 = Release|Any CPU
		{7C1A9BC1-3E60-4673-AC08-AC8399032D49}.Debug|Any CPU.ActiveCfg = Debug|Any CPU
		{7C1A9BC1-3E60-4673-AC08-AC8399032D49}.Debug|Any CPU.Build.0 = Debug|Any CPU
		{7C1A9BC1-3E60-4673-AC08-AC8399032D49}.Debug|ARM.ActiveCfg = Debug|Any CPU
		{7C1A9BC1-3E60-4673-AC08-AC8399032D49}.Debug|iPhone.ActiveCfg = Debug|Any CPU
		{7C1A9BC1-3E60-4673-AC08-AC8399032D49}.Debug|iPhoneSimulator.ActiveCfg = Debug|Any CPU
		{7C1A9BC1-3E60-4673-AC08-AC8399032D49}.Debug|Mixed Platforms.ActiveCfg = Debug|Any CPU
		{7C1A9BC1-3E60-4673-AC08-AC8399032D49}.Debug|Mixed Platforms.Build.0 = Debug|Any CPU
		{7C1A9BC1-3E60-4673-AC08-AC8399032D49}.Debug|x64.ActiveCfg = Debug|Any CPU
		{7C1A9BC1-3E60-4673-AC08-AC8399032D49}.Debug|x86.ActiveCfg = Debug|Any CPU
		{7C1A9BC1-3E60-4673-AC08-AC8399032D49}.Debug|x86.Build.0 = Debug|Any CPU
		{7C1A9BC1-3E60-4673-AC08-AC8399032D49}.Release|Any CPU.ActiveCfg = Release|Any CPU
		{7C1A9BC1-3E60-4673-AC08-AC8399032D49}.Release|Any CPU.Build.0 = Release|Any CPU
		{7C1A9BC1-3E60-4673-AC08-AC8399032D49}.Release|ARM.ActiveCfg = Release|Any CPU
		{7C1A9BC1-3E60-4673-AC08-AC8399032D49}.Release|iPhone.ActiveCfg = Release|Any CPU
		{7C1A9BC1-3E60-4673-AC08-AC8399032D49}.Release|iPhoneSimulator.ActiveCfg = Release|Any CPU
		{7C1A9BC1-3E60-4673-AC08-AC8399032D49}.Release|Mixed Platforms.ActiveCfg = Release|Any CPU
		{7C1A9BC1-3E60-4673-AC08-AC8399032D49}.Release|Mixed Platforms.Build.0 = Release|Any CPU
		{7C1A9BC1-3E60-4673-AC08-AC8399032D49}.Release|x64.ActiveCfg = Release|Any CPU
		{7C1A9BC1-3E60-4673-AC08-AC8399032D49}.Release|x86.ActiveCfg = Release|Any CPU
		{7C1A9BC1-3E60-4673-AC08-AC8399032D49}.Release|x86.Build.0 = Release|Any CPU
		{46AE537A-1143-48A4-B9A4-4B2C7BD9AB1D}.Debug|Any CPU.ActiveCfg = Debug|x86
		{46AE537A-1143-48A4-B9A4-4B2C7BD9AB1D}.Debug|Any CPU.Build.0 = Debug|x86
		{46AE537A-1143-48A4-B9A4-4B2C7BD9AB1D}.Debug|Any CPU.Deploy.0 = Debug|x86
		{46AE537A-1143-48A4-B9A4-4B2C7BD9AB1D}.Debug|ARM.ActiveCfg = Debug|ARM
		{46AE537A-1143-48A4-B9A4-4B2C7BD9AB1D}.Debug|ARM.Deploy.0 = Debug|ARM
		{46AE537A-1143-48A4-B9A4-4B2C7BD9AB1D}.Debug|iPhone.ActiveCfg = Debug|Any CPU
		{46AE537A-1143-48A4-B9A4-4B2C7BD9AB1D}.Debug|iPhoneSimulator.ActiveCfg = Debug|Any CPU
		{46AE537A-1143-48A4-B9A4-4B2C7BD9AB1D}.Debug|Mixed Platforms.ActiveCfg = Debug|x86
		{46AE537A-1143-48A4-B9A4-4B2C7BD9AB1D}.Debug|Mixed Platforms.Build.0 = Debug|x86
		{46AE537A-1143-48A4-B9A4-4B2C7BD9AB1D}.Debug|Mixed Platforms.Deploy.0 = Debug|x86
		{46AE537A-1143-48A4-B9A4-4B2C7BD9AB1D}.Debug|x64.ActiveCfg = Debug|Any CPU
		{46AE537A-1143-48A4-B9A4-4B2C7BD9AB1D}.Debug|x86.ActiveCfg = Debug|x86
		{46AE537A-1143-48A4-B9A4-4B2C7BD9AB1D}.Debug|x86.Build.0 = Debug|x86
		{46AE537A-1143-48A4-B9A4-4B2C7BD9AB1D}.Debug|x86.Deploy.0 = Debug|x86
		{46AE537A-1143-48A4-B9A4-4B2C7BD9AB1D}.Release|Any CPU.ActiveCfg = Release|Any CPU
		{46AE537A-1143-48A4-B9A4-4B2C7BD9AB1D}.Release|Any CPU.Build.0 = Release|Any CPU
		{46AE537A-1143-48A4-B9A4-4B2C7BD9AB1D}.Release|Any CPU.Deploy.0 = Release|Any CPU
		{46AE537A-1143-48A4-B9A4-4B2C7BD9AB1D}.Release|ARM.ActiveCfg = Release|ARM
		{46AE537A-1143-48A4-B9A4-4B2C7BD9AB1D}.Release|ARM.Build.0 = Release|ARM
		{46AE537A-1143-48A4-B9A4-4B2C7BD9AB1D}.Release|ARM.Deploy.0 = Release|ARM
		{46AE537A-1143-48A4-B9A4-4B2C7BD9AB1D}.Release|iPhone.ActiveCfg = Release|Any CPU
		{46AE537A-1143-48A4-B9A4-4B2C7BD9AB1D}.Release|iPhoneSimulator.ActiveCfg = Release|Any CPU
		{46AE537A-1143-48A4-B9A4-4B2C7BD9AB1D}.Release|Mixed Platforms.ActiveCfg = Release|x86
		{46AE537A-1143-48A4-B9A4-4B2C7BD9AB1D}.Release|Mixed Platforms.Build.0 = Release|x86
		{46AE537A-1143-48A4-B9A4-4B2C7BD9AB1D}.Release|Mixed Platforms.Deploy.0 = Release|x86
		{46AE537A-1143-48A4-B9A4-4B2C7BD9AB1D}.Release|x64.ActiveCfg = Release|Any CPU
		{46AE537A-1143-48A4-B9A4-4B2C7BD9AB1D}.Release|x86.ActiveCfg = Release|x86
		{46AE537A-1143-48A4-B9A4-4B2C7BD9AB1D}.Release|x86.Build.0 = Release|x86
		{46AE537A-1143-48A4-B9A4-4B2C7BD9AB1D}.Release|x86.Deploy.0 = Release|x86
		{8BE160B5-ADBF-4FE0-A0E2-A4A77A87E620}.Debug|Any CPU.ActiveCfg = Debug|Any CPU
		{8BE160B5-ADBF-4FE0-A0E2-A4A77A87E620}.Debug|Any CPU.Build.0 = Debug|Any CPU
		{8BE160B5-ADBF-4FE0-A0E2-A4A77A87E620}.Debug|ARM.ActiveCfg = Debug|Any CPU
		{8BE160B5-ADBF-4FE0-A0E2-A4A77A87E620}.Debug|iPhone.ActiveCfg = Debug|Any CPU
		{8BE160B5-ADBF-4FE0-A0E2-A4A77A87E620}.Debug|iPhoneSimulator.ActiveCfg = Debug|Any CPU
		{8BE160B5-ADBF-4FE0-A0E2-A4A77A87E620}.Debug|Mixed Platforms.ActiveCfg = Debug|Any CPU
		{8BE160B5-ADBF-4FE0-A0E2-A4A77A87E620}.Debug|Mixed Platforms.Build.0 = Debug|Any CPU
		{8BE160B5-ADBF-4FE0-A0E2-A4A77A87E620}.Debug|x64.ActiveCfg = Debug|Any CPU
		{8BE160B5-ADBF-4FE0-A0E2-A4A77A87E620}.Debug|x86.ActiveCfg = Debug|Any CPU
		{8BE160B5-ADBF-4FE0-A0E2-A4A77A87E620}.Debug|x86.Build.0 = Debug|Any CPU
		{8BE160B5-ADBF-4FE0-A0E2-A4A77A87E620}.Release|Any CPU.ActiveCfg = Release|Any CPU
		{8BE160B5-ADBF-4FE0-A0E2-A4A77A87E620}.Release|Any CPU.Build.0 = Release|Any CPU
		{8BE160B5-ADBF-4FE0-A0E2-A4A77A87E620}.Release|ARM.ActiveCfg = Release|Any CPU
		{8BE160B5-ADBF-4FE0-A0E2-A4A77A87E620}.Release|iPhone.ActiveCfg = Release|Any CPU
		{8BE160B5-ADBF-4FE0-A0E2-A4A77A87E620}.Release|iPhoneSimulator.ActiveCfg = Release|Any CPU
		{8BE160B5-ADBF-4FE0-A0E2-A4A77A87E620}.Release|Mixed Platforms.ActiveCfg = Release|Any CPU
		{8BE160B5-ADBF-4FE0-A0E2-A4A77A87E620}.Release|Mixed Platforms.Build.0 = Release|Any CPU
		{8BE160B5-ADBF-4FE0-A0E2-A4A77A87E620}.Release|x64.ActiveCfg = Release|Any CPU
		{8BE160B5-ADBF-4FE0-A0E2-A4A77A87E620}.Release|x86.ActiveCfg = Release|Any CPU
		{3114E433-7FC1-4056-8CF9-2406E32BB10D}.Debug|Any CPU.ActiveCfg = Debug|Any CPU
		{3114E433-7FC1-4056-8CF9-2406E32BB10D}.Debug|Any CPU.Build.0 = Debug|Any CPU
		{3114E433-7FC1-4056-8CF9-2406E32BB10D}.Debug|ARM.ActiveCfg = Debug|ARM
		{3114E433-7FC1-4056-8CF9-2406E32BB10D}.Debug|iPhone.ActiveCfg = Debug|Any CPU
		{3114E433-7FC1-4056-8CF9-2406E32BB10D}.Debug|iPhoneSimulator.ActiveCfg = Debug|Any CPU
		{3114E433-7FC1-4056-8CF9-2406E32BB10D}.Debug|Mixed Platforms.ActiveCfg = Debug|x86
		{3114E433-7FC1-4056-8CF9-2406E32BB10D}.Debug|Mixed Platforms.Build.0 = Debug|x86
		{3114E433-7FC1-4056-8CF9-2406E32BB10D}.Debug|x64.ActiveCfg = Debug|Any CPU
		{3114E433-7FC1-4056-8CF9-2406E32BB10D}.Debug|x86.ActiveCfg = Debug|x86
		{3114E433-7FC1-4056-8CF9-2406E32BB10D}.Debug|x86.Build.0 = Debug|x86
		{3114E433-7FC1-4056-8CF9-2406E32BB10D}.Release|Any CPU.ActiveCfg = Release|Any CPU
		{3114E433-7FC1-4056-8CF9-2406E32BB10D}.Release|Any CPU.Build.0 = Release|Any CPU
		{3114E433-7FC1-4056-8CF9-2406E32BB10D}.Release|ARM.ActiveCfg = Release|ARM
		{3114E433-7FC1-4056-8CF9-2406E32BB10D}.Release|ARM.Build.0 = Release|ARM
		{3114E433-7FC1-4056-8CF9-2406E32BB10D}.Release|iPhone.ActiveCfg = Release|Any CPU
		{3114E433-7FC1-4056-8CF9-2406E32BB10D}.Release|iPhoneSimulator.ActiveCfg = Release|Any CPU
		{3114E433-7FC1-4056-8CF9-2406E32BB10D}.Release|Mixed Platforms.ActiveCfg = Release|x86
		{3114E433-7FC1-4056-8CF9-2406E32BB10D}.Release|Mixed Platforms.Build.0 = Release|x86
		{3114E433-7FC1-4056-8CF9-2406E32BB10D}.Release|x64.ActiveCfg = Release|Any CPU
		{3114E433-7FC1-4056-8CF9-2406E32BB10D}.Release|x86.ActiveCfg = Release|x86
		{3114E433-7FC1-4056-8CF9-2406E32BB10D}.Release|x86.Build.0 = Release|x86
		{B1CCA4C2-DEDF-43AF-B54D-067C5AC6A391}.Debug|Any CPU.ActiveCfg = Debug|x86
		{B1CCA4C2-DEDF-43AF-B54D-067C5AC6A391}.Debug|Any CPU.Build.0 = Debug|x86
		{B1CCA4C2-DEDF-43AF-B54D-067C5AC6A391}.Debug|ARM.ActiveCfg = Debug|ARM
		{B1CCA4C2-DEDF-43AF-B54D-067C5AC6A391}.Debug|iPhone.ActiveCfg = Debug|Any CPU
		{B1CCA4C2-DEDF-43AF-B54D-067C5AC6A391}.Debug|iPhoneSimulator.ActiveCfg = Debug|Any CPU
		{B1CCA4C2-DEDF-43AF-B54D-067C5AC6A391}.Debug|Mixed Platforms.ActiveCfg = Debug|x86
		{B1CCA4C2-DEDF-43AF-B54D-067C5AC6A391}.Debug|Mixed Platforms.Build.0 = Debug|x86
		{B1CCA4C2-DEDF-43AF-B54D-067C5AC6A391}.Debug|x64.ActiveCfg = Debug|Any CPU
		{B1CCA4C2-DEDF-43AF-B54D-067C5AC6A391}.Debug|x86.ActiveCfg = Debug|x86
		{B1CCA4C2-DEDF-43AF-B54D-067C5AC6A391}.Debug|x86.Build.0 = Debug|x86
		{B1CCA4C2-DEDF-43AF-B54D-067C5AC6A391}.Release|Any CPU.ActiveCfg = Release|Any CPU
		{B1CCA4C2-DEDF-43AF-B54D-067C5AC6A391}.Release|Any CPU.Build.0 = Release|Any CPU
		{B1CCA4C2-DEDF-43AF-B54D-067C5AC6A391}.Release|ARM.ActiveCfg = Release|ARM
		{B1CCA4C2-DEDF-43AF-B54D-067C5AC6A391}.Release|ARM.Build.0 = Release|ARM
		{B1CCA4C2-DEDF-43AF-B54D-067C5AC6A391}.Release|iPhone.ActiveCfg = Release|Any CPU
		{B1CCA4C2-DEDF-43AF-B54D-067C5AC6A391}.Release|iPhoneSimulator.ActiveCfg = Release|Any CPU
		{B1CCA4C2-DEDF-43AF-B54D-067C5AC6A391}.Release|Mixed Platforms.ActiveCfg = Release|x86
		{B1CCA4C2-DEDF-43AF-B54D-067C5AC6A391}.Release|Mixed Platforms.Build.0 = Release|x86
		{B1CCA4C2-DEDF-43AF-B54D-067C5AC6A391}.Release|x64.ActiveCfg = Release|Any CPU
		{B1CCA4C2-DEDF-43AF-B54D-067C5AC6A391}.Release|x86.ActiveCfg = Release|x86
		{B1CCA4C2-DEDF-43AF-B54D-067C5AC6A391}.Release|x86.Build.0 = Release|x86
		{984C6927-3A86-4EBF-9754-73952C2623F8}.Debug|Any CPU.ActiveCfg = Debug|Any CPU
		{984C6927-3A86-4EBF-9754-73952C2623F8}.Debug|Any CPU.Build.0 = Debug|Any CPU
		{984C6927-3A86-4EBF-9754-73952C2623F8}.Debug|Any CPU.Deploy.0 = Debug|Any CPU
		{984C6927-3A86-4EBF-9754-73952C2623F8}.Debug|ARM.ActiveCfg = Debug|Any CPU
		{984C6927-3A86-4EBF-9754-73952C2623F8}.Debug|ARM.Build.0 = Debug|Any CPU
		{984C6927-3A86-4EBF-9754-73952C2623F8}.Debug|iPhone.ActiveCfg = Debug|Any CPU
		{984C6927-3A86-4EBF-9754-73952C2623F8}.Debug|iPhoneSimulator.ActiveCfg = Debug|Any CPU
		{984C6927-3A86-4EBF-9754-73952C2623F8}.Debug|Mixed Platforms.ActiveCfg = Debug|Any CPU
		{984C6927-3A86-4EBF-9754-73952C2623F8}.Debug|Mixed Platforms.Build.0 = Debug|Any CPU
		{984C6927-3A86-4EBF-9754-73952C2623F8}.Debug|Mixed Platforms.Deploy.0 = Debug|Any CPU
		{984C6927-3A86-4EBF-9754-73952C2623F8}.Debug|x64.ActiveCfg = Debug|Any CPU
		{984C6927-3A86-4EBF-9754-73952C2623F8}.Debug|x86.ActiveCfg = Debug|Any CPU
		{984C6927-3A86-4EBF-9754-73952C2623F8}.Debug|x86.Build.0 = Debug|Any CPU
		{984C6927-3A86-4EBF-9754-73952C2623F8}.Release|Any CPU.ActiveCfg = Release|Any CPU
		{984C6927-3A86-4EBF-9754-73952C2623F8}.Release|Any CPU.Build.0 = Release|Any CPU
		{984C6927-3A86-4EBF-9754-73952C2623F8}.Release|Any CPU.Deploy.0 = Release|Any CPU
		{984C6927-3A86-4EBF-9754-73952C2623F8}.Release|ARM.ActiveCfg = Release|Any CPU
		{984C6927-3A86-4EBF-9754-73952C2623F8}.Release|iPhone.ActiveCfg = Release|Any CPU
		{984C6927-3A86-4EBF-9754-73952C2623F8}.Release|iPhoneSimulator.ActiveCfg = Release|Any CPU
		{984C6927-3A86-4EBF-9754-73952C2623F8}.Release|Mixed Platforms.ActiveCfg = Release|Any CPU
		{984C6927-3A86-4EBF-9754-73952C2623F8}.Release|Mixed Platforms.Build.0 = Release|Any CPU
		{984C6927-3A86-4EBF-9754-73952C2623F8}.Release|Mixed Platforms.Deploy.0 = Release|Any CPU
		{984C6927-3A86-4EBF-9754-73952C2623F8}.Release|x64.ActiveCfg = Release|Any CPU
		{984C6927-3A86-4EBF-9754-73952C2623F8}.Release|x86.ActiveCfg = Release|Any CPU
		{8045853F-195D-44CE-B8CE-09F776E22902}.Debug|Any CPU.ActiveCfg = Debug|iPhone
		{8045853F-195D-44CE-B8CE-09F776E22902}.Debug|ARM.ActiveCfg = Debug|iPhone
		{8045853F-195D-44CE-B8CE-09F776E22902}.Debug|iPhone.ActiveCfg = Debug|iPhone
		{8045853F-195D-44CE-B8CE-09F776E22902}.Debug|iPhone.Build.0 = Debug|iPhone
		{8045853F-195D-44CE-B8CE-09F776E22902}.Debug|iPhone.Deploy.0 = Debug|iPhone
		{8045853F-195D-44CE-B8CE-09F776E22902}.Debug|iPhoneSimulator.ActiveCfg = Debug|iPhoneSimulator
		{8045853F-195D-44CE-B8CE-09F776E22902}.Debug|iPhoneSimulator.Build.0 = Debug|iPhoneSimulator
		{8045853F-195D-44CE-B8CE-09F776E22902}.Debug|iPhoneSimulator.Deploy.0 = Debug|iPhoneSimulator
		{8045853F-195D-44CE-B8CE-09F776E22902}.Debug|Mixed Platforms.ActiveCfg = Debug|iPhone
		{8045853F-195D-44CE-B8CE-09F776E22902}.Debug|Mixed Platforms.Build.0 = Debug|iPhone
		{8045853F-195D-44CE-B8CE-09F776E22902}.Debug|Mixed Platforms.Deploy.0 = Debug|iPhone
		{8045853F-195D-44CE-B8CE-09F776E22902}.Debug|x64.ActiveCfg = Debug|iPhone
		{8045853F-195D-44CE-B8CE-09F776E22902}.Debug|x86.ActiveCfg = Debug|iPhone
		{8045853F-195D-44CE-B8CE-09F776E22902}.Release|Any CPU.ActiveCfg = Release|iPhone
		{8045853F-195D-44CE-B8CE-09F776E22902}.Release|ARM.ActiveCfg = Release|iPhone
		{8045853F-195D-44CE-B8CE-09F776E22902}.Release|iPhone.ActiveCfg = Release|iPhone
		{8045853F-195D-44CE-B8CE-09F776E22902}.Release|iPhone.Build.0 = Release|iPhone
		{8045853F-195D-44CE-B8CE-09F776E22902}.Release|iPhone.Deploy.0 = Release|iPhone
		{8045853F-195D-44CE-B8CE-09F776E22902}.Release|iPhoneSimulator.ActiveCfg = Release|iPhoneSimulator
		{8045853F-195D-44CE-B8CE-09F776E22902}.Release|iPhoneSimulator.Build.0 = Release|iPhoneSimulator
		{8045853F-195D-44CE-B8CE-09F776E22902}.Release|iPhoneSimulator.Deploy.0 = Release|iPhoneSimulator
		{8045853F-195D-44CE-B8CE-09F776E22902}.Release|Mixed Platforms.ActiveCfg = Release|iPhone
		{8045853F-195D-44CE-B8CE-09F776E22902}.Release|Mixed Platforms.Build.0 = Release|iPhone
		{8045853F-195D-44CE-B8CE-09F776E22902}.Release|Mixed Platforms.Deploy.0 = Release|iPhone
		{8045853F-195D-44CE-B8CE-09F776E22902}.Release|x64.ActiveCfg = Release|iPhone
		{8045853F-195D-44CE-B8CE-09F776E22902}.Release|x86.ActiveCfg = Release|iPhone
		{0F77566D-014F-4D09-B783-D4E701627D15}.Debug|Any CPU.ActiveCfg = Debug|Any CPU
		{0F77566D-014F-4D09-B783-D4E701627D15}.Debug|Any CPU.Build.0 = Debug|Any CPU
		{0F77566D-014F-4D09-B783-D4E701627D15}.Debug|ARM.ActiveCfg = Debug|Any CPU
		{0F77566D-014F-4D09-B783-D4E701627D15}.Debug|ARM.Build.0 = Debug|Any CPU
		{0F77566D-014F-4D09-B783-D4E701627D15}.Debug|iPhone.ActiveCfg = Debug|Any CPU
		{0F77566D-014F-4D09-B783-D4E701627D15}.Debug|iPhoneSimulator.ActiveCfg = Debug|Any CPU
		{0F77566D-014F-4D09-B783-D4E701627D15}.Debug|Mixed Platforms.ActiveCfg = Debug|Any CPU
		{0F77566D-014F-4D09-B783-D4E701627D15}.Debug|Mixed Platforms.Build.0 = Debug|Any CPU
		{0F77566D-014F-4D09-B783-D4E701627D15}.Debug|x64.ActiveCfg = Debug|Any CPU
		{0F77566D-014F-4D09-B783-D4E701627D15}.Debug|x86.ActiveCfg = Debug|Any CPU
		{0F77566D-014F-4D09-B783-D4E701627D15}.Debug|x86.Build.0 = Debug|Any CPU
		{0F77566D-014F-4D09-B783-D4E701627D15}.Release|Any CPU.ActiveCfg = Release|Any CPU
		{0F77566D-014F-4D09-B783-D4E701627D15}.Release|Any CPU.Build.0 = Release|Any CPU
		{0F77566D-014F-4D09-B783-D4E701627D15}.Release|ARM.ActiveCfg = Release|Any CPU
		{0F77566D-014F-4D09-B783-D4E701627D15}.Release|iPhone.ActiveCfg = Release|Any CPU
		{0F77566D-014F-4D09-B783-D4E701627D15}.Release|iPhoneSimulator.ActiveCfg = Release|Any CPU
		{0F77566D-014F-4D09-B783-D4E701627D15}.Release|Mixed Platforms.ActiveCfg = Release|Any CPU
		{0F77566D-014F-4D09-B783-D4E701627D15}.Release|Mixed Platforms.Build.0 = Release|Any CPU
		{0F77566D-014F-4D09-B783-D4E701627D15}.Release|x64.ActiveCfg = Release|Any CPU
		{0F77566D-014F-4D09-B783-D4E701627D15}.Release|x86.ActiveCfg = Release|Any CPU
		{A871B137-83A8-4E9B-913D-30EE0288E161}.Debug|Any CPU.ActiveCfg = Debug|Any CPU
		{A871B137-83A8-4E9B-913D-30EE0288E161}.Debug|Any CPU.Build.0 = Debug|Any CPU
		{A871B137-83A8-4E9B-913D-30EE0288E161}.Debug|ARM.ActiveCfg = Debug|Any CPU
		{A871B137-83A8-4E9B-913D-30EE0288E161}.Debug|iPhone.ActiveCfg = Debug|Any CPU
		{A871B137-83A8-4E9B-913D-30EE0288E161}.Debug|iPhone.Build.0 = Debug|Any CPU
		{A871B137-83A8-4E9B-913D-30EE0288E161}.Debug|iPhoneSimulator.ActiveCfg = Debug|Any CPU
		{A871B137-83A8-4E9B-913D-30EE0288E161}.Debug|iPhoneSimulator.Build.0 = Debug|Any CPU
		{A871B137-83A8-4E9B-913D-30EE0288E161}.Debug|Mixed Platforms.ActiveCfg = Debug|Any CPU
		{A871B137-83A8-4E9B-913D-30EE0288E161}.Debug|Mixed Platforms.Build.0 = Debug|Any CPU
		{A871B137-83A8-4E9B-913D-30EE0288E161}.Debug|x64.ActiveCfg = Debug|Any CPU
		{A871B137-83A8-4E9B-913D-30EE0288E161}.Debug|x86.ActiveCfg = Debug|Any CPU
		{A871B137-83A8-4E9B-913D-30EE0288E161}.Debug|x86.Build.0 = Debug|Any CPU
		{A871B137-83A8-4E9B-913D-30EE0288E161}.Release|Any CPU.ActiveCfg = Release|Any CPU
		{A871B137-83A8-4E9B-913D-30EE0288E161}.Release|Any CPU.Build.0 = Release|Any CPU
		{A871B137-83A8-4E9B-913D-30EE0288E161}.Release|ARM.ActiveCfg = Release|Any CPU
		{A871B137-83A8-4E9B-913D-30EE0288E161}.Release|iPhone.ActiveCfg = Release|Any CPU
		{A871B137-83A8-4E9B-913D-30EE0288E161}.Release|iPhoneSimulator.ActiveCfg = Release|Any CPU
		{A871B137-83A8-4E9B-913D-30EE0288E161}.Release|Mixed Platforms.ActiveCfg = Release|Any CPU
		{A871B137-83A8-4E9B-913D-30EE0288E161}.Release|Mixed Platforms.Build.0 = Release|Any CPU
		{A871B137-83A8-4E9B-913D-30EE0288E161}.Release|x64.ActiveCfg = Release|Any CPU
		{A871B137-83A8-4E9B-913D-30EE0288E161}.Release|x86.ActiveCfg = Release|Any CPU
		{9D2109B6-F005-4419-B9DB-8FA2A4514D28}.Debug|Any CPU.ActiveCfg = Debug|Any CPU
		{9D2109B6-F005-4419-B9DB-8FA2A4514D28}.Debug|Any CPU.Build.0 = Debug|Any CPU
		{9D2109B6-F005-4419-B9DB-8FA2A4514D28}.Debug|ARM.ActiveCfg = Debug|Any CPU
		{9D2109B6-F005-4419-B9DB-8FA2A4514D28}.Debug|iPhone.ActiveCfg = Debug|Any CPU
		{9D2109B6-F005-4419-B9DB-8FA2A4514D28}.Debug|iPhone.Build.0 = Debug|Any CPU
		{9D2109B6-F005-4419-B9DB-8FA2A4514D28}.Debug|iPhoneSimulator.ActiveCfg = Debug|Any CPU
		{9D2109B6-F005-4419-B9DB-8FA2A4514D28}.Debug|iPhoneSimulator.Build.0 = Debug|Any CPU
		{9D2109B6-F005-4419-B9DB-8FA2A4514D28}.Debug|Mixed Platforms.ActiveCfg = Debug|Any CPU
		{9D2109B6-F005-4419-B9DB-8FA2A4514D28}.Debug|Mixed Platforms.Build.0 = Debug|Any CPU
		{9D2109B6-F005-4419-B9DB-8FA2A4514D28}.Debug|x64.ActiveCfg = Debug|Any CPU
		{9D2109B6-F005-4419-B9DB-8FA2A4514D28}.Debug|x86.ActiveCfg = Debug|Any CPU
		{9D2109B6-F005-4419-B9DB-8FA2A4514D28}.Debug|x86.Build.0 = Debug|Any CPU
		{9D2109B6-F005-4419-B9DB-8FA2A4514D28}.Release|Any CPU.ActiveCfg = Release|Any CPU
		{9D2109B6-F005-4419-B9DB-8FA2A4514D28}.Release|Any CPU.Build.0 = Release|Any CPU
		{9D2109B6-F005-4419-B9DB-8FA2A4514D28}.Release|ARM.ActiveCfg = Release|Any CPU
		{9D2109B6-F005-4419-B9DB-8FA2A4514D28}.Release|iPhone.ActiveCfg = Release|Any CPU
		{9D2109B6-F005-4419-B9DB-8FA2A4514D28}.Release|iPhoneSimulator.ActiveCfg = Release|Any CPU
		{9D2109B6-F005-4419-B9DB-8FA2A4514D28}.Release|Mixed Platforms.ActiveCfg = Release|Any CPU
		{9D2109B6-F005-4419-B9DB-8FA2A4514D28}.Release|Mixed Platforms.Build.0 = Release|Any CPU
		{9D2109B6-F005-4419-B9DB-8FA2A4514D28}.Release|x64.ActiveCfg = Release|Any CPU
		{9D2109B6-F005-4419-B9DB-8FA2A4514D28}.Release|x86.ActiveCfg = Release|Any CPU
	EndGlobalSection
	GlobalSection(SolutionProperties) = preSolution
		HideSolutionNode = FALSE
	EndGlobalSection
	GlobalSection(NestedProjects) = preSolution
		{4C20D49A-FE5E-4D9C-98B9-8125450074F5} = {1389B3C6-701D-4812-A32B-D6662195EEA9}
		{75557793-E36E-4190-8714-5BD2665859FB} = {1389B3C6-701D-4812-A32B-D6662195EEA9}
		{41E0BBEA-091B-4C06-AE08-B7F50E2BEB8A} = {1389B3C6-701D-4812-A32B-D6662195EEA9}
		{A2500BD2-A9A2-4085-9978-DEE3675B02DD} = {C5440C41-582C-4372-B3D1-A7878A7C1CC9}
		{4864F1AA-A4B9-4F32-B319-A9BAC7D1B200} = {C5440C41-582C-4372-B3D1-A7878A7C1CC9}
		{574B5567-FF51-4B0F-A9ED-CC9F711E9156} = {C5440C41-582C-4372-B3D1-A7878A7C1CC9}
		{D8BBC92A-B213-463B-911D-3A106F91D5F9} = {C5440C41-582C-4372-B3D1-A7878A7C1CC9}
		{CD5D8A3A-5631-41BF-8161-8A2A7F892B71} = {C5440C41-582C-4372-B3D1-A7878A7C1CC9}
		{7C1A9BC1-3E60-4673-AC08-AC8399032D49} = {C5440C41-582C-4372-B3D1-A7878A7C1CC9}
		{46AE537A-1143-48A4-B9A4-4B2C7BD9AB1D} = {C5440C41-582C-4372-B3D1-A7878A7C1CC9}
		{8BE160B5-ADBF-4FE0-A0E2-A4A77A87E620} = {1389B3C6-701D-4812-A32B-D6662195EEA9}
		{3114E433-7FC1-4056-8CF9-2406E32BB10D} = {1389B3C6-701D-4812-A32B-D6662195EEA9}
		{B1CCA4C2-DEDF-43AF-B54D-067C5AC6A391} = {1389B3C6-701D-4812-A32B-D6662195EEA9}
		{984C6927-3A86-4EBF-9754-73952C2623F8} = {C5440C41-582C-4372-B3D1-A7878A7C1CC9}
		{8045853F-195D-44CE-B8CE-09F776E22902} = {C5440C41-582C-4372-B3D1-A7878A7C1CC9}
		{0F77566D-014F-4D09-B783-D4E701627D15} = {1389B3C6-701D-4812-A32B-D6662195EEA9}
		{A871B137-83A8-4E9B-913D-30EE0288E161} = {1389B3C6-701D-4812-A32B-D6662195EEA9}
		{9D2109B6-F005-4419-B9DB-8FA2A4514D28} = {1389B3C6-701D-4812-A32B-D6662195EEA9}
	EndGlobalSection
EndGlobal
