Microsoft Visual Studio Solution File, Format Version 12.00
# Visual Studio 2012
Project("{FAE04EC0-301F-11D3-BF4B-00C04F79EFBC}") = "Microsoft.WindowsAzure.Mobile", "src\Microsoft.WindowsAzure.MobileServices\Microsoft.WindowsAzure.Mobile.csproj", "{75557793-E36E-4190-8714-5BD2665859FB}"
EndProject
Project("{2150E333-8FDC-42A3-9474-1A3956D46DE8}") = "src", "src", "{BA83494B-A52F-4CC8-B2BE-E339376AD2D5}"
EndProject
Project("{2150E333-8FDC-42A3-9474-1A3956D46DE8}") = "test", "test", "{45E57CDC-7178-4915-8D0B-CF80F5E44AF6}"
EndProject
Project("{FAE04EC0-301F-11D3-BF4B-00C04F79EFBC}") = "Microsoft.WindowsAzure.Mobile.Ext.Win8", "src\Microsoft.WindowsAzure.MobileServices.WindowsStore\Microsoft.WindowsAzure.Mobile.Ext.Win8.csproj", "{41E0BBEA-091B-4C06-AE08-B7F50E2BEB8A}"
EndProject
Project("{FAE04EC0-301F-11D3-BF4B-00C04F79EFBC}") = "Microsoft.WindowsAzure.Mobile.Test", "test\Microsoft.WindowsAzure.MobileServices.Test\Microsoft.WindowsAzure.Mobile.Test.csproj", "{D8BBC92A-B213-463B-911D-3A106F91D5F9}"
EndProject
Project("{FAE04EC0-301F-11D3-BF4B-00C04F79EFBC}") = "Microsoft.WindowsAzure.Mobile.TestFramework", "test\Microsoft.WindowsAzure.MobileServices.TestFramework\Microsoft.WindowsAzure.Mobile.TestFramework.csproj", "{A2500BD2-A9A2-4085-9978-DEE3675B02DD}"
EndProject
Project("{FAE04EC0-301F-11D3-BF4B-00C04F79EFBC}") = "Microsoft.WindowsAzure.Mobile.Win8.Test", "test\Microsoft.WindowsAzure.MobileServices.WindowsStore.Test\Microsoft.WindowsAzure.Mobile.Win8.Test.csproj", "{4864F1AA-A4B9-4F32-B319-A9BAC7D1B200}"
EndProject
Project("{FAE04EC0-301F-11D3-BF4B-00C04F79EFBC}") = "Microsoft.WindowsAzure.Mobile.Ext.WP8", "src\Microsoft.WindowsAzure.MobileServices.WindowsPhone8\Microsoft.WindowsAzure.Mobile.Ext.WP8.csproj", "{3114E433-7FC1-4056-8CF9-2406E32BB10D}"
EndProject
Project("{FAE04EC0-301F-11D3-BF4B-00C04F79EFBC}") = "Microsoft.WindowsAzure.Mobile.UI.WP8", "src\Microsoft.WindowsAzure.MobileServices.WindowsPhone8.UI\Microsoft.WindowsAzure.Mobile.UI.WP8.csproj", "{B1CCA4C2-DEDF-43AF-B54D-067C5AC6A391}"
EndProject
Project("{FAE04EC0-301F-11D3-BF4B-00C04F79EFBC}") = "Microsoft.WindowsAzure.Mobile.WP8.Test", "test\Microsoft.WindowsAzure.MobileServices.WindowsPhone8.Test\Microsoft.WindowsAzure.Mobile.WP8.Test.csproj", "{46AE537A-1143-48A4-B9A4-4B2C7BD9AB1D}"
EndProject
Project("{FAE04EC0-301F-11D3-BF4B-00C04F79EFBC}") = "Microsoft.WindowsAzure.Mobile.Ext.WP75", "src\Microsoft.WindowsAzure.MobileServices.WindowsPhone75\Microsoft.WindowsAzure.Mobile.Ext.WP75.csproj", "{C76B324B-82FF-4F2C-844B-E5EA0E065F9D}"
EndProject
Project("{FAE04EC0-301F-11D3-BF4B-00C04F79EFBC}") = "Microsoft.WindowsAzure.Mobile.UI.WP75", "src\Microsoft.WindowsAzure.MobileServices.WindowsPhone75.UI\Microsoft.WindowsAzure.Mobile.UI.WP75.csproj", "{83832086-A54A-43CA-A1E5-7FEB4CDEE5BC}"
EndProject
Project("{FAE04EC0-301F-11D3-BF4B-00C04F79EFBC}") = "Microsoft.WindowsAzure.Mobile.WP75.Test", "test\Microsoft.WindowsAzure.MobileServices.WindowsPhone75.Test\Microsoft.WindowsAzure.Mobile.WP75.Test.csproj", "{5F7732D2-A3BE-4059-A549-31998EDF5351}"
EndProject
Project("{2150E333-8FDC-42A3-9474-1A3956D46DE8}") = ".nuget", ".nuget", "{E0DB6669-9295-4034-8E6D-7C4F2ED297DD}"
	ProjectSection(SolutionItems) = preProject
		.nuget\NuGet.Config = .nuget\NuGet.Config
		.nuget\NuGet.exe = .nuget\NuGet.exe
		.nuget\NuGet.targets = .nuget\NuGet.targets
	EndProjectSection
EndProject
Project("{FAE04EC0-301F-11D3-BF4B-00C04F79EFBC}") = "Microsoft.WindowsAzure.Mobile.Ext.Net45", "src\Microsoft.WindowsAzure.MobileServices.Net45\Microsoft.WindowsAzure.Mobile.Ext.Net45.csproj", "{8BE160B5-ADBF-4FE0-A0E2-A4A77A87E620}"
EndProject
Project("{FAE04EC0-301F-11D3-BF4B-00C04F79EFBC}") = "Microsoft.WindowsAzure.Mobile.Net45.Test", "test\Microsoft.WindowsAzure.Mobile.Net45.Test\Microsoft.WindowsAzure.Mobile.Net45.Test.csproj", "{7C1A9BC1-3E60-4673-AC08-AC8399032D49}"
EndProject
Project("{F184B08F-C81C-45F6-A57F-5ABD9991F28F}") = "Microsoft.WindowsAzure.Mobile.Net45.Vb.Test", "test\Microsoft.WindowsAzure.Mobile.Net45.Vb.Test\Microsoft.WindowsAzure.Mobile.Net45.Vb.Test.vbproj", "{D3C7CD26-984A-46D1-8618-8363199F1573}"
EndProject
Global
	GlobalSection(SolutionConfigurationPlatforms) = preSolution
		Debug|Any CPU = Debug|Any CPU
		Debug|ARM = Debug|ARM
		Debug|x64 = Debug|x64
		Debug|x86 = Debug|x86
		Release|Any CPU = Release|Any CPU
		Release|ARM = Release|ARM
		Release|x64 = Release|x64
		Release|x86 = Release|x86
		Signed|Any CPU = Signed|Any CPU
		Signed|ARM = Signed|ARM
		Signed|x64 = Signed|x64
		Signed|x86 = Signed|x86
	EndGlobalSection
	GlobalSection(ProjectConfigurationPlatforms) = postSolution
		{75557793-E36E-4190-8714-5BD2665859FB}.Debug|Any CPU.ActiveCfg = Debug|Any CPU
		{75557793-E36E-4190-8714-5BD2665859FB}.Debug|Any CPU.Build.0 = Debug|Any CPU
		{75557793-E36E-4190-8714-5BD2665859FB}.Debug|ARM.ActiveCfg = Debug|Any CPU
		{75557793-E36E-4190-8714-5BD2665859FB}.Debug|x64.ActiveCfg = Debug|Any CPU
		{75557793-E36E-4190-8714-5BD2665859FB}.Debug|x86.ActiveCfg = Debug|Any CPU
		{75557793-E36E-4190-8714-5BD2665859FB}.Release|Any CPU.ActiveCfg = Release|Any CPU
		{75557793-E36E-4190-8714-5BD2665859FB}.Release|Any CPU.Build.0 = Release|Any CPU
		{75557793-E36E-4190-8714-5BD2665859FB}.Release|ARM.ActiveCfg = Release|Any CPU
		{75557793-E36E-4190-8714-5BD2665859FB}.Release|x64.ActiveCfg = Release|Any CPU
		{75557793-E36E-4190-8714-5BD2665859FB}.Release|x86.ActiveCfg = Release|Any CPU
		{75557793-E36E-4190-8714-5BD2665859FB}.Signed|Any CPU.ActiveCfg = Release|Any CPU
		{75557793-E36E-4190-8714-5BD2665859FB}.Signed|Any CPU.Build.0 = Release|Any CPU
		{75557793-E36E-4190-8714-5BD2665859FB}.Signed|ARM.ActiveCfg = Release|Any CPU
		{75557793-E36E-4190-8714-5BD2665859FB}.Signed|x64.ActiveCfg = Release|Any CPU
		{75557793-E36E-4190-8714-5BD2665859FB}.Signed|x86.ActiveCfg = Release|Any CPU
		{41E0BBEA-091B-4C06-AE08-B7F50E2BEB8A}.Debug|Any CPU.ActiveCfg = Debug|Any CPU
		{41E0BBEA-091B-4C06-AE08-B7F50E2BEB8A}.Debug|Any CPU.Build.0 = Debug|Any CPU
		{41E0BBEA-091B-4C06-AE08-B7F50E2BEB8A}.Debug|ARM.ActiveCfg = Debug|Any CPU
		{41E0BBEA-091B-4C06-AE08-B7F50E2BEB8A}.Debug|x64.ActiveCfg = Debug|Any CPU
		{41E0BBEA-091B-4C06-AE08-B7F50E2BEB8A}.Debug|x86.ActiveCfg = Debug|Any CPU
		{41E0BBEA-091B-4C06-AE08-B7F50E2BEB8A}.Release|Any CPU.ActiveCfg = Release|Any CPU
		{41E0BBEA-091B-4C06-AE08-B7F50E2BEB8A}.Release|Any CPU.Build.0 = Release|Any CPU
		{41E0BBEA-091B-4C06-AE08-B7F50E2BEB8A}.Release|ARM.ActiveCfg = Release|Any CPU
		{41E0BBEA-091B-4C06-AE08-B7F50E2BEB8A}.Release|x64.ActiveCfg = Release|Any CPU
		{41E0BBEA-091B-4C06-AE08-B7F50E2BEB8A}.Release|x86.ActiveCfg = Release|Any CPU
		{41E0BBEA-091B-4C06-AE08-B7F50E2BEB8A}.Signed|Any CPU.ActiveCfg = Release|Any CPU
		{41E0BBEA-091B-4C06-AE08-B7F50E2BEB8A}.Signed|Any CPU.Build.0 = Release|Any CPU
		{41E0BBEA-091B-4C06-AE08-B7F50E2BEB8A}.Signed|ARM.ActiveCfg = Release|Any CPU
		{41E0BBEA-091B-4C06-AE08-B7F50E2BEB8A}.Signed|x64.ActiveCfg = Release|Any CPU
		{41E0BBEA-091B-4C06-AE08-B7F50E2BEB8A}.Signed|x86.ActiveCfg = Release|Any CPU
		{D8BBC92A-B213-463B-911D-3A106F91D5F9}.Debug|Any CPU.ActiveCfg = Debug|Any CPU
		{D8BBC92A-B213-463B-911D-3A106F91D5F9}.Debug|Any CPU.Build.0 = Debug|Any CPU
		{D8BBC92A-B213-463B-911D-3A106F91D5F9}.Debug|ARM.ActiveCfg = Debug|Any CPU
		{D8BBC92A-B213-463B-911D-3A106F91D5F9}.Debug|x64.ActiveCfg = Debug|Any CPU
		{D8BBC92A-B213-463B-911D-3A106F91D5F9}.Debug|x86.ActiveCfg = Debug|Any CPU
		{D8BBC92A-B213-463B-911D-3A106F91D5F9}.Release|Any CPU.ActiveCfg = Release|Any CPU
		{D8BBC92A-B213-463B-911D-3A106F91D5F9}.Release|Any CPU.Build.0 = Release|Any CPU
		{D8BBC92A-B213-463B-911D-3A106F91D5F9}.Release|ARM.ActiveCfg = Release|Any CPU
		{D8BBC92A-B213-463B-911D-3A106F91D5F9}.Release|x64.ActiveCfg = Release|Any CPU
		{D8BBC92A-B213-463B-911D-3A106F91D5F9}.Release|x86.ActiveCfg = Release|Any CPU
		{D8BBC92A-B213-463B-911D-3A106F91D5F9}.Signed|Any CPU.ActiveCfg = Release|Any CPU
		{D8BBC92A-B213-463B-911D-3A106F91D5F9}.Signed|Any CPU.Build.0 = Release|Any CPU
		{D8BBC92A-B213-463B-911D-3A106F91D5F9}.Signed|ARM.ActiveCfg = Release|Any CPU
		{D8BBC92A-B213-463B-911D-3A106F91D5F9}.Signed|x64.ActiveCfg = Release|Any CPU
		{D8BBC92A-B213-463B-911D-3A106F91D5F9}.Signed|x86.ActiveCfg = Release|Any CPU
		{A2500BD2-A9A2-4085-9978-DEE3675B02DD}.Debug|Any CPU.ActiveCfg = Debug|Any CPU
		{A2500BD2-A9A2-4085-9978-DEE3675B02DD}.Debug|Any CPU.Build.0 = Debug|Any CPU
		{A2500BD2-A9A2-4085-9978-DEE3675B02DD}.Debug|ARM.ActiveCfg = Debug|Any CPU
		{A2500BD2-A9A2-4085-9978-DEE3675B02DD}.Debug|x64.ActiveCfg = Debug|Any CPU
		{A2500BD2-A9A2-4085-9978-DEE3675B02DD}.Debug|x86.ActiveCfg = Debug|Any CPU
		{A2500BD2-A9A2-4085-9978-DEE3675B02DD}.Release|Any CPU.ActiveCfg = Release|Any CPU
		{A2500BD2-A9A2-4085-9978-DEE3675B02DD}.Release|Any CPU.Build.0 = Release|Any CPU
		{A2500BD2-A9A2-4085-9978-DEE3675B02DD}.Release|ARM.ActiveCfg = Release|Any CPU
		{A2500BD2-A9A2-4085-9978-DEE3675B02DD}.Release|x64.ActiveCfg = Release|Any CPU
		{A2500BD2-A9A2-4085-9978-DEE3675B02DD}.Release|x86.ActiveCfg = Release|Any CPU
		{A2500BD2-A9A2-4085-9978-DEE3675B02DD}.Signed|Any CPU.ActiveCfg = Release|Any CPU
		{A2500BD2-A9A2-4085-9978-DEE3675B02DD}.Signed|Any CPU.Build.0 = Release|Any CPU
		{A2500BD2-A9A2-4085-9978-DEE3675B02DD}.Signed|ARM.ActiveCfg = Release|Any CPU
		{A2500BD2-A9A2-4085-9978-DEE3675B02DD}.Signed|x64.ActiveCfg = Release|Any CPU
		{A2500BD2-A9A2-4085-9978-DEE3675B02DD}.Signed|x86.ActiveCfg = Release|Any CPU
		{4864F1AA-A4B9-4F32-B319-A9BAC7D1B200}.Debug|Any CPU.ActiveCfg = Debug|Any CPU
		{4864F1AA-A4B9-4F32-B319-A9BAC7D1B200}.Debug|Any CPU.Build.0 = Debug|Any CPU
		{4864F1AA-A4B9-4F32-B319-A9BAC7D1B200}.Debug|Any CPU.Deploy.0 = Debug|Any CPU
		{4864F1AA-A4B9-4F32-B319-A9BAC7D1B200}.Debug|ARM.ActiveCfg = Debug|ARM
		{4864F1AA-A4B9-4F32-B319-A9BAC7D1B200}.Debug|ARM.Build.0 = Debug|ARM
		{4864F1AA-A4B9-4F32-B319-A9BAC7D1B200}.Debug|ARM.Deploy.0 = Debug|ARM
		{4864F1AA-A4B9-4F32-B319-A9BAC7D1B200}.Debug|x64.ActiveCfg = Debug|x64
		{4864F1AA-A4B9-4F32-B319-A9BAC7D1B200}.Debug|x64.Build.0 = Debug|x64
		{4864F1AA-A4B9-4F32-B319-A9BAC7D1B200}.Debug|x64.Deploy.0 = Debug|x64
		{4864F1AA-A4B9-4F32-B319-A9BAC7D1B200}.Debug|x86.ActiveCfg = Debug|x86
		{4864F1AA-A4B9-4F32-B319-A9BAC7D1B200}.Debug|x86.Build.0 = Debug|x86
		{4864F1AA-A4B9-4F32-B319-A9BAC7D1B200}.Debug|x86.Deploy.0 = Debug|x86
		{4864F1AA-A4B9-4F32-B319-A9BAC7D1B200}.Release|Any CPU.ActiveCfg = Release|Any CPU
		{4864F1AA-A4B9-4F32-B319-A9BAC7D1B200}.Release|Any CPU.Build.0 = Release|Any CPU
		{4864F1AA-A4B9-4F32-B319-A9BAC7D1B200}.Release|Any CPU.Deploy.0 = Release|Any CPU
		{4864F1AA-A4B9-4F32-B319-A9BAC7D1B200}.Release|ARM.ActiveCfg = Release|ARM
		{4864F1AA-A4B9-4F32-B319-A9BAC7D1B200}.Release|ARM.Build.0 = Release|ARM
		{4864F1AA-A4B9-4F32-B319-A9BAC7D1B200}.Release|ARM.Deploy.0 = Release|ARM
		{4864F1AA-A4B9-4F32-B319-A9BAC7D1B200}.Release|x64.ActiveCfg = Release|x64
		{4864F1AA-A4B9-4F32-B319-A9BAC7D1B200}.Release|x64.Build.0 = Release|x64
		{4864F1AA-A4B9-4F32-B319-A9BAC7D1B200}.Release|x64.Deploy.0 = Release|x64
		{4864F1AA-A4B9-4F32-B319-A9BAC7D1B200}.Release|x86.ActiveCfg = Release|x86
		{4864F1AA-A4B9-4F32-B319-A9BAC7D1B200}.Release|x86.Build.0 = Release|x86
		{4864F1AA-A4B9-4F32-B319-A9BAC7D1B200}.Release|x86.Deploy.0 = Release|x86
		{4864F1AA-A4B9-4F32-B319-A9BAC7D1B200}.Signed|Any CPU.ActiveCfg = Release|Any CPU
		{4864F1AA-A4B9-4F32-B319-A9BAC7D1B200}.Signed|Any CPU.Build.0 = Release|Any CPU
		{4864F1AA-A4B9-4F32-B319-A9BAC7D1B200}.Signed|Any CPU.Deploy.0 = Release|Any CPU
		{4864F1AA-A4B9-4F32-B319-A9BAC7D1B200}.Signed|ARM.ActiveCfg = Release|ARM
		{4864F1AA-A4B9-4F32-B319-A9BAC7D1B200}.Signed|ARM.Build.0 = Release|ARM
		{4864F1AA-A4B9-4F32-B319-A9BAC7D1B200}.Signed|ARM.Deploy.0 = Release|ARM
		{4864F1AA-A4B9-4F32-B319-A9BAC7D1B200}.Signed|x64.ActiveCfg = Release|x64
		{4864F1AA-A4B9-4F32-B319-A9BAC7D1B200}.Signed|x64.Build.0 = Release|x64
		{4864F1AA-A4B9-4F32-B319-A9BAC7D1B200}.Signed|x64.Deploy.0 = Release|x64
		{4864F1AA-A4B9-4F32-B319-A9BAC7D1B200}.Signed|x86.ActiveCfg = Release|x86
		{4864F1AA-A4B9-4F32-B319-A9BAC7D1B200}.Signed|x86.Build.0 = Release|x86
		{4864F1AA-A4B9-4F32-B319-A9BAC7D1B200}.Signed|x86.Deploy.0 = Release|x86
		{3114E433-7FC1-4056-8CF9-2406E32BB10D}.Debug|Any CPU.ActiveCfg = Debug|Any CPU
		{3114E433-7FC1-4056-8CF9-2406E32BB10D}.Debug|Any CPU.Build.0 = Debug|Any CPU
		{3114E433-7FC1-4056-8CF9-2406E32BB10D}.Debug|ARM.ActiveCfg = Debug|ARM
		{3114E433-7FC1-4056-8CF9-2406E32BB10D}.Debug|ARM.Build.0 = Debug|ARM
		{3114E433-7FC1-4056-8CF9-2406E32BB10D}.Debug|x64.ActiveCfg = Debug|Any CPU
		{3114E433-7FC1-4056-8CF9-2406E32BB10D}.Debug|x86.ActiveCfg = Debug|x86
		{3114E433-7FC1-4056-8CF9-2406E32BB10D}.Debug|x86.Build.0 = Debug|x86
		{3114E433-7FC1-4056-8CF9-2406E32BB10D}.Release|Any CPU.ActiveCfg = Release|Any CPU
		{3114E433-7FC1-4056-8CF9-2406E32BB10D}.Release|Any CPU.Build.0 = Release|Any CPU
		{3114E433-7FC1-4056-8CF9-2406E32BB10D}.Release|ARM.ActiveCfg = Release|ARM
		{3114E433-7FC1-4056-8CF9-2406E32BB10D}.Release|ARM.Build.0 = Release|ARM
		{3114E433-7FC1-4056-8CF9-2406E32BB10D}.Release|x64.ActiveCfg = Release|Any CPU
		{3114E433-7FC1-4056-8CF9-2406E32BB10D}.Release|x86.ActiveCfg = Release|x86
		{3114E433-7FC1-4056-8CF9-2406E32BB10D}.Release|x86.Build.0 = Release|x86
		{3114E433-7FC1-4056-8CF9-2406E32BB10D}.Signed|Any CPU.ActiveCfg = Release|Any CPU
		{3114E433-7FC1-4056-8CF9-2406E32BB10D}.Signed|Any CPU.Build.0 = Release|Any CPU
		{3114E433-7FC1-4056-8CF9-2406E32BB10D}.Signed|ARM.ActiveCfg = Release|ARM
		{3114E433-7FC1-4056-8CF9-2406E32BB10D}.Signed|ARM.Build.0 = Release|ARM
		{3114E433-7FC1-4056-8CF9-2406E32BB10D}.Signed|x64.ActiveCfg = Release|Any CPU
		{3114E433-7FC1-4056-8CF9-2406E32BB10D}.Signed|x86.ActiveCfg = Release|x86
		{3114E433-7FC1-4056-8CF9-2406E32BB10D}.Signed|x86.Build.0 = Release|x86
		{B1CCA4C2-DEDF-43AF-B54D-067C5AC6A391}.Debug|Any CPU.ActiveCfg = Debug|Any CPU
		{B1CCA4C2-DEDF-43AF-B54D-067C5AC6A391}.Debug|Any CPU.Build.0 = Debug|Any CPU
		{B1CCA4C2-DEDF-43AF-B54D-067C5AC6A391}.Debug|ARM.ActiveCfg = Debug|ARM
		{B1CCA4C2-DEDF-43AF-B54D-067C5AC6A391}.Debug|ARM.Build.0 = Debug|ARM
		{B1CCA4C2-DEDF-43AF-B54D-067C5AC6A391}.Debug|x64.ActiveCfg = Debug|Any CPU
		{B1CCA4C2-DEDF-43AF-B54D-067C5AC6A391}.Debug|x86.ActiveCfg = Debug|x86
		{B1CCA4C2-DEDF-43AF-B54D-067C5AC6A391}.Debug|x86.Build.0 = Debug|x86
		{B1CCA4C2-DEDF-43AF-B54D-067C5AC6A391}.Release|Any CPU.ActiveCfg = Release|Any CPU
		{B1CCA4C2-DEDF-43AF-B54D-067C5AC6A391}.Release|Any CPU.Build.0 = Release|Any CPU
		{B1CCA4C2-DEDF-43AF-B54D-067C5AC6A391}.Release|ARM.ActiveCfg = Release|ARM
		{B1CCA4C2-DEDF-43AF-B54D-067C5AC6A391}.Release|ARM.Build.0 = Release|ARM
		{B1CCA4C2-DEDF-43AF-B54D-067C5AC6A391}.Release|x64.ActiveCfg = Release|Any CPU
		{B1CCA4C2-DEDF-43AF-B54D-067C5AC6A391}.Release|x86.ActiveCfg = Release|x86
		{B1CCA4C2-DEDF-43AF-B54D-067C5AC6A391}.Release|x86.Build.0 = Release|x86
		{B1CCA4C2-DEDF-43AF-B54D-067C5AC6A391}.Signed|Any CPU.ActiveCfg = Release|Any CPU
		{B1CCA4C2-DEDF-43AF-B54D-067C5AC6A391}.Signed|Any CPU.Build.0 = Release|Any CPU
		{B1CCA4C2-DEDF-43AF-B54D-067C5AC6A391}.Signed|ARM.ActiveCfg = Release|ARM
		{B1CCA4C2-DEDF-43AF-B54D-067C5AC6A391}.Signed|ARM.Build.0 = Release|ARM
		{B1CCA4C2-DEDF-43AF-B54D-067C5AC6A391}.Signed|x64.ActiveCfg = Release|Any CPU
		{B1CCA4C2-DEDF-43AF-B54D-067C5AC6A391}.Signed|x86.ActiveCfg = Release|x86
		{B1CCA4C2-DEDF-43AF-B54D-067C5AC6A391}.Signed|x86.Build.0 = Release|x86
		{46AE537A-1143-48A4-B9A4-4B2C7BD9AB1D}.Debug|Any CPU.ActiveCfg = Debug|Any CPU
		{46AE537A-1143-48A4-B9A4-4B2C7BD9AB1D}.Debug|Any CPU.Build.0 = Debug|Any CPU
		{46AE537A-1143-48A4-B9A4-4B2C7BD9AB1D}.Debug|Any CPU.Deploy.0 = Debug|Any CPU
		{46AE537A-1143-48A4-B9A4-4B2C7BD9AB1D}.Debug|ARM.ActiveCfg = Debug|ARM
		{46AE537A-1143-48A4-B9A4-4B2C7BD9AB1D}.Debug|ARM.Build.0 = Debug|ARM
		{46AE537A-1143-48A4-B9A4-4B2C7BD9AB1D}.Debug|ARM.Deploy.0 = Debug|ARM
		{46AE537A-1143-48A4-B9A4-4B2C7BD9AB1D}.Debug|x64.ActiveCfg = Debug|Any CPU
		{46AE537A-1143-48A4-B9A4-4B2C7BD9AB1D}.Debug|x86.ActiveCfg = Debug|x86
		{46AE537A-1143-48A4-B9A4-4B2C7BD9AB1D}.Debug|x86.Build.0 = Debug|x86
		{46AE537A-1143-48A4-B9A4-4B2C7BD9AB1D}.Debug|x86.Deploy.0 = Debug|x86
		{46AE537A-1143-48A4-B9A4-4B2C7BD9AB1D}.Release|Any CPU.ActiveCfg = Release|Any CPU
		{46AE537A-1143-48A4-B9A4-4B2C7BD9AB1D}.Release|Any CPU.Build.0 = Release|Any CPU
		{46AE537A-1143-48A4-B9A4-4B2C7BD9AB1D}.Release|Any CPU.Deploy.0 = Release|Any CPU
		{46AE537A-1143-48A4-B9A4-4B2C7BD9AB1D}.Release|ARM.ActiveCfg = Release|ARM
		{46AE537A-1143-48A4-B9A4-4B2C7BD9AB1D}.Release|ARM.Build.0 = Release|ARM
		{46AE537A-1143-48A4-B9A4-4B2C7BD9AB1D}.Release|ARM.Deploy.0 = Release|ARM
		{46AE537A-1143-48A4-B9A4-4B2C7BD9AB1D}.Release|x64.ActiveCfg = Release|Any CPU
		{46AE537A-1143-48A4-B9A4-4B2C7BD9AB1D}.Release|x86.ActiveCfg = Release|x86
		{46AE537A-1143-48A4-B9A4-4B2C7BD9AB1D}.Release|x86.Build.0 = Release|x86
		{46AE537A-1143-48A4-B9A4-4B2C7BD9AB1D}.Release|x86.Deploy.0 = Release|x86
		{46AE537A-1143-48A4-B9A4-4B2C7BD9AB1D}.Signed|Any CPU.ActiveCfg = Release|Any CPU
		{46AE537A-1143-48A4-B9A4-4B2C7BD9AB1D}.Signed|Any CPU.Build.0 = Release|Any CPU
		{46AE537A-1143-48A4-B9A4-4B2C7BD9AB1D}.Signed|Any CPU.Deploy.0 = Release|Any CPU
		{46AE537A-1143-48A4-B9A4-4B2C7BD9AB1D}.Signed|ARM.ActiveCfg = Release|ARM
		{46AE537A-1143-48A4-B9A4-4B2C7BD9AB1D}.Signed|ARM.Build.0 = Release|ARM
		{46AE537A-1143-48A4-B9A4-4B2C7BD9AB1D}.Signed|ARM.Deploy.0 = Release|ARM
		{46AE537A-1143-48A4-B9A4-4B2C7BD9AB1D}.Signed|x64.ActiveCfg = Release|Any CPU
		{46AE537A-1143-48A4-B9A4-4B2C7BD9AB1D}.Signed|x86.ActiveCfg = Release|x86
		{46AE537A-1143-48A4-B9A4-4B2C7BD9AB1D}.Signed|x86.Build.0 = Release|x86
		{46AE537A-1143-48A4-B9A4-4B2C7BD9AB1D}.Signed|x86.Deploy.0 = Release|x86
		{C76B324B-82FF-4F2C-844B-E5EA0E065F9D}.Debug|Any CPU.ActiveCfg = Debug|Any CPU
		{C76B324B-82FF-4F2C-844B-E5EA0E065F9D}.Debug|Any CPU.Build.0 = Debug|Any CPU
		{C76B324B-82FF-4F2C-844B-E5EA0E065F9D}.Debug|ARM.ActiveCfg = Debug|Any CPU
		{C76B324B-82FF-4F2C-844B-E5EA0E065F9D}.Debug|x64.ActiveCfg = Debug|Any CPU
		{C76B324B-82FF-4F2C-844B-E5EA0E065F9D}.Debug|x86.ActiveCfg = Debug|Any CPU
		{C76B324B-82FF-4F2C-844B-E5EA0E065F9D}.Release|Any CPU.ActiveCfg = Release|Any CPU
		{C76B324B-82FF-4F2C-844B-E5EA0E065F9D}.Release|Any CPU.Build.0 = Release|Any CPU
		{C76B324B-82FF-4F2C-844B-E5EA0E065F9D}.Release|ARM.ActiveCfg = Release|Any CPU
		{C76B324B-82FF-4F2C-844B-E5EA0E065F9D}.Release|x64.ActiveCfg = Release|Any CPU
		{C76B324B-82FF-4F2C-844B-E5EA0E065F9D}.Release|x86.ActiveCfg = Release|Any CPU
		{C76B324B-82FF-4F2C-844B-E5EA0E065F9D}.Signed|Any CPU.ActiveCfg = Release|Any CPU
		{C76B324B-82FF-4F2C-844B-E5EA0E065F9D}.Signed|Any CPU.Build.0 = Release|Any CPU
		{C76B324B-82FF-4F2C-844B-E5EA0E065F9D}.Signed|ARM.ActiveCfg = Release|Any CPU
		{C76B324B-82FF-4F2C-844B-E5EA0E065F9D}.Signed|x64.ActiveCfg = Release|Any CPU
		{C76B324B-82FF-4F2C-844B-E5EA0E065F9D}.Signed|x86.ActiveCfg = Release|Any CPU
		{83832086-A54A-43CA-A1E5-7FEB4CDEE5BC}.Debug|Any CPU.ActiveCfg = Debug|Any CPU
		{83832086-A54A-43CA-A1E5-7FEB4CDEE5BC}.Debug|Any CPU.Build.0 = Debug|Any CPU
		{83832086-A54A-43CA-A1E5-7FEB4CDEE5BC}.Debug|ARM.ActiveCfg = Debug|Any CPU
		{83832086-A54A-43CA-A1E5-7FEB4CDEE5BC}.Debug|x64.ActiveCfg = Debug|Any CPU
		{83832086-A54A-43CA-A1E5-7FEB4CDEE5BC}.Debug|x86.ActiveCfg = Debug|Any CPU
		{83832086-A54A-43CA-A1E5-7FEB4CDEE5BC}.Release|Any CPU.ActiveCfg = Release|Any CPU
		{83832086-A54A-43CA-A1E5-7FEB4CDEE5BC}.Release|Any CPU.Build.0 = Release|Any CPU
		{83832086-A54A-43CA-A1E5-7FEB4CDEE5BC}.Release|ARM.ActiveCfg = Release|Any CPU
		{83832086-A54A-43CA-A1E5-7FEB4CDEE5BC}.Release|x64.ActiveCfg = Release|Any CPU
		{83832086-A54A-43CA-A1E5-7FEB4CDEE5BC}.Release|x86.ActiveCfg = Release|Any CPU
		{83832086-A54A-43CA-A1E5-7FEB4CDEE5BC}.Signed|Any CPU.ActiveCfg = Release|Any CPU
		{83832086-A54A-43CA-A1E5-7FEB4CDEE5BC}.Signed|Any CPU.Build.0 = Release|Any CPU
		{83832086-A54A-43CA-A1E5-7FEB4CDEE5BC}.Signed|ARM.ActiveCfg = Release|Any CPU
		{83832086-A54A-43CA-A1E5-7FEB4CDEE5BC}.Signed|x64.ActiveCfg = Release|Any CPU
		{83832086-A54A-43CA-A1E5-7FEB4CDEE5BC}.Signed|x86.ActiveCfg = Release|Any CPU
		{5F7732D2-A3BE-4059-A549-31998EDF5351}.Debug|Any CPU.ActiveCfg = Debug|Any CPU
		{5F7732D2-A3BE-4059-A549-31998EDF5351}.Debug|Any CPU.Build.0 = Debug|Any CPU
		{5F7732D2-A3BE-4059-A549-31998EDF5351}.Debug|Any CPU.Deploy.0 = Debug|Any CPU
		{5F7732D2-A3BE-4059-A549-31998EDF5351}.Debug|ARM.ActiveCfg = Debug|Any CPU
		{5F7732D2-A3BE-4059-A549-31998EDF5351}.Debug|x64.ActiveCfg = Debug|Any CPU
		{5F7732D2-A3BE-4059-A549-31998EDF5351}.Debug|x86.ActiveCfg = Debug|Any CPU
		{5F7732D2-A3BE-4059-A549-31998EDF5351}.Release|Any CPU.ActiveCfg = Release|Any CPU
		{5F7732D2-A3BE-4059-A549-31998EDF5351}.Release|Any CPU.Build.0 = Release|Any CPU
		{5F7732D2-A3BE-4059-A549-31998EDF5351}.Release|Any CPU.Deploy.0 = Release|Any CPU
		{5F7732D2-A3BE-4059-A549-31998EDF5351}.Release|ARM.ActiveCfg = Release|Any CPU
		{5F7732D2-A3BE-4059-A549-31998EDF5351}.Release|x64.ActiveCfg = Release|Any CPU
		{5F7732D2-A3BE-4059-A549-31998EDF5351}.Release|x86.ActiveCfg = Release|Any CPU
		{5F7732D2-A3BE-4059-A549-31998EDF5351}.Signed|Any CPU.ActiveCfg = Release|Any CPU
		{5F7732D2-A3BE-4059-A549-31998EDF5351}.Signed|Any CPU.Build.0 = Release|Any CPU
		{5F7732D2-A3BE-4059-A549-31998EDF5351}.Signed|Any CPU.Deploy.0 = Release|Any CPU
		{5F7732D2-A3BE-4059-A549-31998EDF5351}.Signed|ARM.ActiveCfg = Release|Any CPU
		{5F7732D2-A3BE-4059-A549-31998EDF5351}.Signed|x64.ActiveCfg = Release|Any CPU
		{5F7732D2-A3BE-4059-A549-31998EDF5351}.Signed|x86.ActiveCfg = Release|Any CPU
		{8BE160B5-ADBF-4FE0-A0E2-A4A77A87E620}.Debug|Any CPU.ActiveCfg = Debug|Any CPU
		{8BE160B5-ADBF-4FE0-A0E2-A4A77A87E620}.Debug|Any CPU.Build.0 = Debug|Any CPU
		{8BE160B5-ADBF-4FE0-A0E2-A4A77A87E620}.Debug|ARM.ActiveCfg = Debug|Any CPU
		{8BE160B5-ADBF-4FE0-A0E2-A4A77A87E620}.Debug|x64.ActiveCfg = Debug|Any CPU
		{8BE160B5-ADBF-4FE0-A0E2-A4A77A87E620}.Debug|x86.ActiveCfg = Debug|Any CPU
		{8BE160B5-ADBF-4FE0-A0E2-A4A77A87E620}.Release|Any CPU.ActiveCfg = Release|Any CPU
		{8BE160B5-ADBF-4FE0-A0E2-A4A77A87E620}.Release|Any CPU.Build.0 = Release|Any CPU
		{8BE160B5-ADBF-4FE0-A0E2-A4A77A87E620}.Release|ARM.ActiveCfg = Release|Any CPU
		{8BE160B5-ADBF-4FE0-A0E2-A4A77A87E620}.Release|x64.ActiveCfg = Release|Any CPU
		{8BE160B5-ADBF-4FE0-A0E2-A4A77A87E620}.Release|x86.ActiveCfg = Release|Any CPU
		{8BE160B5-ADBF-4FE0-A0E2-A4A77A87E620}.Signed|Any CPU.ActiveCfg = Release|Any CPU
		{8BE160B5-ADBF-4FE0-A0E2-A4A77A87E620}.Signed|Any CPU.Build.0 = Release|Any CPU
		{8BE160B5-ADBF-4FE0-A0E2-A4A77A87E620}.Signed|ARM.ActiveCfg = Release|Any CPU
		{8BE160B5-ADBF-4FE0-A0E2-A4A77A87E620}.Signed|x64.ActiveCfg = Release|Any CPU
		{8BE160B5-ADBF-4FE0-A0E2-A4A77A87E620}.Signed|x86.ActiveCfg = Release|Any CPU
		{7C1A9BC1-3E60-4673-AC08-AC8399032D49}.Debug|Any CPU.ActiveCfg = Debug|Any CPU
		{7C1A9BC1-3E60-4673-AC08-AC8399032D49}.Debug|Any CPU.Build.0 = Debug|Any CPU
		{7C1A9BC1-3E60-4673-AC08-AC8399032D49}.Debug|ARM.ActiveCfg = Debug|Any CPU
		{7C1A9BC1-3E60-4673-AC08-AC8399032D49}.Debug|x64.ActiveCfg = Debug|Any CPU
		{7C1A9BC1-3E60-4673-AC08-AC8399032D49}.Debug|x86.ActiveCfg = Debug|Any CPU
		{7C1A9BC1-3E60-4673-AC08-AC8399032D49}.Release|Any CPU.ActiveCfg = Release|Any CPU
		{7C1A9BC1-3E60-4673-AC08-AC8399032D49}.Release|Any CPU.Build.0 = Release|Any CPU
		{7C1A9BC1-3E60-4673-AC08-AC8399032D49}.Release|ARM.ActiveCfg = Release|Any CPU
		{7C1A9BC1-3E60-4673-AC08-AC8399032D49}.Release|x64.ActiveCfg = Release|Any CPU
		{7C1A9BC1-3E60-4673-AC08-AC8399032D49}.Release|x86.ActiveCfg = Release|Any CPU
		{7C1A9BC1-3E60-4673-AC08-AC8399032D49}.Signed|Any CPU.ActiveCfg = Release|Any CPU
		{7C1A9BC1-3E60-4673-AC08-AC8399032D49}.Signed|Any CPU.Build.0 = Release|Any CPU
		{7C1A9BC1-3E60-4673-AC08-AC8399032D49}.Signed|ARM.ActiveCfg = Release|Any CPU
		{7C1A9BC1-3E60-4673-AC08-AC8399032D49}.Signed|x64.ActiveCfg = Release|Any CPU
		{7C1A9BC1-3E60-4673-AC08-AC8399032D49}.Signed|x86.ActiveCfg = Release|Any CPU
		{D3C7CD26-984A-46D1-8618-8363199F1573}.Debug|Any CPU.ActiveCfg = Debug|Any CPU
		{D3C7CD26-984A-46D1-8618-8363199F1573}.Debug|Any CPU.Build.0 = Debug|Any CPU
		{D3C7CD26-984A-46D1-8618-8363199F1573}.Debug|ARM.ActiveCfg = Debug|Any CPU
		{D3C7CD26-984A-46D1-8618-8363199F1573}.Debug|x64.ActiveCfg = Debug|Any CPU
		{D3C7CD26-984A-46D1-8618-8363199F1573}.Debug|x86.ActiveCfg = Debug|Any CPU
		{D3C7CD26-984A-46D1-8618-8363199F1573}.Release|Any CPU.ActiveCfg = Release|Any CPU
		{D3C7CD26-984A-46D1-8618-8363199F1573}.Release|Any CPU.Build.0 = Release|Any CPU
		{D3C7CD26-984A-46D1-8618-8363199F1573}.Release|ARM.ActiveCfg = Release|Any CPU
		{D3C7CD26-984A-46D1-8618-8363199F1573}.Release|x64.ActiveCfg = Release|Any CPU
		{D3C7CD26-984A-46D1-8618-8363199F1573}.Release|x86.ActiveCfg = Release|Any CPU
		{D3C7CD26-984A-46D1-8618-8363199F1573}.Signed|Any CPU.ActiveCfg = Release|Any CPU
		{D3C7CD26-984A-46D1-8618-8363199F1573}.Signed|Any CPU.Build.0 = Release|Any CPU
		{D3C7CD26-984A-46D1-8618-8363199F1573}.Signed|ARM.ActiveCfg = Release|Any CPU
		{D3C7CD26-984A-46D1-8618-8363199F1573}.Signed|x64.ActiveCfg = Release|Any CPU
		{D3C7CD26-984A-46D1-8618-8363199F1573}.Signed|x86.ActiveCfg = Release|Any CPU
	EndGlobalSection
	GlobalSection(SolutionProperties) = preSolution
		HideSolutionNode = FALSE
	EndGlobalSection
	GlobalSection(NestedProjects) = preSolution
		{75557793-E36E-4190-8714-5BD2665859FB} = {BA83494B-A52F-4CC8-B2BE-E339376AD2D5}
		{41E0BBEA-091B-4C06-AE08-B7F50E2BEB8A} = {BA83494B-A52F-4CC8-B2BE-E339376AD2D5}
		{3114E433-7FC1-4056-8CF9-2406E32BB10D} = {BA83494B-A52F-4CC8-B2BE-E339376AD2D5}
		{B1CCA4C2-DEDF-43AF-B54D-067C5AC6A391} = {BA83494B-A52F-4CC8-B2BE-E339376AD2D5}
		{C76B324B-82FF-4F2C-844B-E5EA0E065F9D} = {BA83494B-A52F-4CC8-B2BE-E339376AD2D5}
		{83832086-A54A-43CA-A1E5-7FEB4CDEE5BC} = {BA83494B-A52F-4CC8-B2BE-E339376AD2D5}
		{8BE160B5-ADBF-4FE0-A0E2-A4A77A87E620} = {BA83494B-A52F-4CC8-B2BE-E339376AD2D5}
		{D8BBC92A-B213-463B-911D-3A106F91D5F9} = {45E57CDC-7178-4915-8D0B-CF80F5E44AF6}
		{A2500BD2-A9A2-4085-9978-DEE3675B02DD} = {45E57CDC-7178-4915-8D0B-CF80F5E44AF6}
		{4864F1AA-A4B9-4F32-B319-A9BAC7D1B200} = {45E57CDC-7178-4915-8D0B-CF80F5E44AF6}
		{46AE537A-1143-48A4-B9A4-4B2C7BD9AB1D} = {45E57CDC-7178-4915-8D0B-CF80F5E44AF6}
		{5F7732D2-A3BE-4059-A549-31998EDF5351} = {45E57CDC-7178-4915-8D0B-CF80F5E44AF6}
		{7C1A9BC1-3E60-4673-AC08-AC8399032D49} = {45E57CDC-7178-4915-8D0B-CF80F5E44AF6}
		{D3C7CD26-984A-46D1-8618-8363199F1573} = {45E57CDC-7178-4915-8D0B-CF80F5E44AF6}
	EndGlobalSection
EndGlobal
