
Microsoft Visual Studio Solution File, Format Version 12.00
# Visual Studio Express 2013 for Windows
VisualStudioVersion = 12.0.21005.1
MinimumVisualStudioVersion = 10.0.40219.1
Project("{262852C6-CD72-467D-83FE-5EEB1973A190}") = "ZUMOAPPNAME", "ZUMOAPPNAME\ZUMOAPPNAME.jsproj", "{FABFD15B-1688-4739-904D-58828ABBF47F}"
EndProject
Project("{2150E333-8FDC-42A3-9474-1A3956D46DE8}") = ".nuget", ".nuget", "{0F0F874A-91E1-44C9-B68B-8BB6DAED3141}"
	ProjectSection(SolutionItems) = preProject
		.nuget\NuGet.Config = .nuget\NuGet.Config
		.nuget\NuGet.targets = .nuget\NuGet.targets
	EndProjectSection
EndProject
Global
	GlobalSection(SolutionConfigurationPlatforms) = preSolution
		Debug|Any CPU = Debug|Any CPU
		Debug|ARM = Debug|ARM
		Debug|x64 = Debug|x64
		Debug|x86 = Debug|x86
		Release|Any CPU = Release|Any CPU
		Release|ARM = Release|ARM
		Release|x64 = Release|x64
		Release|x86 = Release|x86
	EndGlobalSection
	GlobalSection(ProjectConfigurationPlatforms) = postSolution
		{FABFD15B-1688-4739-904D-58828ABBF47F}.Debug|Any CPU.ActiveCfg = Debug|Any CPU
		{FABFD15B-1688-4739-904D-58828ABBF47F}.Debug|Any CPU.Build.0 = Debug|Any CPU
		{FABFD15B-1688-4739-904D-58828ABBF47F}.Debug|Any CPU.Deploy.0 = Debug|Any CPU
		{FABFD15B-1688-4739-904D-58828ABBF47F}.Debug|ARM.ActiveCfg = Debug|ARM
		{FABFD15B-1688-4739-904D-58828ABBF47F}.Debug|ARM.Build.0 = Debug|ARM
		{FABFD15B-1688-4739-904D-58828ABBF47F}.Debug|ARM.Deploy.0 = Debug|ARM
		{FABFD15B-1688-4739-904D-58828ABBF47F}.Debug|x64.ActiveCfg = Debug|x64
		{FABFD15B-1688-4739-904D-58828ABBF47F}.Debug|x64.Build.0 = Debug|x64
		{FABFD15B-1688-4739-904D-58828ABBF47F}.Debug|x64.Deploy.0 = Debug|x64
		{FABFD15B-1688-4739-904D-58828ABBF47F}.Debug|x86.ActiveCfg = Debug|x86
		{FABFD15B-1688-4739-904D-58828ABBF47F}.Debug|x86.Build.0 = Debug|x86
		{FABFD15B-1688-4739-904D-58828ABBF47F}.Debug|x86.Deploy.0 = Debug|x86
		{FABFD15B-1688-4739-904D-58828ABBF47F}.Release|Any CPU.ActiveCfg = Release|Any CPU
		{FABFD15B-1688-4739-904D-58828ABBF47F}.Release|Any CPU.Build.0 = Release|Any CPU
		{FABFD15B-1688-4739-904D-58828ABBF47F}.Release|Any CPU.Deploy.0 = Release|Any CPU
		{FABFD15B-1688-4739-904D-58828ABBF47F}.Release|ARM.ActiveCfg = Release|ARM
		{FABFD15B-1688-4739-904D-58828ABBF47F}.Release|ARM.Build.0 = Release|ARM
		{FABFD15B-1688-4739-904D-58828ABBF47F}.Release|ARM.Deploy.0 = Release|ARM
		{FABFD15B-1688-4739-904D-58828ABBF47F}.Release|x64.ActiveCfg = Release|x64
		{FABFD15B-1688-4739-904D-58828ABBF47F}.Release|x64.Build.0 = Release|x64
		{FABFD15B-1688-4739-904D-58828ABBF47F}.Release|x64.Deploy.0 = Release|x64
		{FABFD15B-1688-4739-904D-58828ABBF47F}.Release|x86.ActiveCfg = Release|x86
		{FABFD15B-1688-4739-904D-58828ABBF47F}.Release|x86.Build.0 = Release|x86
		{FABFD15B-1688-4739-904D-58828ABBF47F}.Release|x86.Deploy.0 = Release|x86
	EndGlobalSection
	GlobalSection(SolutionProperties) = preSolution
		HideSolutionNode = FALSE
	EndGlobalSection
EndGlobal
