// !$*UTF8*$!
{
	archiveVersion = 1;
	classes = {
	};
	objectVersion = 46;
	objects = {

/* Begin PBXAggregateTarget section */
		E8E37977161F8E6B00C13F00 /* Framework */ = {
			isa = PBXAggregateTarget;
			buildConfigurationList = E8E37978161F8E6B00C13F00 /* Build configuration list for PBXAggregateTarget "Framework" */;
			buildPhases = (
				E8E3797D161F8ED900C13F00 /* ShellScript */,
			);
			dependencies = (
				E8E3797C161F8EB400C13F00 /* PBXTargetDependency */,
			);
			name = Framework;
			productName = Framework;
		};
/* End PBXAggregateTarget section */

/* Begin PBXBuildFile section */
		A214410C182631A500C2E762 /* MSTableFuncTests.m in Sources */ = {isa = PBXBuildFile; fileRef = A214410B182631A500C2E762 /* MSTableFuncTests.m */; };
		A22CF3731825914700660C79 /* MSTable+MSTableTestUtilities.m in Sources */ = {isa = PBXBuildFile; fileRef = A22CF3721825914700660C79 /* MSTable+MSTableTestUtilities.m */; };
		AD0D4FCC1922030E001F4766 /* MSLocalStorageTests.m in Sources */ = {isa = PBXBuildFile; fileRef = AD0D4FCB1922030E001F4766 /* MSLocalStorageTests.m */; };
		AD0D4FD519257DFC001F4766 /* MSPushRequest.h in Headers */ = {isa = PBXBuildFile; fileRef = AD0D4FD319257DFC001F4766 /* MSPushRequest.h */; };
		AD0D4FD619257DFC001F4766 /* MSPushRequest.m in Sources */ = {isa = PBXBuildFile; fileRef = AD0D4FD419257DFC001F4766 /* MSPushRequest.m */; };
		AD0D4FD919259D70001F4766 /* MSPushHttp.h in Headers */ = {isa = PBXBuildFile; fileRef = AD0D4FD719259D70001F4766 /* MSPushHttp.h */; };
		AD0D4FDA19259D70001F4766 /* MSPushHttp.m in Sources */ = {isa = PBXBuildFile; fileRef = AD0D4FD819259D70001F4766 /* MSPushHttp.m */; };
		AD0D4FE119281111001F4766 /* MSPush.h in Headers */ = {isa = PBXBuildFile; fileRef = AD0D4FDF19281111001F4766 /* MSPush.h */; settings = {ATTRIBUTES = (Public, ); }; };
		AD0D4FE219281111001F4766 /* MSPush.m in Sources */ = {isa = PBXBuildFile; fileRef = AD0D4FE019281111001F4766 /* MSPush.m */; };
		AD45B93F1929D90000188AF3 /* MSPushHttpTests.m in Sources */ = {isa = PBXBuildFile; fileRef = AD45B93E1929D90000188AF3 /* MSPushHttpTests.m */; };
		AD45B9421934FDD100188AF3 /* MSRegistrationManager.h in Headers */ = {isa = PBXBuildFile; fileRef = AD45B9401934FDD100188AF3 /* MSRegistrationManager.h */; };
		AD45B9431934FDD100188AF3 /* MSRegistrationManager.m in Sources */ = {isa = PBXBuildFile; fileRef = AD45B9411934FDD100188AF3 /* MSRegistrationManager.m */; };
		ADA6A4A2193C2CD4000C9425 /* MSPushTests.m in Sources */ = {isa = PBXBuildFile; fileRef = ADA6A4A1193C2CD4000C9425 /* MSPushTests.m */; };
		ADA6A4AA193C3D5F000C9425 /* MSMultiRequestTestFilter.m in Sources */ = {isa = PBXBuildFile; fileRef = ADA6A4A4193C3C60000C9425 /* MSMultiRequestTestFilter.m */; };
		ADB659F1190738AB008C638F /* MSLocalStorage.h in Headers */ = {isa = PBXBuildFile; fileRef = ADB659EF190738AB008C638F /* MSLocalStorage.h */; };
		ADB659F2190738AB008C638F /* MSLocalStorage.m in Sources */ = {isa = PBXBuildFile; fileRef = ADB659F0190738AB008C638F /* MSLocalStorage.m */; };
		E8146642165BE0150038EBE5 /* MSLogin.h in Headers */ = {isa = PBXBuildFile; fileRef = E8146640165BE0150038EBE5 /* MSLogin.h */; };
		E8146643165BE0150038EBE5 /* MSLogin.m in Sources */ = {isa = PBXBuildFile; fileRef = E8146641165BE0150038EBE5 /* MSLogin.m */; };
		E8146646165BE2440038EBE5 /* MSLoginSerializer.h in Headers */ = {isa = PBXBuildFile; fileRef = E8146644165BE2440038EBE5 /* MSLoginSerializer.h */; };
		E8146647165BE2440038EBE5 /* MSLoginSerializer.m in Sources */ = {isa = PBXBuildFile; fileRef = E8146645165BE2440038EBE5 /* MSLoginSerializer.m */; };
		E814664B165C07EB0038EBE5 /* MSLoginController.m in Sources */ = {isa = PBXBuildFile; fileRef = E814664A165C07EB0038EBE5 /* MSLoginController.m */; };
		E84CA4CF162369BD009B2588 /* MSUserAgentBuilder.h in Headers */ = {isa = PBXBuildFile; fileRef = E84CA4CD162369BD009B2588 /* MSUserAgentBuilder.h */; };
		E84CA4D0162369BD009B2588 /* MSUserAgentBuilder.m in Sources */ = {isa = PBXBuildFile; fileRef = E84CA4CE162369BD009B2588 /* MSUserAgentBuilder.m */; };
		E84CA4D316236A6E009B2588 /* UIKit.framework in Frameworks */ = {isa = PBXBuildFile; fileRef = E84CA4D216236A6E009B2588 /* UIKit.framework */; };
		E84CA4D6162373E2009B2588 /* MSUserAgentBuilderTests.m in Sources */ = {isa = PBXBuildFile; fileRef = E84CA4D5162373E2009B2588 /* MSUserAgentBuilderTests.m */; };
		E84CA4DE16272371009B2588 /* UIKit.framework in Frameworks */ = {isa = PBXBuildFile; fileRef = E84CA4D216236A6E009B2588 /* UIKit.framework */; };
		E84CA4E116272C15009B2588 /* MSLoginController.h in Headers */ = {isa = PBXBuildFile; fileRef = 402774F8161F73AB00A23A8F /* MSLoginController.h */; settings = {ATTRIBUTES = (Public, ); }; };
		E8653C0C16559C15002CB440 /* MSLoginView.h in Headers */ = {isa = PBXBuildFile; fileRef = E8653C0A16559C15002CB440 /* MSLoginView.h */; settings = {ATTRIBUTES = (); }; };
		E8653C0D16559C15002CB440 /* MSLoginView.m in Sources */ = {isa = PBXBuildFile; fileRef = E8653C0B16559C15002CB440 /* MSLoginView.m */; };
		E87BB01C161A28FC008053F9 /* MSClientTests.m in Sources */ = {isa = PBXBuildFile; fileRef = E87BB01B161A28FC008053F9 /* MSClientTests.m */; };
		E87BB01F161A446C008053F9 /* MSURLBuilder.m in Sources */ = {isa = PBXBuildFile; fileRef = E87BB01E161A446C008053F9 /* MSURLBuilder.m */; };
		E87BB022161B57C8008053F9 /* MSUserTests.m in Sources */ = {isa = PBXBuildFile; fileRef = E87BB021161B57C8008053F9 /* MSUserTests.m */; };
		E87BB025161B5A4D008053F9 /* MSTableTests.m in Sources */ = {isa = PBXBuildFile; fileRef = E87BB024161B5A4D008053F9 /* MSTableTests.m */; };
		E8C44042170BAD49002FC997 /* MSAPIConnection.h in Headers */ = {isa = PBXBuildFile; fileRef = E8C44040170BAD49002FC997 /* MSAPIConnection.h */; };
		E8C44043170BAD49002FC997 /* MSAPIConnection.m in Sources */ = {isa = PBXBuildFile; fileRef = E8C44041170BAD49002FC997 /* MSAPIConnection.m */; };
		E8C44047170BAD93002FC997 /* MSAPIRequest.h in Headers */ = {isa = PBXBuildFile; fileRef = E8C44045170BAD93002FC997 /* MSAPIRequest.h */; };
		E8C44048170BAD93002FC997 /* MSAPIRequest.m in Sources */ = {isa = PBXBuildFile; fileRef = E8C44046170BAD93002FC997 /* MSAPIRequest.m */; };
		E8E37904161E2FC500C13F00 /* MSTestFilter.m in Sources */ = {isa = PBXBuildFile; fileRef = E8E37903161E2FC500C13F00 /* MSTestFilter.m */; };
		E8E37907161F4D0D00C13F00 /* MSFilterTest.m in Sources */ = {isa = PBXBuildFile; fileRef = E8E37906161F4D0D00C13F00 /* MSFilterTest.m */; };
		E8E3790D161F769D00C13F00 /* WindowsAzureMobileServices.h in Headers */ = {isa = PBXBuildFile; fileRef = E8F33B14161667CE002DD7C6 /* WindowsAzureMobileServices.h */; settings = {ATTRIBUTES = (Public, ); }; };
		E8E3790E161F769D00C13F00 /* MSClient.h in Headers */ = {isa = PBXBuildFile; fileRef = E8F33B0A161667CE002DD7C6 /* MSClient.h */; settings = {ATTRIBUTES = (Public, ); }; };
		E8E3790F161F769D00C13F00 /* MSError.h in Headers */ = {isa = PBXBuildFile; fileRef = E8F33B0C161667CE002DD7C6 /* MSError.h */; settings = {ATTRIBUTES = (Public, ); }; };
		E8E37910161F769D00C13F00 /* MSQuery.h in Headers */ = {isa = PBXBuildFile; fileRef = E8F33B0E161667CE002DD7C6 /* MSQuery.h */; settings = {ATTRIBUTES = (Public, ); }; };
		E8E37911161F769D00C13F00 /* MSTable.h in Headers */ = {isa = PBXBuildFile; fileRef = E8F33B10161667CE002DD7C6 /* MSTable.h */; settings = {ATTRIBUTES = (Public, ); }; };
		E8E37912161F769D00C13F00 /* MSUser.h in Headers */ = {isa = PBXBuildFile; fileRef = E8F33B12161667CE002DD7C6 /* MSUser.h */; settings = {ATTRIBUTES = (Public, ); }; };
		E8E37913161F769D00C13F00 /* MSFilter.h in Headers */ = {isa = PBXBuildFile; fileRef = E8E378FF161E14E800C13F00 /* MSFilter.h */; settings = {ATTRIBUTES = (Public, ); }; };
		E8E37914161F769D00C13F00 /* MSClientConnection.h in Headers */ = {isa = PBXBuildFile; fileRef = E8F33B1E16166822002DD7C6 /* MSClientConnection.h */; };
		E8E37915161F769D00C13F00 /* MSTableConnection.h in Headers */ = {isa = PBXBuildFile; fileRef = E8F33B2016166822002DD7C6 /* MSTableConnection.h */; };
		E8E37916161F769D00C13F00 /* MSTableRequest.h in Headers */ = {isa = PBXBuildFile; fileRef = E8F33B2216166822002DD7C6 /* MSTableRequest.h */; };
		E8E37917161F769D00C13F00 /* MSURLBuilder.h in Headers */ = {isa = PBXBuildFile; fileRef = E87BB01D161A446C008053F9 /* MSURLBuilder.h */; };
		E8E37918161F769D00C13F00 /* MSNaiveISODateFormatter.h in Headers */ = {isa = PBXBuildFile; fileRef = E8EA24BB161CFC5300BE055D /* MSNaiveISODateFormatter.h */; };
		E8E37919161F769D00C13F00 /* MSSerializer.h in Headers */ = {isa = PBXBuildFile; fileRef = E8F33B2916166837002DD7C6 /* MSSerializer.h */; };
		E8E3791A161F769D00C13F00 /* MSJSONSerializer.h in Headers */ = {isa = PBXBuildFile; fileRef = E8F33B2716166837002DD7C6 /* MSJSONSerializer.h */; };
		E8E3791B161F769D00C13F00 /* MSPredicateTranslator.h in Headers */ = {isa = PBXBuildFile; fileRef = E8F33B2B1616684F002DD7C6 /* MSPredicateTranslator.h */; };
		E8EA24BD161CFC5300BE055D /* MSNaiveISODateFormatter.m in Sources */ = {isa = PBXBuildFile; fileRef = E8EA24BC161CFC5300BE055D /* MSNaiveISODateFormatter.m */; };
		E8EA24C0161CFCF400BE055D /* MSURLbuilderTests.m in Sources */ = {isa = PBXBuildFile; fileRef = E8EA24BE161CFC6400BE055D /* MSURLbuilderTests.m */; };
		E8EE7842170CAEDC00C2848F /* MSClientInternal.h in Headers */ = {isa = PBXBuildFile; fileRef = E8EE7841170CAEDC00C2848F /* MSClientInternal.h */; };
		E8F33ADF1616659C002DD7C6 /* Foundation.framework in Frameworks */ = {isa = PBXBuildFile; fileRef = E8F33ADE1616659C002DD7C6 /* Foundation.framework */; };
		E8F33AEE1616659C002DD7C6 /* SenTestingKit.framework in Frameworks */ = {isa = PBXBuildFile; fileRef = E8F33AED1616659C002DD7C6 /* SenTestingKit.framework */; };
		E8F33AF11616659C002DD7C6 /* Foundation.framework in Frameworks */ = {isa = PBXBuildFile; fileRef = E8F33ADE1616659C002DD7C6 /* Foundation.framework */; };
		E8F33AF41616659C002DD7C6 /* libWindowsAzureMobileServices.a in Frameworks */ = {isa = PBXBuildFile; fileRef = E8F33ADB1616659C002DD7C6 /* libWindowsAzureMobileServices.a */; };
		E8F33AFA1616659C002DD7C6 /* InfoPlist.strings in Resources */ = {isa = PBXBuildFile; fileRef = E8F33AF81616659C002DD7C6 /* InfoPlist.strings */; };
		E8F33B15161667CE002DD7C6 /* MSClient.m in Sources */ = {isa = PBXBuildFile; fileRef = E8F33B0B161667CE002DD7C6 /* MSClient.m */; };
		E8F33B16161667CE002DD7C6 /* MSError.m in Sources */ = {isa = PBXBuildFile; fileRef = E8F33B0D161667CE002DD7C6 /* MSError.m */; };
		E8F33B17161667CE002DD7C6 /* MSQuery.m in Sources */ = {isa = PBXBuildFile; fileRef = E8F33B0F161667CE002DD7C6 /* MSQuery.m */; };
		E8F33B18161667CE002DD7C6 /* MSTable.m in Sources */ = {isa = PBXBuildFile; fileRef = E8F33B11161667CE002DD7C6 /* MSTable.m */; };
		E8F33B19161667CE002DD7C6 /* MSUser.m in Sources */ = {isa = PBXBuildFile; fileRef = E8F33B13161667CE002DD7C6 /* MSUser.m */; };
		E8F33B2416166822002DD7C6 /* MSClientConnection.m in Sources */ = {isa = PBXBuildFile; fileRef = E8F33B1F16166822002DD7C6 /* MSClientConnection.m */; };
		E8F33B2516166822002DD7C6 /* MSTableConnection.m in Sources */ = {isa = PBXBuildFile; fileRef = E8F33B2116166822002DD7C6 /* MSTableConnection.m */; };
		E8F33B2616166822002DD7C6 /* MSTableRequest.m in Sources */ = {isa = PBXBuildFile; fileRef = E8F33B2316166822002DD7C6 /* MSTableRequest.m */; };
		E8F33B2A16166837002DD7C6 /* MSJSONSerializer.m in Sources */ = {isa = PBXBuildFile; fileRef = E8F33B2816166837002DD7C6 /* MSJSONSerializer.m */; };
		E8F33B2F1616684F002DD7C6 /* MSPredicateTranslator.m in Sources */ = {isa = PBXBuildFile; fileRef = E8F33B2C1616684F002DD7C6 /* MSPredicateTranslator.m */; };
		E8F33B3C16166945002DD7C6 /* WindowsAzureMobileServicesFunctionalTests.m in Sources */ = {isa = PBXBuildFile; fileRef = E8F33B34161668C4002DD7C6 /* WindowsAzureMobileServicesFunctionalTests.m */; };
		E8F33B3D1616694C002DD7C6 /* MSQueryTests.m in Sources */ = {isa = PBXBuildFile; fileRef = E8F33B3A161668ED002DD7C6 /* MSQueryTests.m */; };
		E8F33B3E16166956002DD7C6 /* MSJSONSerializerTests.m in Sources */ = {isa = PBXBuildFile; fileRef = E8F33B36161668DA002DD7C6 /* MSJSONSerializerTests.m */; };
		E8F33B3F1616695E002DD7C6 /* MSPredicateTranslatorTests.m in Sources */ = {isa = PBXBuildFile; fileRef = E8F33B38161668E4002DD7C6 /* MSPredicateTranslatorTests.m */; };
/* End PBXBuildFile section */

/* Begin PBXContainerItemProxy section */
		E8E3797B161F8EB400C13F00 /* PBXContainerItemProxy */ = {
			isa = PBXContainerItemProxy;
			containerPortal = E8F33AD21616659C002DD7C6 /* Project object */;
			proxyType = 1;
			remoteGlobalIDString = E8F33ADA1616659C002DD7C6;
			remoteInfo = WindowsAzureMobileServices;
		};
		E8F33AF21616659C002DD7C6 /* PBXContainerItemProxy */ = {
			isa = PBXContainerItemProxy;
			containerPortal = E8F33AD21616659C002DD7C6 /* Project object */;
			proxyType = 1;
			remoteGlobalIDString = E8F33ADA1616659C002DD7C6;
			remoteInfo = WindowsAzureMobileServices;
		};
/* End PBXContainerItemProxy section */

/* Begin PBXCopyFilesBuildPhase section */
		E8F33AD91616659C002DD7C6 /* Copy Files */ = {
			isa = PBXCopyFilesBuildPhase;
			buildActionMask = 2147483647;
			dstPath = "include/${PRODUCT_NAME}";
			dstSubfolderSpec = 16;
			files = (
			);
			name = "Copy Files";
			runOnlyForDeploymentPostprocessing = 0;
		};
/* End PBXCopyFilesBuildPhase section */

/* Begin PBXFileReference section */
		402774F8161F73AB00A23A8F /* MSLoginController.h */ = {isa = PBXFileReference; fileEncoding = 4; lastKnownFileType = sourcecode.c.h; path = MSLoginController.h; sourceTree = "<group>"; };
		A214410B182631A500C2E762 /* MSTableFuncTests.m */ = {isa = PBXFileReference; fileEncoding = 4; lastKnownFileType = sourcecode.c.objc; path = MSTableFuncTests.m; sourceTree = "<group>"; };
		A22CF3711825914700660C79 /* MSTable+MSTableTestUtilities.h */ = {isa = PBXFileReference; fileEncoding = 4; lastKnownFileType = sourcecode.c.h; path = "MSTable+MSTableTestUtilities.h"; sourceTree = "<group>"; };
		A22CF3721825914700660C79 /* MSTable+MSTableTestUtilities.m */ = {isa = PBXFileReference; fileEncoding = 4; lastKnownFileType = sourcecode.c.objc; path = "MSTable+MSTableTestUtilities.m"; sourceTree = "<group>"; };
		AD0D4FCB1922030E001F4766 /* MSLocalStorageTests.m */ = {isa = PBXFileReference; fileEncoding = 4; lastKnownFileType = sourcecode.c.objc; path = MSLocalStorageTests.m; sourceTree = "<group>"; };
		AD0D4FD319257DFC001F4766 /* MSPushRequest.h */ = {isa = PBXFileReference; fileEncoding = 4; lastKnownFileType = sourcecode.c.h; path = MSPushRequest.h; sourceTree = "<group>"; };
		AD0D4FD419257DFC001F4766 /* MSPushRequest.m */ = {isa = PBXFileReference; fileEncoding = 4; lastKnownFileType = sourcecode.c.objc; path = MSPushRequest.m; sourceTree = "<group>"; };
		AD0D4FD719259D70001F4766 /* MSPushHttp.h */ = {isa = PBXFileReference; fileEncoding = 4; lastKnownFileType = sourcecode.c.h; path = MSPushHttp.h; sourceTree = "<group>"; };
		AD0D4FD819259D70001F4766 /* MSPushHttp.m */ = {isa = PBXFileReference; fileEncoding = 4; lastKnownFileType = sourcecode.c.objc; path = MSPushHttp.m; sourceTree = "<group>"; };
		AD0D4FDF19281111001F4766 /* MSPush.h */ = {isa = PBXFileReference; fileEncoding = 4; lastKnownFileType = sourcecode.c.h; path = MSPush.h; sourceTree = "<group>"; };
		AD0D4FE019281111001F4766 /* MSPush.m */ = {isa = PBXFileReference; fileEncoding = 4; lastKnownFileType = sourcecode.c.objc; path = MSPush.m; sourceTree = "<group>"; };
		AD45B93E1929D90000188AF3 /* MSPushHttpTests.m */ = {isa = PBXFileReference; fileEncoding = 4; lastKnownFileType = sourcecode.c.objc; path = MSPushHttpTests.m; sourceTree = "<group>"; };
		AD45B9401934FDD100188AF3 /* MSRegistrationManager.h */ = {isa = PBXFileReference; fileEncoding = 4; lastKnownFileType = sourcecode.c.h; path = MSRegistrationManager.h; sourceTree = "<group>"; };
		AD45B9411934FDD100188AF3 /* MSRegistrationManager.m */ = {isa = PBXFileReference; fileEncoding = 4; lastKnownFileType = sourcecode.c.objc; path = MSRegistrationManager.m; sourceTree = "<group>"; };
		ADA6A4A1193C2CD4000C9425 /* MSPushTests.m */ = {isa = PBXFileReference; fileEncoding = 4; lastKnownFileType = sourcecode.c.objc; path = MSPushTests.m; sourceTree = "<group>"; };
		ADA6A4A3193C3C60000C9425 /* MSMultiRequestTestFilter.h */ = {isa = PBXFileReference; fileEncoding = 4; lastKnownFileType = sourcecode.c.h; path = MSMultiRequestTestFilter.h; sourceTree = "<group>"; };
		ADA6A4A4193C3C60000C9425 /* MSMultiRequestTestFilter.m */ = {isa = PBXFileReference; fileEncoding = 4; lastKnownFileType = sourcecode.c.objc; path = MSMultiRequestTestFilter.m; sourceTree = "<group>"; };
		ADB659EF190738AB008C638F /* MSLocalStorage.h */ = {isa = PBXFileReference; fileEncoding = 4; lastKnownFileType = sourcecode.c.h; path = MSLocalStorage.h; sourceTree = "<group>"; };
		ADB659F0190738AB008C638F /* MSLocalStorage.m */ = {isa = PBXFileReference; fileEncoding = 4; lastKnownFileType = sourcecode.c.objc; path = MSLocalStorage.m; sourceTree = "<group>"; };
		E8146640165BE0150038EBE5 /* MSLogin.h */ = {isa = PBXFileReference; fileEncoding = 4; lastKnownFileType = sourcecode.c.h; path = MSLogin.h; sourceTree = "<group>"; };
		E8146641165BE0150038EBE5 /* MSLogin.m */ = {isa = PBXFileReference; fileEncoding = 4; lastKnownFileType = sourcecode.c.objc; path = MSLogin.m; sourceTree = "<group>"; };
		E8146644165BE2440038EBE5 /* MSLoginSerializer.h */ = {isa = PBXFileReference; fileEncoding = 4; lastKnownFileType = sourcecode.c.h; path = MSLoginSerializer.h; sourceTree = "<group>"; };
		E8146645165BE2440038EBE5 /* MSLoginSerializer.m */ = {isa = PBXFileReference; fileEncoding = 4; lastKnownFileType = sourcecode.c.objc; path = MSLoginSerializer.m; sourceTree = "<group>"; };
		E814664A165C07EB0038EBE5 /* MSLoginController.m */ = {isa = PBXFileReference; fileEncoding = 4; lastKnownFileType = sourcecode.c.objc; path = MSLoginController.m; sourceTree = "<group>"; };
		E84CA4CD162369BD009B2588 /* MSUserAgentBuilder.h */ = {isa = PBXFileReference; fileEncoding = 4; lastKnownFileType = sourcecode.c.h; path = MSUserAgentBuilder.h; sourceTree = "<group>"; };
		E84CA4CE162369BD009B2588 /* MSUserAgentBuilder.m */ = {isa = PBXFileReference; fileEncoding = 4; lastKnownFileType = sourcecode.c.objc; path = MSUserAgentBuilder.m; sourceTree = "<group>"; };
		E84CA4D216236A6E009B2588 /* UIKit.framework */ = {isa = PBXFileReference; lastKnownFileType = wrapper.framework; name = UIKit.framework; path = System/Library/Frameworks/UIKit.framework; sourceTree = SDKROOT; };
		E84CA4D5162373E2009B2588 /* MSUserAgentBuilderTests.m */ = {isa = PBXFileReference; fileEncoding = 4; lastKnownFileType = sourcecode.c.objc; path = MSUserAgentBuilderTests.m; sourceTree = "<group>"; };
		E8653C0A16559C15002CB440 /* MSLoginView.h */ = {isa = PBXFileReference; fileEncoding = 4; lastKnownFileType = sourcecode.c.h; path = MSLoginView.h; sourceTree = "<group>"; };
		E8653C0B16559C15002CB440 /* MSLoginView.m */ = {isa = PBXFileReference; fileEncoding = 4; lastKnownFileType = sourcecode.c.objc; path = MSLoginView.m; sourceTree = "<group>"; };
		E87BB01B161A28FC008053F9 /* MSClientTests.m */ = {isa = PBXFileReference; fileEncoding = 4; lastKnownFileType = sourcecode.c.objc; path = MSClientTests.m; sourceTree = "<group>"; };
		E87BB01D161A446C008053F9 /* MSURLBuilder.h */ = {isa = PBXFileReference; fileEncoding = 4; lastKnownFileType = sourcecode.c.h; path = MSURLBuilder.h; sourceTree = "<group>"; };
		E87BB01E161A446C008053F9 /* MSURLBuilder.m */ = {isa = PBXFileReference; fileEncoding = 4; lastKnownFileType = sourcecode.c.objc; path = MSURLBuilder.m; sourceTree = "<group>"; };
		E87BB021161B57C8008053F9 /* MSUserTests.m */ = {isa = PBXFileReference; fileEncoding = 4; lastKnownFileType = sourcecode.c.objc; path = MSUserTests.m; sourceTree = "<group>"; };
		E87BB024161B5A4D008053F9 /* MSTableTests.m */ = {isa = PBXFileReference; fileEncoding = 4; lastKnownFileType = sourcecode.c.objc; path = MSTableTests.m; sourceTree = "<group>"; };
		E8C44040170BAD49002FC997 /* MSAPIConnection.h */ = {isa = PBXFileReference; fileEncoding = 4; lastKnownFileType = sourcecode.c.h; path = MSAPIConnection.h; sourceTree = "<group>"; };
		E8C44041170BAD49002FC997 /* MSAPIConnection.m */ = {isa = PBXFileReference; fileEncoding = 4; lastKnownFileType = sourcecode.c.objc; path = MSAPIConnection.m; sourceTree = "<group>"; };
		E8C44045170BAD93002FC997 /* MSAPIRequest.h */ = {isa = PBXFileReference; fileEncoding = 4; lastKnownFileType = sourcecode.c.h; path = MSAPIRequest.h; sourceTree = "<group>"; };
		E8C44046170BAD93002FC997 /* MSAPIRequest.m */ = {isa = PBXFileReference; fileEncoding = 4; lastKnownFileType = sourcecode.c.objc; path = MSAPIRequest.m; sourceTree = "<group>"; };
		E8E378FF161E14E800C13F00 /* MSFilter.h */ = {isa = PBXFileReference; lastKnownFileType = sourcecode.c.h; path = MSFilter.h; sourceTree = "<group>"; };
		E8E37902161E2FC500C13F00 /* MSTestFilter.h */ = {isa = PBXFileReference; fileEncoding = 4; lastKnownFileType = sourcecode.c.h; path = MSTestFilter.h; sourceTree = "<group>"; };
		E8E37903161E2FC500C13F00 /* MSTestFilter.m */ = {isa = PBXFileReference; fileEncoding = 4; lastKnownFileType = sourcecode.c.objc; path = MSTestFilter.m; sourceTree = "<group>"; };
		E8E37906161F4D0D00C13F00 /* MSFilterTest.m */ = {isa = PBXFileReference; fileEncoding = 4; lastKnownFileType = sourcecode.c.objc; path = MSFilterTest.m; sourceTree = "<group>"; };
		E8EA24BB161CFC5300BE055D /* MSNaiveISODateFormatter.h */ = {isa = PBXFileReference; fileEncoding = 4; lastKnownFileType = sourcecode.c.h; path = MSNaiveISODateFormatter.h; sourceTree = "<group>"; };
		E8EA24BC161CFC5300BE055D /* MSNaiveISODateFormatter.m */ = {isa = PBXFileReference; fileEncoding = 4; lastKnownFileType = sourcecode.c.objc; path = MSNaiveISODateFormatter.m; sourceTree = "<group>"; };
		E8EA24BE161CFC6400BE055D /* MSURLbuilderTests.m */ = {isa = PBXFileReference; fileEncoding = 4; lastKnownFileType = sourcecode.c.objc; path = MSURLbuilderTests.m; sourceTree = "<group>"; };
		E8EE7841170CAEDC00C2848F /* MSClientInternal.h */ = {isa = PBXFileReference; fileEncoding = 4; lastKnownFileType = sourcecode.c.h; path = MSClientInternal.h; sourceTree = "<group>"; };
		E8F33ADB1616659C002DD7C6 /* libWindowsAzureMobileServices.a */ = {isa = PBXFileReference; explicitFileType = archive.ar; includeInIndex = 0; path = libWindowsAzureMobileServices.a; sourceTree = BUILT_PRODUCTS_DIR; };
		E8F33ADE1616659C002DD7C6 /* Foundation.framework */ = {isa = PBXFileReference; lastKnownFileType = wrapper.framework; name = Foundation.framework; path = System/Library/Frameworks/Foundation.framework; sourceTree = SDKROOT; };
		E8F33AE21616659C002DD7C6 /* WindowsAzureMobileServices-Prefix.pch */ = {isa = PBXFileReference; lastKnownFileType = sourcecode.c.h; path = "WindowsAzureMobileServices-Prefix.pch"; sourceTree = "<group>"; };
		E8F33AEC1616659C002DD7C6 /* WindowsAzureMobileServicesTests.octest */ = {isa = PBXFileReference; explicitFileType = wrapper.cfbundle; includeInIndex = 0; path = WindowsAzureMobileServicesTests.octest; sourceTree = BUILT_PRODUCTS_DIR; };
		E8F33AED1616659C002DD7C6 /* SenTestingKit.framework */ = {isa = PBXFileReference; lastKnownFileType = wrapper.framework; name = SenTestingKit.framework; path = Library/Frameworks/SenTestingKit.framework; sourceTree = DEVELOPER_DIR; };
		E8F33AF71616659C002DD7C6 /* WindowsAzureMobileServicesTests-Info.plist */ = {isa = PBXFileReference; lastKnownFileType = text.plist.xml; path = "WindowsAzureMobileServicesTests-Info.plist"; sourceTree = "<group>"; };
		E8F33AF91616659C002DD7C6 /* en */ = {isa = PBXFileReference; lastKnownFileType = text.plist.strings; name = en; path = en.lproj/InfoPlist.strings; sourceTree = "<group>"; };
		E8F33B0A161667CE002DD7C6 /* MSClient.h */ = {isa = PBXFileReference; fileEncoding = 4; lastKnownFileType = sourcecode.c.h; path = MSClient.h; sourceTree = "<group>"; };
		E8F33B0B161667CE002DD7C6 /* MSClient.m */ = {isa = PBXFileReference; fileEncoding = 4; lastKnownFileType = sourcecode.c.objc; path = MSClient.m; sourceTree = "<group>"; };
		E8F33B0C161667CE002DD7C6 /* MSError.h */ = {isa = PBXFileReference; fileEncoding = 4; lastKnownFileType = sourcecode.c.h; path = MSError.h; sourceTree = "<group>"; };
		E8F33B0D161667CE002DD7C6 /* MSError.m */ = {isa = PBXFileReference; fileEncoding = 4; lastKnownFileType = sourcecode.c.objc; path = MSError.m; sourceTree = "<group>"; };
		E8F33B0E161667CE002DD7C6 /* MSQuery.h */ = {isa = PBXFileReference; fileEncoding = 4; lastKnownFileType = sourcecode.c.h; path = MSQuery.h; sourceTree = "<group>"; };
		E8F33B0F161667CE002DD7C6 /* MSQuery.m */ = {isa = PBXFileReference; fileEncoding = 4; lastKnownFileType = sourcecode.c.objc; path = MSQuery.m; sourceTree = "<group>"; };
		E8F33B10161667CE002DD7C6 /* MSTable.h */ = {isa = PBXFileReference; fileEncoding = 4; lastKnownFileType = sourcecode.c.h; path = MSTable.h; sourceTree = "<group>"; };
		E8F33B11161667CE002DD7C6 /* MSTable.m */ = {isa = PBXFileReference; fileEncoding = 4; lastKnownFileType = sourcecode.c.objc; path = MSTable.m; sourceTree = "<group>"; };
		E8F33B12161667CE002DD7C6 /* MSUser.h */ = {isa = PBXFileReference; fileEncoding = 4; lastKnownFileType = sourcecode.c.h; path = MSUser.h; sourceTree = "<group>"; };
		E8F33B13161667CE002DD7C6 /* MSUser.m */ = {isa = PBXFileReference; fileEncoding = 4; lastKnownFileType = sourcecode.c.objc; path = MSUser.m; sourceTree = "<group>"; };
		E8F33B14161667CE002DD7C6 /* WindowsAzureMobileServices.h */ = {isa = PBXFileReference; fileEncoding = 4; lastKnownFileType = sourcecode.c.h; path = WindowsAzureMobileServices.h; sourceTree = "<group>"; };
		E8F33B1E16166822002DD7C6 /* MSClientConnection.h */ = {isa = PBXFileReference; fileEncoding = 4; lastKnownFileType = sourcecode.c.h; path = MSClientConnection.h; sourceTree = "<group>"; };
		E8F33B1F16166822002DD7C6 /* MSClientConnection.m */ = {isa = PBXFileReference; fileEncoding = 4; lastKnownFileType = sourcecode.c.objc; path = MSClientConnection.m; sourceTree = "<group>"; };
		E8F33B2016166822002DD7C6 /* MSTableConnection.h */ = {isa = PBXFileReference; fileEncoding = 4; lastKnownFileType = sourcecode.c.h; path = MSTableConnection.h; sourceTree = "<group>"; };
		E8F33B2116166822002DD7C6 /* MSTableConnection.m */ = {isa = PBXFileReference; fileEncoding = 4; lastKnownFileType = sourcecode.c.objc; path = MSTableConnection.m; sourceTree = "<group>"; };
		E8F33B2216166822002DD7C6 /* MSTableRequest.h */ = {isa = PBXFileReference; fileEncoding = 4; lastKnownFileType = sourcecode.c.h; path = MSTableRequest.h; sourceTree = "<group>"; };
		E8F33B2316166822002DD7C6 /* MSTableRequest.m */ = {isa = PBXFileReference; fileEncoding = 4; lastKnownFileType = sourcecode.c.objc; path = MSTableRequest.m; sourceTree = "<group>"; };
		E8F33B2716166837002DD7C6 /* MSJSONSerializer.h */ = {isa = PBXFileReference; fileEncoding = 4; lastKnownFileType = sourcecode.c.h; path = MSJSONSerializer.h; sourceTree = "<group>"; };
		E8F33B2816166837002DD7C6 /* MSJSONSerializer.m */ = {isa = PBXFileReference; fileEncoding = 4; lastKnownFileType = sourcecode.c.objc; path = MSJSONSerializer.m; sourceTree = "<group>"; };
		E8F33B2916166837002DD7C6 /* MSSerializer.h */ = {isa = PBXFileReference; fileEncoding = 4; lastKnownFileType = sourcecode.c.h; path = MSSerializer.h; sourceTree = "<group>"; };
		E8F33B2B1616684F002DD7C6 /* MSPredicateTranslator.h */ = {isa = PBXFileReference; fileEncoding = 4; lastKnownFileType = sourcecode.c.h; path = MSPredicateTranslator.h; sourceTree = "<group>"; };
		E8F33B2C1616684F002DD7C6 /* MSPredicateTranslator.m */ = {isa = PBXFileReference; fileEncoding = 4; lastKnownFileType = sourcecode.c.objc; path = MSPredicateTranslator.m; sourceTree = "<group>"; };
		E8F33B34161668C4002DD7C6 /* WindowsAzureMobileServicesFunctionalTests.m */ = {isa = PBXFileReference; fileEncoding = 4; lastKnownFileType = sourcecode.c.objc; path = WindowsAzureMobileServicesFunctionalTests.m; sourceTree = "<group>"; };
		E8F33B36161668DA002DD7C6 /* MSJSONSerializerTests.m */ = {isa = PBXFileReference; fileEncoding = 4; lastKnownFileType = sourcecode.c.objc; path = MSJSONSerializerTests.m; sourceTree = "<group>"; };
		E8F33B38161668E4002DD7C6 /* MSPredicateTranslatorTests.m */ = {isa = PBXFileReference; fileEncoding = 4; lastKnownFileType = sourcecode.c.objc; path = MSPredicateTranslatorTests.m; sourceTree = "<group>"; };
		E8F33B3A161668ED002DD7C6 /* MSQueryTests.m */ = {isa = PBXFileReference; fileEncoding = 4; lastKnownFileType = sourcecode.c.objc; path = MSQueryTests.m; sourceTree = "<group>"; };
/* End PBXFileReference section */

/* Begin PBXFrameworksBuildPhase section */
		E8F33AD81616659C002DD7C6 /* Frameworks */ = {
			isa = PBXFrameworksBuildPhase;
			buildActionMask = 2147483647;
			files = (
				E84CA4D316236A6E009B2588 /* UIKit.framework in Frameworks */,
				E8F33ADF1616659C002DD7C6 /* Foundation.framework in Frameworks */,
			);
			runOnlyForDeploymentPostprocessing = 0;
		};
		E8F33AE81616659C002DD7C6 /* Frameworks */ = {
			isa = PBXFrameworksBuildPhase;
			buildActionMask = 2147483647;
			files = (
				E8F33AEE1616659C002DD7C6 /* SenTestingKit.framework in Frameworks */,
				E84CA4DE16272371009B2588 /* UIKit.framework in Frameworks */,
				E8F33AF11616659C002DD7C6 /* Foundation.framework in Frameworks */,
				E8F33AF41616659C002DD7C6 /* libWindowsAzureMobileServices.a in Frameworks */,
			);
			runOnlyForDeploymentPostprocessing = 0;
		};
/* End PBXFrameworksBuildPhase section */

/* Begin PBXGroup section */
		A2E7D5EF18237F21007153E4 /* Functional */ = {
			isa = PBXGroup;
			children = (
				A22CF3711825914700660C79 /* MSTable+MSTableTestUtilities.h */,
				A22CF3721825914700660C79 /* MSTable+MSTableTestUtilities.m */,
				A214410B182631A500C2E762 /* MSTableFuncTests.m */,
			);
			name = Functional;
			sourceTree = "<group>";
		};
		AD0D4FC81921FFB5001F4766 /* Push */ = {
			isa = PBXGroup;
			children = (
				AD0D4FCB1922030E001F4766 /* MSLocalStorageTests.m */,
				AD45B93E1929D90000188AF3 /* MSPushHttpTests.m */,
				ADA6A4A1193C2CD4000C9425 /* MSPushTests.m */,
			);
			name = Push;
			sourceTree = "<group>";
		};
		ADB659EA190735F9008C638F /* Push */ = {
			isa = PBXGroup;
			children = (
				ADB659EF190738AB008C638F /* MSLocalStorage.h */,
				ADB659F0190738AB008C638F /* MSLocalStorage.m */,
				AD0D4FD319257DFC001F4766 /* MSPushRequest.h */,
				AD0D4FD419257DFC001F4766 /* MSPushRequest.m */,
				AD0D4FD719259D70001F4766 /* MSPushHttp.h */,
				AD0D4FD819259D70001F4766 /* MSPushHttp.m */,
				AD0D4FDF19281111001F4766 /* MSPush.h */,
				AD0D4FE019281111001F4766 /* MSPush.m */,
				AD45B9401934FDD100188AF3 /* MSRegistrationManager.h */,
				AD45B9411934FDD100188AF3 /* MSRegistrationManager.m */,
			);
			name = Push;
			sourceTree = "<group>";
		};
		E84CA4E016272BA2009B2588 /* Login */ = {
			isa = PBXGroup;
			children = (
				402774F8161F73AB00A23A8F /* MSLoginController.h */,
				E814664A165C07EB0038EBE5 /* MSLoginController.m */,
				E8653C0A16559C15002CB440 /* MSLoginView.h */,
				E8653C0B16559C15002CB440 /* MSLoginView.m */,
				E8146640165BE0150038EBE5 /* MSLogin.h */,
				E8146641165BE0150038EBE5 /* MSLogin.m */,
				E8146644165BE2440038EBE5 /* MSLoginSerializer.h */,
				E8146645165BE2440038EBE5 /* MSLoginSerializer.m */,
			);
			name = Login;
			sourceTree = "<group>";
		};
		E8E37901161E2F8D00C13F00 /* Filters */ = {
			isa = PBXGroup;
			children = (
				E8E37902161E2FC500C13F00 /* MSTestFilter.h */,
				E8E37903161E2FC500C13F00 /* MSTestFilter.m */,
				ADA6A4A3193C3C60000C9425 /* MSMultiRequestTestFilter.h */,
				ADA6A4A4193C3C60000C9425 /* MSMultiRequestTestFilter.m */,
			);
			name = Filters;
			sourceTree = "<group>";
		};
		E8F33AD01616659C002DD7C6 = {
			isa = PBXGroup;
			children = (
				E8F33AE01616659C002DD7C6 /* Source */,
				E8F33AF51616659C002DD7C6 /* Test */,
				E8F33ADD1616659C002DD7C6 /* Frameworks */,
				E8F33ADC1616659C002DD7C6 /* Products */,
			);
			sourceTree = "<group>";
		};
		E8F33ADC1616659C002DD7C6 /* Products */ = {
			isa = PBXGroup;
			children = (
				E8F33ADB1616659C002DD7C6 /* libWindowsAzureMobileServices.a */,
				E8F33AEC1616659C002DD7C6 /* WindowsAzureMobileServicesTests.octest */,
			);
			name = Products;
			sourceTree = "<group>";
		};
		E8F33ADD1616659C002DD7C6 /* Frameworks */ = {
			isa = PBXGroup;
			children = (
				E84CA4D216236A6E009B2588 /* UIKit.framework */,
				E8F33ADE1616659C002DD7C6 /* Foundation.framework */,
				E8F33AED1616659C002DD7C6 /* SenTestingKit.framework */,
			);
			name = Frameworks;
			sourceTree = "<group>";
		};
		E8F33AE01616659C002DD7C6 /* Source */ = {
			isa = PBXGroup;
			children = (
				ADB659EA190735F9008C638F /* Push */,
				E8F33B14161667CE002DD7C6 /* WindowsAzureMobileServices.h */,
				E8F33B0A161667CE002DD7C6 /* MSClient.h */,
				E8EE7841170CAEDC00C2848F /* MSClientInternal.h */,
				E8F33B0B161667CE002DD7C6 /* MSClient.m */,
				E8F33B0C161667CE002DD7C6 /* MSError.h */,
				E8F33B0D161667CE002DD7C6 /* MSError.m */,
				E8F33B0E161667CE002DD7C6 /* MSQuery.h */,
				E8F33B0F161667CE002DD7C6 /* MSQuery.m */,
				E8F33B10161667CE002DD7C6 /* MSTable.h */,
				E8F33B11161667CE002DD7C6 /* MSTable.m */,
				E8F33B12161667CE002DD7C6 /* MSUser.h */,
				E8F33B13161667CE002DD7C6 /* MSUser.m */,
				E8E378FF161E14E800C13F00 /* MSFilter.h */,
				E84CA4E016272BA2009B2588 /* Login */,
				E8F33B1A161667E2002DD7C6 /* Connection */,
				E8F33B1B161667EC002DD7C6 /* Serialization */,
				E8F33B1C161667F6002DD7C6 /* Query */,
				E8F33AE11616659C002DD7C6 /* Supporting Files */,
			);
			name = Source;
			path = src;
			sourceTree = "<group>";
		};
		E8F33AE11616659C002DD7C6 /* Supporting Files */ = {
			isa = PBXGroup;
			children = (
				E8F33AE21616659C002DD7C6 /* WindowsAzureMobileServices-Prefix.pch */,
			);
			name = "Supporting Files";
			sourceTree = "<group>";
		};
		E8F33AF51616659C002DD7C6 /* Test */ = {
			isa = PBXGroup;
			children = (
				AD0D4FC81921FFB5001F4766 /* Push */,
				A2E7D5EF18237F21007153E4 /* Functional */,
				E8F33B34161668C4002DD7C6 /* WindowsAzureMobileServicesFunctionalTests.m */,
				E87BB01B161A28FC008053F9 /* MSClientTests.m */,
				E8F33B3A161668ED002DD7C6 /* MSQueryTests.m */,
				E87BB024161B5A4D008053F9 /* MSTableTests.m */,
				E87BB021161B57C8008053F9 /* MSUserTests.m */,
				E8E37906161F4D0D00C13F00 /* MSFilterTest.m */,
				E8E37901161E2F8D00C13F00 /* Filters */,
				E8F33B3116166889002DD7C6 /* Connection */,
				E8F33B321616689A002DD7C6 /* Serialization */,
				E8F33B33161668AA002DD7C6 /* Query */,
				E8F33AF61616659C002DD7C6 /* Supporting Files */,
			);
			name = Test;
			path = test;
			sourceTree = "<group>";
		};
		E8F33AF61616659C002DD7C6 /* Supporting Files */ = {
			isa = PBXGroup;
			children = (
				E8F33AF71616659C002DD7C6 /* WindowsAzureMobileServicesTests-Info.plist */,
				E8F33AF81616659C002DD7C6 /* InfoPlist.strings */,
			);
			name = "Supporting Files";
			sourceTree = "<group>";
		};
		E8F33B1A161667E2002DD7C6 /* Connection */ = {
			isa = PBXGroup;
			children = (
				E8F33B1E16166822002DD7C6 /* MSClientConnection.h */,
				E8F33B1F16166822002DD7C6 /* MSClientConnection.m */,
				E8F33B2016166822002DD7C6 /* MSTableConnection.h */,
				E8F33B2116166822002DD7C6 /* MSTableConnection.m */,
				E8C44040170BAD49002FC997 /* MSAPIConnection.h */,
				E8C44041170BAD49002FC997 /* MSAPIConnection.m */,
				E8F33B2216166822002DD7C6 /* MSTableRequest.h */,
				E8F33B2316166822002DD7C6 /* MSTableRequest.m */,
				E8C44045170BAD93002FC997 /* MSAPIRequest.h */,
				E8C44046170BAD93002FC997 /* MSAPIRequest.m */,
				E87BB01D161A446C008053F9 /* MSURLBuilder.h */,
				E87BB01E161A446C008053F9 /* MSURLBuilder.m */,
				E84CA4CD162369BD009B2588 /* MSUserAgentBuilder.h */,
				E84CA4CE162369BD009B2588 /* MSUserAgentBuilder.m */,
			);
			name = Connection;
			sourceTree = "<group>";
		};
		E8F33B1B161667EC002DD7C6 /* Serialization */ = {
			isa = PBXGroup;
			children = (
				E8EA24BB161CFC5300BE055D /* MSNaiveISODateFormatter.h */,
				E8EA24BC161CFC5300BE055D /* MSNaiveISODateFormatter.m */,
				E8F33B2916166837002DD7C6 /* MSSerializer.h */,
				E8F33B2716166837002DD7C6 /* MSJSONSerializer.h */,
				E8F33B2816166837002DD7C6 /* MSJSONSerializer.m */,
			);
			name = Serialization;
			sourceTree = "<group>";
		};
		E8F33B1C161667F6002DD7C6 /* Query */ = {
			isa = PBXGroup;
			children = (
				E8F33B2B1616684F002DD7C6 /* MSPredicateTranslator.h */,
				E8F33B2C1616684F002DD7C6 /* MSPredicateTranslator.m */,
			);
			name = Query;
			sourceTree = "<group>";
		};
		E8F33B3116166889002DD7C6 /* Connection */ = {
			isa = PBXGroup;
			children = (
				E8EA24BE161CFC6400BE055D /* MSURLbuilderTests.m */,
				E84CA4D5162373E2009B2588 /* MSUserAgentBuilderTests.m */,
			);
			name = Connection;
			sourceTree = "<group>";
		};
		E8F33B321616689A002DD7C6 /* Serialization */ = {
			isa = PBXGroup;
			children = (
				E8F33B36161668DA002DD7C6 /* MSJSONSerializerTests.m */,
			);
			name = Serialization;
			sourceTree = "<group>";
		};
		E8F33B33161668AA002DD7C6 /* Query */ = {
			isa = PBXGroup;
			children = (
				E8F33B38161668E4002DD7C6 /* MSPredicateTranslatorTests.m */,
			);
			name = Query;
			sourceTree = "<group>";
		};
/* End PBXGroup section */

/* Begin PBXHeadersBuildPhase section */
		E8E3790C161F766400C13F00 /* Headers */ = {
			isa = PBXHeadersBuildPhase;
			buildActionMask = 2147483647;
			files = (
				E8E3790D161F769D00C13F00 /* WindowsAzureMobileServices.h in Headers */,
				E84CA4E116272C15009B2588 /* MSLoginController.h in Headers */,
				ADB659F1190738AB008C638F /* MSLocalStorage.h in Headers */,
				E8E3790E161F769D00C13F00 /* MSClient.h in Headers */,
				E8E37911161F769D00C13F00 /* MSTable.h in Headers */,
				AD0D4FD919259D70001F4766 /* MSPushHttp.h in Headers */,
				E8E37910161F769D00C13F00 /* MSQuery.h in Headers */,
				E8E37912161F769D00C13F00 /* MSUser.h in Headers */,
				AD0D4FE119281111001F4766 /* MSPush.h in Headers */,
				AD0D4FD519257DFC001F4766 /* MSPushRequest.h in Headers */,
				E8E37913161F769D00C13F00 /* MSFilter.h in Headers */,
				E8E3790F161F769D00C13F00 /* MSError.h in Headers */,
				AD45B9421934FDD100188AF3 /* MSRegistrationManager.h in Headers */,
				E8E37914161F769D00C13F00 /* MSClientConnection.h in Headers */,
				E8E37915161F769D00C13F00 /* MSTableConnection.h in Headers */,
				E8E37916161F769D00C13F00 /* MSTableRequest.h in Headers */,
				E8E37917161F769D00C13F00 /* MSURLBuilder.h in Headers */,
				E8E37918161F769D00C13F00 /* MSNaiveISODateFormatter.h in Headers */,
				E8E37919161F769D00C13F00 /* MSSerializer.h in Headers */,
				E8E3791A161F769D00C13F00 /* MSJSONSerializer.h in Headers */,
				E8E3791B161F769D00C13F00 /* MSPredicateTranslator.h in Headers */,
				E84CA4CF162369BD009B2588 /* MSUserAgentBuilder.h in Headers */,
				E8146642165BE0150038EBE5 /* MSLogin.h in Headers */,
				E8653C0C16559C15002CB440 /* MSLoginView.h in Headers */,
				E8146646165BE2440038EBE5 /* MSLoginSerializer.h in Headers */,
				E8C44042170BAD49002FC997 /* MSAPIConnection.h in Headers */,
				E8C44047170BAD93002FC997 /* MSAPIRequest.h in Headers */,
				E8EE7842170CAEDC00C2848F /* MSClientInternal.h in Headers */,
			);
			runOnlyForDeploymentPostprocessing = 0;
		};
/* End PBXHeadersBuildPhase section */

/* Begin PBXNativeTarget section */
		E8F33ADA1616659C002DD7C6 /* WindowsAzureMobileServices */ = {
			isa = PBXNativeTarget;
			buildConfigurationList = E8F33B001616659C002DD7C6 /* Build configuration list for PBXNativeTarget "WindowsAzureMobileServices" */;
			buildPhases = (
				E8F33AD71616659C002DD7C6 /* Sources */,
				E8F33AD81616659C002DD7C6 /* Frameworks */,
				E8E3790C161F766400C13F00 /* Headers */,
				E8F33AD91616659C002DD7C6 /* Copy Files */,
				E8E37A27161FAA9600C13F00 /* ShellScript */,
			);
			buildRules = (
			);
			dependencies = (
			);
			name = WindowsAzureMobileServices;
			productName = WindowsAzureMobileServices;
			productReference = E8F33ADB1616659C002DD7C6 /* libWindowsAzureMobileServices.a */;
			productType = "com.apple.product-type.library.static";
		};
		E8F33AEB1616659C002DD7C6 /* WindowsAzureMobileServicesTests */ = {
			isa = PBXNativeTarget;
			buildConfigurationList = E8F33B031616659C002DD7C6 /* Build configuration list for PBXNativeTarget "WindowsAzureMobileServicesTests" */;
			buildPhases = (
				E8F33AE71616659C002DD7C6 /* Sources */,
				E8F33AE81616659C002DD7C6 /* Frameworks */,
				E8F33AE91616659C002DD7C6 /* Resources */,
				E8F33AEA1616659C002DD7C6 /* ShellScript */,
			);
			buildRules = (
			);
			dependencies = (
				E8F33AF31616659C002DD7C6 /* PBXTargetDependency */,
			);
			name = WindowsAzureMobileServicesTests;
			productName = WindowsAzureMobileServicesTests;
			productReference = E8F33AEC1616659C002DD7C6 /* WindowsAzureMobileServicesTests.octest */;
			productType = "com.apple.product-type.bundle";
		};
/* End PBXNativeTarget section */

/* Begin PBXProject section */
		E8F33AD21616659C002DD7C6 /* Project object */ = {
			isa = PBXProject;
			attributes = {
				LastTestingUpgradeCheck = 0510;
				LastUpgradeCheck = 0510;
				ORGANIZATIONNAME = "Microsoft Azure";
			};
			buildConfigurationList = E8F33AD51616659C002DD7C6 /* Build configuration list for PBXProject "WindowsAzureMobileServices" */;
			compatibilityVersion = "Xcode 3.2";
			developmentRegion = English;
			hasScannedForEncodings = 0;
			knownRegions = (
				en,
			);
			mainGroup = E8F33AD01616659C002DD7C6;
			productRefGroup = E8F33ADC1616659C002DD7C6 /* Products */;
			projectDirPath = "";
			projectRoot = "";
			targets = (
				E8F33ADA1616659C002DD7C6 /* WindowsAzureMobileServices */,
				E8F33AEB1616659C002DD7C6 /* WindowsAzureMobileServicesTests */,
				E8E37977161F8E6B00C13F00 /* Framework */,
			);
		};
/* End PBXProject section */

/* Begin PBXResourcesBuildPhase section */
		E8F33AE91616659C002DD7C6 /* Resources */ = {
			isa = PBXResourcesBuildPhase;
			buildActionMask = 2147483647;
			files = (
				E8F33AFA1616659C002DD7C6 /* InfoPlist.strings in Resources */,
			);
			runOnlyForDeploymentPostprocessing = 0;
		};
/* End PBXResourcesBuildPhase section */

/* Begin PBXShellScriptBuildPhase section */
		E8E3797D161F8ED900C13F00 /* ShellScript */ = {
			isa = PBXShellScriptBuildPhase;
			buildActionMask = 2147483647;
			files = (
			);
			inputPaths = (
			);
			outputPaths = (
			);
			runOnlyForDeploymentPostprocessing = 0;
			shellPath = /bin/sh;
			shellScript = "set -e\n\n# Don't call this script from this script\nif [[ ${WAMS_BUILDING:0} ]]; then\n    exit 0\nfi\nexport WAMS_BUILDING=1\n\n# Set some variables\nOUTPUT=${BUILT_PRODUCTS_DIR}\nWAMS=\"WindowsAzureMobileServices\"\nWAMS_FRAMEWORK=\"${WAMS}.framework\"\nWAMS_LIB=\"lib${WAMS}.a\"\n\n# Determine whether device or simulator and the version of the SDK \nif [[ ! \"$SDK_NAME\" =~ ([A-Za-z]+)([0-9]+.*$) ]]; then\n    echo \"Unsupported SDK: $SDK-NAME\"\n    exit 1\nfi\n\n# Determine the other (device/simulator) and arch\nif [[ ${BASH_REMATCH[1]} == \"iphoneos\" ]]; then\n    OTHER_SDK=iphonesimulator${BASH_REMATCH[2]}\n    OTHER_OUTPUT=${BUILD_DIR}/${CONFIGURATION}-iphonesimulator\n    OTHER_TEMP_OUTPUT=${PROJECT_TEMP_DIR}/${CONFIGURATION}-iphonesimulator\n    OTHER_ARCH=\"i386 x86_64\"\nelse\n    OTHER_SDK=iphoneos${BASH_REMATCH[2]}\n    OTHER_OUTPUT=${BUILD_DIR}/${CONFIGURATION}-iphoneos\n    OTHER_TEMP_OUTPUT=${PROJECT_TEMP_DIR}/${CONFIGURATION}-iphoneos\n    OTHER_ARCH=\"arm64 armv7 armv7s\"\nfi\n\n# Build the other library\nxcodebuild -project \"${PROJECT_FILE_PATH}\" -target \"${TARGET_NAME}\" -configuration \"${CONFIGURATION}\" -sdk ${OTHER_SDK} BUILD_DIR=\"${BUILD_DIR}\" CONFIGURATION_TEMP_DIR=\"${OTHER_TEMP_OUTPUT}\" ARCHS=\"${OTHER_ARCH}\" $ACTION\n\n# Merge the libraries with lipo for both output dirs\nlipo -create \"${OUTPUT}/${WAMS_LIB}\" \"${OTHER_OUTPUT}/${WAMS_LIB}\" -output \"${OUTPUT}/${WAMS_FRAMEWORK}/Versions/A/${WAMS}\"\nlipo -create \"${OUTPUT}/${WAMS_LIB}\" \"${OTHER_OUTPUT}/${WAMS_LIB}\" -output \"${OTHER_OUTPUT}/${WAMS_FRAMEWORK}/Versions/A/${WAMS}\"";
		};
		E8E37A27161FAA9600C13F00 /* ShellScript */ = {
			isa = PBXShellScriptBuildPhase;
			buildActionMask = 2147483647;
			files = (
			);
			inputPaths = (
			);
			outputPaths = (
			);
			runOnlyForDeploymentPostprocessing = 0;
			shellPath = /bin/sh;
			shellScript = "# Exit immediately on any errors\nset -e\n\n# Set some variables\nOUTPUT=${BUILT_PRODUCTS_DIR}\nWAMS=\"WindowsAzureMobileServices\"\nWAMS_FRAMEWORK=\"${WAMS}.framework\"\nWAMS_LIB=\"lib${WAMS}.a\"\nHEADERS=\"Headers\"\n\n# Create the needed directories for the framework\nmkdir -p \"${OUTPUT}/${WAMS_FRAMEWORK}/Versions/A\"\nmkdir -p \"${OUTPUT}/${WAMS_FRAMEWORK}/Versions/A/Headers\"\n\n# Add the headers and lib to the framework\ncp -a \"${OUTPUT}/${HEADERS}/\" \"${OUTPUT}/${WAMS_FRAMEWORK}/Versions/A/Headers\"\nlipo -create \"${OUTPUT}/${WAMS_LIB}\" -output \"${OUTPUT}/${WAMS_FRAMEWORK}/Versions/A/${WAMS}\"\n\n# Set up the links to complete the framework\nln -sf Versions/Current/Headers \"${OUTPUT}/${WAMS_FRAMEWORK}/Headers\"\nln -sf \"Versions/Current/${WAMS}\" \"${OUTPUT}/${WAMS_FRAMEWORK}/${WAMS}\"\nln -sf A \"${OUTPUT}/${WAMS_FRAMEWORK}/Versions/Current\"";
		};
		E8F33AEA1616659C002DD7C6 /* ShellScript */ = {
			isa = PBXShellScriptBuildPhase;
			buildActionMask = 2147483647;
			files = (
			);
			inputPaths = (
			);
			outputPaths = (
			);
			runOnlyForDeploymentPostprocessing = 0;
			shellPath = /bin/sh;
			shellScript = "# Run the unit tests in this test bundle.\n\"${SYSTEM_DEVELOPER_DIR}/Tools/RunUnitTests\"\n";
		};
/* End PBXShellScriptBuildPhase section */

/* Begin PBXSourcesBuildPhase section */
		E8F33AD71616659C002DD7C6 /* Sources */ = {
			isa = PBXSourcesBuildPhase;
			buildActionMask = 2147483647;
			files = (
				E8F33B15161667CE002DD7C6 /* MSClient.m in Sources */,
				AD45B9431934FDD100188AF3 /* MSRegistrationManager.m in Sources */,
				E8F33B16161667CE002DD7C6 /* MSError.m in Sources */,
				E8F33B17161667CE002DD7C6 /* MSQuery.m in Sources */,
				E8F33B18161667CE002DD7C6 /* MSTable.m in Sources */,
				E8F33B19161667CE002DD7C6 /* MSUser.m in Sources */,
				E8F33B2416166822002DD7C6 /* MSClientConnection.m in Sources */,
				E8F33B2516166822002DD7C6 /* MSTableConnection.m in Sources */,
				AD0D4FDA19259D70001F4766 /* MSPushHttp.m in Sources */,
				E8F33B2616166822002DD7C6 /* MSTableRequest.m in Sources */,
				E8F33B2A16166837002DD7C6 /* MSJSONSerializer.m in Sources */,
				E8F33B2F1616684F002DD7C6 /* MSPredicateTranslator.m in Sources */,
				E87BB01F161A446C008053F9 /* MSURLBuilder.m in Sources */,
				E8EA24BD161CFC5300BE055D /* MSNaiveISODateFormatter.m in Sources */,
				AD0D4FE219281111001F4766 /* MSPush.m in Sources */,
				E84CA4D0162369BD009B2588 /* MSUserAgentBuilder.m in Sources */,
				E8653C0D16559C15002CB440 /* MSLoginView.m in Sources */,
				E8146643165BE0150038EBE5 /* MSLogin.m in Sources */,
				E8146647165BE2440038EBE5 /* MSLoginSerializer.m in Sources */,
				E814664B165C07EB0038EBE5 /* MSLoginController.m in Sources */,
				AD0D4FD619257DFC001F4766 /* MSPushRequest.m in Sources */,
				E8C44043170BAD49002FC997 /* MSAPIConnection.m in Sources */,
				E8C44048170BAD93002FC997 /* MSAPIRequest.m in Sources */,
				ADB659F2190738AB008C638F /* MSLocalStorage.m in Sources */,
			);
			runOnlyForDeploymentPostprocessing = 0;
		};
		E8F33AE71616659C002DD7C6 /* Sources */ = {
			isa = PBXSourcesBuildPhase;
			buildActionMask = 2147483647;
			files = (
				E8F33B3C16166945002DD7C6 /* WindowsAzureMobileServicesFunctionalTests.m in Sources */,
				A214410C182631A500C2E762 /* MSTableFuncTests.m in Sources */,
				AD0D4FCC1922030E001F4766 /* MSLocalStorageTests.m in Sources */,
				E8F33B3D1616694C002DD7C6 /* MSQueryTests.m in Sources */,
				E8F33B3E16166956002DD7C6 /* MSJSONSerializerTests.m in Sources */,
				E8F33B3F1616695E002DD7C6 /* MSPredicateTranslatorTests.m in Sources */,
				E87BB01C161A28FC008053F9 /* MSClientTests.m in Sources */,
				E87BB022161B57C8008053F9 /* MSUserTests.m in Sources */,
				E87BB025161B5A4D008053F9 /* MSTableTests.m in Sources */,
				E8EA24C0161CFCF400BE055D /* MSURLbuilderTests.m in Sources */,
				E8E37904161E2FC500C13F00 /* MSTestFilter.m in Sources */,
				ADA6A4A2193C2CD4000C9425 /* MSPushTests.m in Sources */,
				ADA6A4AA193C3D5F000C9425 /* MSMultiRequestTestFilter.m in Sources */,
				A22CF3731825914700660C79 /* MSTable+MSTableTestUtilities.m in Sources */,
				E8E37907161F4D0D00C13F00 /* MSFilterTest.m in Sources */,
				E84CA4D6162373E2009B2588 /* MSUserAgentBuilderTests.m in Sources */,
				AD45B93F1929D90000188AF3 /* MSPushHttpTests.m in Sources */,
			);
			runOnlyForDeploymentPostprocessing = 0;
		};
/* End PBXSourcesBuildPhase section */

/* Begin PBXTargetDependency section */
		E8E3797C161F8EB400C13F00 /* PBXTargetDependency */ = {
			isa = PBXTargetDependency;
			target = E8F33ADA1616659C002DD7C6 /* WindowsAzureMobileServices */;
			targetProxy = E8E3797B161F8EB400C13F00 /* PBXContainerItemProxy */;
		};
		E8F33AF31616659C002DD7C6 /* PBXTargetDependency */ = {
			isa = PBXTargetDependency;
			target = E8F33ADA1616659C002DD7C6 /* WindowsAzureMobileServices */;
			targetProxy = E8F33AF21616659C002DD7C6 /* PBXContainerItemProxy */;
		};
/* End PBXTargetDependency section */

/* Begin PBXVariantGroup section */
		E8F33AF81616659C002DD7C6 /* InfoPlist.strings */ = {
			isa = PBXVariantGroup;
			children = (
				E8F33AF91616659C002DD7C6 /* en */,
			);
			name = InfoPlist.strings;
			sourceTree = "<group>";
		};
/* End PBXVariantGroup section */

/* Begin XCBuildConfiguration section */
		E8E37979161F8E6B00C13F00 /* Debug */ = {
			isa = XCBuildConfiguration;
			buildSettings = {
				DYLIB_COMPATIBILITY_VERSION = 1;
				DYLIB_CURRENT_VERSION = 1;
				PRODUCT_NAME = "$(TARGET_NAME)";
			};
			name = Debug;
		};
		E8E3797A161F8E6B00C13F00 /* Release */ = {
			isa = XCBuildConfiguration;
			buildSettings = {
				DYLIB_COMPATIBILITY_VERSION = 1;
				DYLIB_CURRENT_VERSION = 1;
				PRODUCT_NAME = "$(TARGET_NAME)";
			};
			name = Release;
		};
		E8F33AFE1616659C002DD7C6 /* Debug */ = {
			isa = XCBuildConfiguration;
			buildSettings = {
				ALWAYS_SEARCH_USER_PATHS = NO;
				CLANG_CXX_LANGUAGE_STANDARD = "gnu++0x";
				CLANG_ENABLE_OBJC_ARC = YES;
				CLANG_WARN_BOOL_CONVERSION = YES;
				CLANG_WARN_CONSTANT_CONVERSION = YES;
				CLANG_WARN_EMPTY_BODY = YES;
				CLANG_WARN_ENUM_CONVERSION = YES;
				CLANG_WARN_INT_CONVERSION = YES;
				CLANG_WARN__DUPLICATE_METHOD_MATCH = YES;
				COPY_PHASE_STRIP = NO;
				CURRENT_PROJECT_VERSION = 1;
				GCC_C_LANGUAGE_STANDARD = gnu99;
				GCC_DYNAMIC_NO_PIC = NO;
				GCC_OPTIMIZATION_LEVEL = 0;
				GCC_PREPROCESSOR_DEFINITIONS = (
					"DEBUG=1",
					"$(inherited)",
				);
				GCC_SYMBOLS_PRIVATE_EXTERN = NO;
				GCC_VERSION = com.apple.compilers.llvm.clang.1_0;
				GCC_WARN_64_TO_32_BIT_CONVERSION = YES;
				GCC_WARN_ABOUT_RETURN_TYPE = YES;
				GCC_WARN_UNDECLARED_SELECTOR = YES;
				GCC_WARN_UNINITIALIZED_AUTOS = YES;
				GCC_WARN_UNUSED_FUNCTION = YES;
				GCC_WARN_UNUSED_VARIABLE = YES;
				ONLY_ACTIVE_ARCH = YES;
				SDKROOT = iphoneos;
				VERSIONING_SYSTEM = "";
				VERSION_INFO_PREFIX = "";
			};
			name = Debug;
		};
		E8F33AFF1616659C002DD7C6 /* Release */ = {
			isa = XCBuildConfiguration;
			buildSettings = {
				ALWAYS_SEARCH_USER_PATHS = NO;
				CLANG_CXX_LANGUAGE_STANDARD = "gnu++0x";
				CLANG_ENABLE_OBJC_ARC = YES;
				CLANG_WARN_BOOL_CONVERSION = YES;
				CLANG_WARN_CONSTANT_CONVERSION = YES;
				CLANG_WARN_EMPTY_BODY = YES;
				CLANG_WARN_ENUM_CONVERSION = YES;
				CLANG_WARN_INT_CONVERSION = YES;
				CLANG_WARN__DUPLICATE_METHOD_MATCH = YES;
				COPY_PHASE_STRIP = YES;
				CURRENT_PROJECT_VERSION = 1;
				GCC_C_LANGUAGE_STANDARD = gnu99;
				GCC_VERSION = com.apple.compilers.llvm.clang.1_0;
				GCC_WARN_64_TO_32_BIT_CONVERSION = YES;
				GCC_WARN_ABOUT_RETURN_TYPE = YES;
				GCC_WARN_UNDECLARED_SELECTOR = YES;
				GCC_WARN_UNINITIALIZED_AUTOS = YES;
				GCC_WARN_UNUSED_FUNCTION = YES;
				GCC_WARN_UNUSED_VARIABLE = YES;
				SDKROOT = iphoneos;
				VALIDATE_PRODUCT = YES;
				VERSIONING_SYSTEM = "";
				VERSION_INFO_PREFIX = "";
			};
			name = Release;
		};
		E8F33B011616659C002DD7C6 /* Debug */ = {
			isa = XCBuildConfiguration;
			buildSettings = {
				COPY_PHASE_STRIP = NO;
				CURRENT_PROJECT_VERSION = 1;
				DEAD_CODE_STRIPPING = NO;
				DSTROOT = /tmp/WindowsAzureMobileServices.dst;
				GCC_PRECOMPILE_PREFIX_HEADER = YES;
				GCC_PREFIX_HEADER = "src/WindowsAzureMobileServices-Prefix.pch";
				OTHER_LDFLAGS = "-ObjC";
				PRODUCT_NAME = "$(TARGET_NAME)";
				PUBLIC_HEADERS_FOLDER_PATH = headers;
				SKIP_INSTALL = YES;
				STRIP_STYLE = "non-global";
				VERSIONING_SYSTEM = "apple-generic";
				VERSION_INFO_PREFIX = "";
			};
			name = Debug;
		};
		E8F33B021616659C002DD7C6 /* Release */ = {
			isa = XCBuildConfiguration;
			buildSettings = {
				COPY_PHASE_STRIP = NO;
				CURRENT_PROJECT_VERSION = 1;
				DEAD_CODE_STRIPPING = NO;
				DSTROOT = /tmp/WindowsAzureMobileServices.dst;
				GCC_PRECOMPILE_PREFIX_HEADER = YES;
				GCC_PREFIX_HEADER = "src/WindowsAzureMobileServices-Prefix.pch";
				OTHER_LDFLAGS = "-ObjC";
				PRODUCT_NAME = "$(TARGET_NAME)";
				PUBLIC_HEADERS_FOLDER_PATH = headers;
				SKIP_INSTALL = YES;
				STRIP_STYLE = "non-global";
				VERSIONING_SYSTEM = "apple-generic";
				VERSION_INFO_PREFIX = "";
			};
			name = Release;
		};
		E8F33B041616659C002DD7C6 /* Debug */ = {
			isa = XCBuildConfiguration;
			buildSettings = {
				FRAMEWORK_SEARCH_PATHS = (
					"\"$(SDKROOT)/Developer/Library/Frameworks\"",
					"\"$(DEVELOPER_LIBRARY_DIR)/Frameworks\"",
				);
				GCC_PRECOMPILE_PREFIX_HEADER = YES;
				GCC_PREFIX_HEADER = "src/WindowsAzureMobileServices-Prefix.pch";
				INFOPLIST_FILE = "test/WindowsAzureMobileServicesTests-Info.plist";
				PRODUCT_NAME = "$(TARGET_NAME)";
				WRAPPER_EXTENSION = octest;
			};
			name = Debug;
		};
		E8F33B051616659C002DD7C6 /* Release */ = {
			isa = XCBuildConfiguration;
			buildSettings = {
				FRAMEWORK_SEARCH_PATHS = (
					"\"$(SDKROOT)/Developer/Library/Frameworks\"",
					"\"$(DEVELOPER_LIBRARY_DIR)/Frameworks\"",
				);
				GCC_PRECOMPILE_PREFIX_HEADER = YES;
				GCC_PREFIX_HEADER = "src/WindowsAzureMobileServices-Prefix.pch";
				INFOPLIST_FILE = "test/WindowsAzureMobileServicesTests-Info.plist";
				PRODUCT_NAME = "$(TARGET_NAME)";
				WRAPPER_EXTENSION = octest;
			};
			name = Release;
		};
/* End XCBuildConfiguration section */

/* Begin XCConfigurationList section */
		E8E37978161F8E6B00C13F00 /* Build configuration list for PBXAggregateTarget "Framework" */ = {
			isa = XCConfigurationList;
			buildConfigurations = (
				E8E37979161F8E6B00C13F00 /* Debug */,
				E8E3797A161F8E6B00C13F00 /* Release */,
			);
			defaultConfigurationIsVisible = 0;
			defaultConfigurationName = Release;
		};
		E8F33AD51616659C002DD7C6 /* Build configuration list for PBXProject "WindowsAzureMobileServices" */ = {
			isa = XCConfigurationList;
			buildConfigurations = (
				E8F33AFE1616659C002DD7C6 /* Debug */,
				E8F33AFF1616659C002DD7C6 /* Release */,
			);
			defaultConfigurationIsVisible = 0;
			defaultConfigurationName = Release;
		};
		E8F33B001616659C002DD7C6 /* Build configuration list for PBXNativeTarget "WindowsAzureMobileServices" */ = {
			isa = XCConfigurationList;
			buildConfigurations = (
				E8F33B011616659C002DD7C6 /* Debug */,
				E8F33B021616659C002DD7C6 /* Release */,
			);
			defaultConfigurationIsVisible = 0;
			defaultConfigurationName = Release;
		};
		E8F33B031616659C002DD7C6 /* Build configuration list for PBXNativeTarget "WindowsAzureMobileServicesTests" */ = {
			isa = XCConfigurationList;
			buildConfigurations = (
				E8F33B041616659C002DD7C6 /* Debug */,
				E8F33B051616659C002DD7C6 /* Release */,
			);
			defaultConfigurationIsVisible = 0;
			defaultConfigurationName = Release;
		};
/* End XCConfigurationList section */
	};
	rootObject = E8F33AD21616659C002DD7C6 /* Project object */;
}
