
Microsoft Visual Studio Solution File, Format Version 12.00
# Visual Studio 2012
Project("{FAE04EC0-301F-11D3-BF4B-00C04F79EFBC}") = "Microsoft.WindowsAzure.MobileServices", "Microsoft.WindowsAzure.MobileServices\Microsoft.WindowsAzure.MobileServices.csproj", "{726846D2-9CA8-4F41-82C9-4D1AA78D0A18}"
EndProject
Project("{FAE04EC0-301F-11D3-BF4B-00C04F79EFBC}") = "Microsoft.WindowsAzure.Mobile.Ext.Android", "Microsoft.WindowsAzure.Mobile.Ext.Android\Microsoft.WindowsAzure.Mobile.Ext.Android.csproj", "{0F77566D-014F-4D09-B783-D4E701627D15}"
EndProject
Project("{FAE04EC0-301F-11D3-BF4B-00C04F79EFBC}") = "Xamarin.Auth.Android", "..\libs\Xamarin.Auth\src\Xamarin.Auth.Android\Xamarin.Auth.Android.csproj", "{FCF02C8C-6DD3-4C59-A8A2-58BC01A4BB21}"
EndProject
Project("{2150E333-8FDC-42A3-9474-1A3956D46DE8}") = "Tests", "Tests", "{215A0655-25A6-4FE3-A306-D30888246089}"
EndProject
Project("{FAE04EC0-301F-11D3-BF4B-00C04F79EFBC}") = "Microsoft.WindowsAzure.Mobile.TestFramework", "Microsoft.WindowsAzure.Mobile.TestFramework\Microsoft.WindowsAzure.Mobile.TestFramework.csproj", "{DC77CF23-C6BA-40D7-AC6E-2EF7BCA14211}"
EndProject
Project("{FAE04EC0-301F-11D3-BF4B-00C04F79EFBC}") = "Microsoft.WindowsAzure.Mobile.Test", "Microsoft.WindowsAzure.Mobile.Test\Microsoft.WindowsAzure.Mobile.Test.csproj", "{8846C757-A477-4C10-84E0-4FD9E8931DB4}"
EndProject
Project("{FAE04EC0-301F-11D3-BF4B-00C04F79EFBC}") = "Microsoft.WindowsAzure.Mobile.Android.Test", "Microsoft.WindowsAzure.Mobile.Android.Test\Microsoft.WindowsAzure.Mobile.Android.Test.csproj", "{36A77431-95A0-4AA7-924A-A8F6C6C631C6}"
EndProject
Global
	GlobalSection(SolutionConfigurationPlatforms) = preSolution
		Debug|Any CPU = Debug|Any CPU
		Release|Any CPU = Release|Any CPU
	EndGlobalSection
	GlobalSection(ProjectConfigurationPlatforms) = postSolution
		{726846D2-9CA8-4F41-82C9-4D1AA78D0A18}.Debug|Any CPU.ActiveCfg = Debug|Any CPU
		{726846D2-9CA8-4F41-82C9-4D1AA78D0A18}.Debug|Any CPU.Build.0 = Debug|Any CPU
		{726846D2-9CA8-4F41-82C9-4D1AA78D0A18}.Release|Any CPU.ActiveCfg = Release|Any CPU
		{726846D2-9CA8-4F41-82C9-4D1AA78D0A18}.Release|Any CPU.Build.0 = Release|Any CPU
		{0F77566D-014F-4D09-B783-D4E701627D15}.Debug|Any CPU.ActiveCfg = Debug|Any CPU
		{0F77566D-014F-4D09-B783-D4E701627D15}.Debug|Any CPU.Build.0 = Debug|Any CPU
		{0F77566D-014F-4D09-B783-D4E701627D15}.Release|Any CPU.ActiveCfg = Release|Any CPU
		{0F77566D-014F-4D09-B783-D4E701627D15}.Release|Any CPU.Build.0 = Release|Any CPU
		{FCF02C8C-6DD3-4C59-A8A2-58BC01A4BB21}.Debug|Any CPU.ActiveCfg = Debug|Any CPU
		{FCF02C8C-6DD3-4C59-A8A2-58BC01A4BB21}.Debug|Any CPU.Build.0 = Debug|Any CPU
		{FCF02C8C-6DD3-4C59-A8A2-58BC01A4BB21}.Release|Any CPU.ActiveCfg = Release|Any CPU
		{FCF02C8C-6DD3-4C59-A8A2-58BC01A4BB21}.Release|Any CPU.Build.0 = Release|Any CPU
		{DC77CF23-C6BA-40D7-AC6E-2EF7BCA14211}.Debug|Any CPU.ActiveCfg = Debug|Any CPU
		{DC77CF23-C6BA-40D7-AC6E-2EF7BCA14211}.Debug|Any CPU.Build.0 = Debug|Any CPU
		{DC77CF23-C6BA-40D7-AC6E-2EF7BCA14211}.Release|Any CPU.ActiveCfg = Release|Any CPU
		{DC77CF23-C6BA-40D7-AC6E-2EF7BCA14211}.Release|Any CPU.Build.0 = Release|Any CPU
		{8846C757-A477-4C10-84E0-4FD9E8931DB4}.Debug|Any CPU.ActiveCfg = Debug|Any CPU
		{8846C757-A477-4C10-84E0-4FD9E8931DB4}.Debug|Any CPU.Build.0 = Debug|Any CPU
		{8846C757-A477-4C10-84E0-4FD9E8931DB4}.Release|Any CPU.ActiveCfg = Release|Any CPU
		{8846C757-A477-4C10-84E0-4FD9E8931DB4}.Release|Any CPU.Build.0 = Release|Any CPU
		{36A77431-95A0-4AA7-924A-A8F6C6C631C6}.Debug|Any CPU.ActiveCfg = Debug|Any CPU
		{36A77431-95A0-4AA7-924A-A8F6C6C631C6}.Debug|Any CPU.Build.0 = Debug|Any CPU
		{36A77431-95A0-4AA7-924A-A8F6C6C631C6}.Debug|Any CPU.Deploy.0 = Debug|Any CPU
		{36A77431-95A0-4AA7-924A-A8F6C6C631C6}.Release|Any CPU.ActiveCfg = Release|Any CPU
		{36A77431-95A0-4AA7-924A-A8F6C6C631C6}.Release|Any CPU.Build.0 = Release|Any CPU
		{36A77431-95A0-4AA7-924A-A8F6C6C631C6}.Release|Any CPU.Deploy.0 = Release|Any CPU
	EndGlobalSection
	GlobalSection(SolutionProperties) = preSolution
		HideSolutionNode = FALSE
	EndGlobalSection
	GlobalSection(NestedProjects) = preSolution
		{DC77CF23-C6BA-40D7-AC6E-2EF7BCA14211} = {215A0655-25A6-4FE3-A306-D30888246089}
		{8846C757-A477-4C10-84E0-4FD9E8931DB4} = {215A0655-25A6-4FE3-A306-D30888246089}
		{36A77431-95A0-4AA7-924A-A8F6C6C631C6} = {215A0655-25A6-4FE3-A306-D30888246089}
	EndGlobalSection
	GlobalSection(MonoDevelopProperties) = preSolution
		StartupItem = ..\..\..\samples\todo\Android\AzureMobileServices.Sample.Android.csproj
		Policies = $0
		$0.DotNetNamingPolicy = $1
		$1.DirectoryNamespaceAssociation = None
		$1.ResourceNamePolicy = FileFormatDefault
		$0.TextStylePolicy = $3
		$2.FileWidth = 120
		$2.TabsToSpaces = False
		$2.inheritsSet = VisualStudio
		$2.inheritsScope = text/plain
		$3.FileWidth = 120
		$3.NoTabsAfterNonTabs = True
		$3.inheritsSet = VisualStudio
		$3.inheritsScope = text/plain
		$3.scope = text/x-csharp
		$0.CSharpFormattingPolicy = $4
		$4.ElseIfNewLinePlacement = SameLine
		$4.AfterDelegateDeclarationParameterComma = True
		$4.inheritsSet = Mono
		$4.inheritsScope = text/x-csharp
		$4.scope = text/x-csharp
	EndGlobalSection
EndGlobal
