
Microsoft Visual Studio Solution File, Format Version 12.00
# Visual Studio 2012
Project("{FAE04EC0-301F-11D3-BF4B-00C04F79EFBC}") = "Microsoft.Azure.Zumo.WindowsPhone8.Managed", "src\Microsoft.Azure.Zumo.WindowsPhone8.Managed\Microsoft.Azure.Zumo.WindowsPhone8.Managed.csproj", "{7E9073FB-4D9B-405B-A587-60037077146D}"
EndProject
Project("{FAE04EC0-301F-11D3-BF4B-00C04F79EFBC}") = "Microsoft.Azure.Zumo.WindowsPhone8.Test", "tools\Microsoft.Azure.Zumo.WindowsPhone8.Test\Microsoft.Azure.Zumo.WindowsPhone8.Test.csproj", "{24A4AB1D-6258-487E-9802-ADC30F974BBB}"
EndProject
Project("{FAE04EC0-301F-11D3-BF4B-00C04F79EFBC}") = "Microsoft.Azure.Zumo.WindowsPhone8.CSharp.Test", "test\Microsoft.Azure.Zumo.WindowsPhone8.CSharp.Test\Microsoft.Azure.Zumo.WindowsPhone8.CSharp.Test.csproj", "{3DD4E371-00DA-42D6-BD06-0CE64BA43C52}"
EndProject
Global
	GlobalSection(SolutionConfigurationPlatforms) = preSolution
		Debug|Any CPU = Debug|Any CPU
		Debug|ARM = Debug|ARM
		Debug|x86 = Debug|x86
		Release|Any CPU = Release|Any CPU
		Release|ARM = Release|ARM
		Release|x86 = Release|x86
	EndGlobalSection
	GlobalSection(ProjectConfigurationPlatforms) = postSolution
		{7E9073FB-4D9B-405B-A587-60037077146D}.Debug|Any CPU.ActiveCfg = Debug|Any CPU
		{7E9073FB-4D9B-405B-A587-60037077146D}.Debug|Any CPU.Build.0 = Debug|Any CPU
		{7E9073FB-4D9B-405B-A587-60037077146D}.Debug|ARM.ActiveCfg = Debug|ARM
		{7E9073FB-4D9B-405B-A587-60037077146D}.Debug|ARM.Build.0 = Debug|ARM
		{7E9073FB-4D9B-405B-A587-60037077146D}.Debug|x86.ActiveCfg = Debug|x86
		{7E9073FB-4D9B-405B-A587-60037077146D}.Debug|x86.Build.0 = Debug|x86
		{7E9073FB-4D9B-405B-A587-60037077146D}.Release|Any CPU.ActiveCfg = Release|Any CPU
		{7E9073FB-4D9B-405B-A587-60037077146D}.Release|Any CPU.Build.0 = Release|Any CPU
		{7E9073FB-4D9B-405B-A587-60037077146D}.Release|ARM.ActiveCfg = Release|ARM
		{7E9073FB-4D9B-405B-A587-60037077146D}.Release|ARM.Build.0 = Release|ARM
		{7E9073FB-4D9B-405B-A587-60037077146D}.Release|x86.ActiveCfg = Release|x86
		{7E9073FB-4D9B-405B-A587-60037077146D}.Release|x86.Build.0 = Release|x86
		{24A4AB1D-6258-487E-9802-ADC30F974BBB}.Debug|Any CPU.ActiveCfg = Debug|Any CPU
		{24A4AB1D-6258-487E-9802-ADC30F974BBB}.Debug|Any CPU.Build.0 = Debug|Any CPU
		{24A4AB1D-6258-487E-9802-ADC30F974BBB}.Debug|ARM.ActiveCfg = Debug|ARM
		{24A4AB1D-6258-487E-9802-ADC30F974BBB}.Debug|ARM.Build.0 = Debug|ARM
		{24A4AB1D-6258-487E-9802-ADC30F974BBB}.Debug|x86.ActiveCfg = Debug|x86
		{24A4AB1D-6258-487E-9802-ADC30F974BBB}.Debug|x86.Build.0 = Debug|x86
		{24A4AB1D-6258-487E-9802-ADC30F974BBB}.Release|Any CPU.ActiveCfg = Release|Any CPU
		{24A4AB1D-6258-487E-9802-ADC30F974BBB}.Release|Any CPU.Build.0 = Release|Any CPU
		{24A4AB1D-6258-487E-9802-ADC30F974BBB}.Release|ARM.ActiveCfg = Release|ARM
		{24A4AB1D-6258-487E-9802-ADC30F974BBB}.Release|ARM.Build.0 = Release|ARM
		{24A4AB1D-6258-487E-9802-ADC30F974BBB}.Release|x86.ActiveCfg = Release|x86
		{24A4AB1D-6258-487E-9802-ADC30F974BBB}.Release|x86.Build.0 = Release|x86
		{3DD4E371-00DA-42D6-BD06-0CE64BA43C52}.Debug|Any CPU.ActiveCfg = Debug|Any CPU
		{3DD4E371-00DA-42D6-BD06-0CE64BA43C52}.Debug|Any CPU.Build.0 = Debug|Any CPU
		{3DD4E371-00DA-42D6-BD06-0CE64BA43C52}.Debug|Any CPU.Deploy.0 = Debug|Any CPU
		{3DD4E371-00DA-42D6-BD06-0CE64BA43C52}.Debug|ARM.ActiveCfg = Debug|ARM
		{3DD4E371-00DA-42D6-BD06-0CE64BA43C52}.Debug|ARM.Build.0 = Debug|ARM
		{3DD4E371-00DA-42D6-BD06-0CE64BA43C52}.Debug|ARM.Deploy.0 = Debug|ARM
		{3DD4E371-00DA-42D6-BD06-0CE64BA43C52}.Debug|x86.ActiveCfg = Debug|x86
		{3DD4E371-00DA-42D6-BD06-0CE64BA43C52}.Debug|x86.Build.0 = Debug|x86
		{3DD4E371-00DA-42D6-BD06-0CE64BA43C52}.Debug|x86.Deploy.0 = Debug|x86
		{3DD4E371-00DA-42D6-BD06-0CE64BA43C52}.Release|Any CPU.ActiveCfg = Release|Any CPU
		{3DD4E371-00DA-42D6-BD06-0CE64BA43C52}.Release|Any CPU.Build.0 = Release|Any CPU
		{3DD4E371-00DA-42D6-BD06-0CE64BA43C52}.Release|Any CPU.Deploy.0 = Release|Any CPU
		{3DD4E371-00DA-42D6-BD06-0CE64BA43C52}.Release|ARM.ActiveCfg = Release|ARM
		{3DD4E371-00DA-42D6-BD06-0CE64BA43C52}.Release|ARM.Build.0 = Release|ARM
		{3DD4E371-00DA-42D6-BD06-0CE64BA43C52}.Release|ARM.Deploy.0 = Release|ARM
		{3DD4E371-00DA-42D6-BD06-0CE64BA43C52}.Release|x86.ActiveCfg = Release|x86
		{3DD4E371-00DA-42D6-BD06-0CE64BA43C52}.Release|x86.Build.0 = Release|x86
		{3DD4E371-00DA-42D6-BD06-0CE64BA43C52}.Release|x86.Deploy.0 = Release|x86
	EndGlobalSection
	GlobalSection(SolutionProperties) = preSolution
		HideSolutionNode = FALSE
	EndGlobalSection
EndGlobal
