
Microsoft Visual Studio Solution File, Format Version 12.00
# Visual Studio 2012
Project("{FAE04EC0-301F-11D3-BF4B-00C04F79EFBC}") = "ZumoE2ETestApp", "ZumoE2ETestApp\ZumoE2ETestApp.csproj", "{B39A075E-B376-4413-9ABE-FF948F0D1F05}"
EndProject
Project("{2150E333-8FDC-42A3-9474-1A3956D46DE8}") = ".nuget", ".nuget", "{F1DF3205-49D4-412A-892C-9A8A41F387DA}"
	ProjectSection(SolutionItems) = preProject
		.nuget\NuGet.Config = .nuget\NuGet.Config
		.nuget\NuGet.exe = .nuget\NuGet.exe
		.nuget\NuGet.targets = .nuget\NuGet.targets
	EndProjectSection
EndProject
Project("{FAE04EC0-301F-11D3-BF4B-00C04F79EFBC}") = "ZumoE2ETestAppWP8", "ZumoE2ETestAppWP8\ZumoE2ETestAppWP8.csproj", "{520D957A-0B0E-4E85-A54F-DC5CE97C4A67}"
EndProject
Project("{FAE04EC0-301F-11D3-BF4B-00C04F79EFBC}") = "ZumoE2ETestAppNet45", "ZumoE2ETestAppNet45\ZumoE2ETestAppNet45.csproj", "{504B8436-CB5B-4337-A290-A2105D605A27}"
EndProject
Global
	GlobalSection(SolutionConfigurationPlatforms) = preSolution
		Debug|Any CPU = Debug|Any CPU
		Debug|ARM = Debug|ARM
		Debug|x64 = Debug|x64
		Debug|x86 = Debug|x86
		Release|Any CPU = Release|Any CPU
		Release|ARM = Release|ARM
		Release|x64 = Release|x64
		Release|x86 = Release|x86
	EndGlobalSection
	GlobalSection(ProjectConfigurationPlatforms) = postSolution
		{B39A075E-B376-4413-9ABE-FF948F0D1F05}.Debug|Any CPU.ActiveCfg = Debug|Any CPU
		{B39A075E-B376-4413-9ABE-FF948F0D1F05}.Debug|Any CPU.Build.0 = Debug|Any CPU
		{B39A075E-B376-4413-9ABE-FF948F0D1F05}.Debug|Any CPU.Deploy.0 = Debug|Any CPU
		{B39A075E-B376-4413-9ABE-FF948F0D1F05}.Debug|ARM.ActiveCfg = Debug|ARM
		{B39A075E-B376-4413-9ABE-FF948F0D1F05}.Debug|ARM.Build.0 = Debug|ARM
		{B39A075E-B376-4413-9ABE-FF948F0D1F05}.Debug|ARM.Deploy.0 = Debug|ARM
		{B39A075E-B376-4413-9ABE-FF948F0D1F05}.Debug|x64.ActiveCfg = Debug|x64
		{B39A075E-B376-4413-9ABE-FF948F0D1F05}.Debug|x64.Build.0 = Debug|x64
		{B39A075E-B376-4413-9ABE-FF948F0D1F05}.Debug|x64.Deploy.0 = Debug|x64
		{B39A075E-B376-4413-9ABE-FF948F0D1F05}.Debug|x86.ActiveCfg = Debug|x86
		{B39A075E-B376-4413-9ABE-FF948F0D1F05}.Debug|x86.Build.0 = Debug|x86
		{B39A075E-B376-4413-9ABE-FF948F0D1F05}.Debug|x86.Deploy.0 = Debug|x86
		{B39A075E-B376-4413-9ABE-FF948F0D1F05}.Release|Any CPU.ActiveCfg = Release|Any CPU
		{B39A075E-B376-4413-9ABE-FF948F0D1F05}.Release|Any CPU.Build.0 = Release|Any CPU
		{B39A075E-B376-4413-9ABE-FF948F0D1F05}.Release|Any CPU.Deploy.0 = Release|Any CPU
		{B39A075E-B376-4413-9ABE-FF948F0D1F05}.Release|ARM.ActiveCfg = Release|ARM
		{B39A075E-B376-4413-9ABE-FF948F0D1F05}.Release|ARM.Build.0 = Release|ARM
		{B39A075E-B376-4413-9ABE-FF948F0D1F05}.Release|ARM.Deploy.0 = Release|ARM
		{B39A075E-B376-4413-9ABE-FF948F0D1F05}.Release|x64.ActiveCfg = Release|x64
		{B39A075E-B376-4413-9ABE-FF948F0D1F05}.Release|x64.Build.0 = Release|x64
		{B39A075E-B376-4413-9ABE-FF948F0D1F05}.Release|x64.Deploy.0 = Release|x64
		{B39A075E-B376-4413-9ABE-FF948F0D1F05}.Release|x86.ActiveCfg = Release|x86
		{B39A075E-B376-4413-9ABE-FF948F0D1F05}.Release|x86.Build.0 = Release|x86
		{B39A075E-B376-4413-9ABE-FF948F0D1F05}.Release|x86.Deploy.0 = Release|x86
		{520D957A-0B0E-4E85-A54F-DC5CE97C4A67}.Debug|Any CPU.ActiveCfg = Debug|Any CPU
		{520D957A-0B0E-4E85-A54F-DC5CE97C4A67}.Debug|Any CPU.Build.0 = Debug|Any CPU
		{520D957A-0B0E-4E85-A54F-DC5CE97C4A67}.Debug|Any CPU.Deploy.0 = Debug|Any CPU
		{520D957A-0B0E-4E85-A54F-DC5CE97C4A67}.Debug|ARM.ActiveCfg = Debug|ARM
		{520D957A-0B0E-4E85-A54F-DC5CE97C4A67}.Debug|ARM.Build.0 = Debug|ARM
		{520D957A-0B0E-4E85-A54F-DC5CE97C4A67}.Debug|ARM.Deploy.0 = Debug|ARM
		{520D957A-0B0E-4E85-A54F-DC5CE97C4A67}.Debug|x64.ActiveCfg = Debug|Any CPU
		{520D957A-0B0E-4E85-A54F-DC5CE97C4A67}.Debug|x86.ActiveCfg = Debug|x86
		{520D957A-0B0E-4E85-A54F-DC5CE97C4A67}.Debug|x86.Build.0 = Debug|x86
		{520D957A-0B0E-4E85-A54F-DC5CE97C4A67}.Debug|x86.Deploy.0 = Debug|x86
		{520D957A-0B0E-4E85-A54F-DC5CE97C4A67}.Release|Any CPU.ActiveCfg = Release|Any CPU
		{520D957A-0B0E-4E85-A54F-DC5CE97C4A67}.Release|Any CPU.Build.0 = Release|Any CPU
		{520D957A-0B0E-4E85-A54F-DC5CE97C4A67}.Release|Any CPU.Deploy.0 = Release|Any CPU
		{520D957A-0B0E-4E85-A54F-DC5CE97C4A67}.Release|ARM.ActiveCfg = Release|ARM
		{520D957A-0B0E-4E85-A54F-DC5CE97C4A67}.Release|ARM.Build.0 = Release|ARM
		{520D957A-0B0E-4E85-A54F-DC5CE97C4A67}.Release|ARM.Deploy.0 = Release|ARM
		{520D957A-0B0E-4E85-A54F-DC5CE97C4A67}.Release|x64.ActiveCfg = Release|Any CPU
		{520D957A-0B0E-4E85-A54F-DC5CE97C4A67}.Release|x86.ActiveCfg = Release|x86
		{520D957A-0B0E-4E85-A54F-DC5CE97C4A67}.Release|x86.Build.0 = Release|x86
		{520D957A-0B0E-4E85-A54F-DC5CE97C4A67}.Release|x86.Deploy.0 = Release|x86
		{504B8436-CB5B-4337-A290-A2105D605A27}.Debug|Any CPU.ActiveCfg = Debug|Any CPU
		{504B8436-CB5B-4337-A290-A2105D605A27}.Debug|Any CPU.Build.0 = Debug|Any CPU
		{504B8436-CB5B-4337-A290-A2105D605A27}.Debug|ARM.ActiveCfg = Debug|Any CPU
		{504B8436-CB5B-4337-A290-A2105D605A27}.Debug|x64.ActiveCfg = Debug|Any CPU
		{504B8436-CB5B-4337-A290-A2105D605A27}.Debug|x86.ActiveCfg = Debug|Any CPU
		{504B8436-CB5B-4337-A290-A2105D605A27}.Release|Any CPU.ActiveCfg = Release|Any CPU
		{504B8436-CB5B-4337-A290-A2105D605A27}.Release|Any CPU.Build.0 = Release|Any CPU
		{504B8436-CB5B-4337-A290-A2105D605A27}.Release|ARM.ActiveCfg = Release|Any CPU
		{504B8436-CB5B-4337-A290-A2105D605A27}.Release|x64.ActiveCfg = Release|Any CPU
		{504B8436-CB5B-4337-A290-A2105D605A27}.Release|x86.ActiveCfg = Release|Any CPU
	EndGlobalSection
	GlobalSection(SolutionProperties) = preSolution
		HideSolutionNode = FALSE
	EndGlobalSection
EndGlobal
